Microsoft Visual Studio Solution File, Format Version 12.00
# Visual Studio 14
VisualStudioVersion = 14.0.25420.1
MinimumVisualStudioVersion = 10.0.40219.1
Project("{2150E333-8FDC-42A3-9474-1A3956D46DE8}") = "UI", "UI", "{4CF61D4C-E390-47E1-942C-88114BA7E46C}"
EndProject
Project("{2150E333-8FDC-42A3-9474-1A3956D46DE8}") = "Web", "Web", "{484EA4BF-9782-4304-BA5F-4E75DD64ACAD}"
EndProject
Project("{2150E333-8FDC-42A3-9474-1A3956D46DE8}") = "Core", "Core", "{E5E99914-9A43-4DA4-A66A-BFDCEAA87330}"
EndProject
Project("{2150E333-8FDC-42A3-9474-1A3956D46DE8}") = "Frameworks", "Frameworks", "{C1F5210A-9273-4F2B-8364-2D493CE0BBE0}"
EndProject
Project("{2150E333-8FDC-42A3-9474-1A3956D46DE8}") = "MVVMLight", "MVVMLight", "{51D0B24E-4247-48BD-AD75-B7BCBB29F7B1}"
EndProject
Project("{2150E333-8FDC-42A3-9474-1A3956D46DE8}") = "Shared", "Shared", "{3A868B5F-875C-439E-86E2-CBC3CB4FF05B}"
EndProject
Project("{2150E333-8FDC-42A3-9474-1A3956D46DE8}") = "Wcf", "Wcf", "{E16534A6-5CD3-4EA7-BDFD-BE39198D7231}"
EndProject

Project("{2150E333-8FDC-42A3-9474-1A3956D46DE8}") = ".nuget", ".nuget", "{C7AFD4E1-D307-437A-A664-00C8BAD46061}"
	ProjectSection(SolutionItems) = preProject
		.nuget\NuGet.Config = .nuget\NuGet.Config
		.nuget\NuGet.exe = .nuget\NuGet.exe
		.nuget\NuGet.targets = .nuget\NuGet.targets
	EndProjectSection
EndProject
Project("{FAE04EC0-301F-11D3-BF4B-00C04F79EFBC}") = "MSBuildExtensionPack.AspNetMvc40ApiController", "MSBuildExtensionPack\UI\Web\AspNetMvc40ApiController\MSBuildExtensionPack.AspNetMvc40ApiController.csproj", "{B136B1C2-48E2-4651-9B39-A97037822583}"
EndProject
Project("{FAE04EC0-301F-11D3-BF4B-00C04F79EFBC}") = "MSBuildExtensionPack.AspNetMvc40Rasor", "MSBuildExtensionPack\UI\Web\AspNetMvc40Rasor\MSBuildExtensionPack.AspNetMvc40Rasor.csproj", "{A2FB44F1-A131-4C4D-9257-A8A825392431}"
EndProject
Project("{FAE04EC0-301F-11D3-BF4B-00C04F79EFBC}") = "MSBuildExtensionPack.AspNetMvc40ViewModel", "MSBuildExtensionPack\UI\Web\AspNetMvc40ViewModel\MSBuildExtensionPack.AspNetMvc40ViewModel.csproj", "{5A5DDD83-CA50-4A8E-9A8D-E1CA02FF6402}"
EndProject
Project("{FAE04EC0-301F-11D3-BF4B-00C04F79EFBC}") = "MSBuildExtensionPack.CommonBLL", "MSBuildExtensionPack\Core\CommonBLL\MSBuildExtensionPack.CommonBLL.csproj", "{EB345C1F-D609-43C1-A97F-7B3B3A5A0352}"
EndProject
Project("{FAE04EC0-301F-11D3-BF4B-00C04F79EFBC}") = "MSBuildExtensionPack.CommonBLLEntities", "MSBuildExtensionPack\Core\CommonBLLEntities\MSBuildExtensionPack.CommonBLLEntities.csproj", "{6A520483-5254-4978-AD53-3147ADDEFFB6}"
EndProject
Project("{FAE04EC0-301F-11D3-BF4B-00C04F79EFBC}") = "MSBuildExtensionPack.CommonBLLIoC", "MSBuildExtensionPack\Core\CommonBLLIoC\MSBuildExtensionPack.CommonBLLIoC.csproj", "{6992A9F3-9832-46FD-8C7F-D2BB5777E7D9}"
EndProject
Project("{FAE04EC0-301F-11D3-BF4B-00C04F79EFBC}") = "MSBuildExtensionPack.DALContracts", "MSBuildExtensionPack\Core\DALContracts\MSBuildExtensionPack.DALContracts.csproj", "{54D13C75-9E50-4ED3-B265-9FC6819EA35E}"
EndProject
Project("{FAE04EC0-301F-11D3-BF4B-00C04F79EFBC}") = "MSBuildExtensionPack.DataSourceEntities", "MSBuildExtensionPack\Core\DataSourceEntities\MSBuildExtensionPack.DataSourceEntities.csproj", "{D0B33CDD-97C7-4D99-A579-8FC566DE7153}"
EndProject
Project("{FAE04EC0-301F-11D3-BF4B-00C04F79EFBC}") = "MSBuildExtensionPack.EntityContracts", "MSBuildExtensionPack\Core\EntityContracts\MSBuildExtensionPack.EntityContracts.csproj", "{D79953A8-FEBC-4B13-9CDA-F7675A233481}"
EndProject
Project("{FAE04EC0-301F-11D3-BF4B-00C04F79EFBC}") = "MSBuildExtensionPack.EntityFrameworkContextV6", "MSBuildExtensionPack\Core\EntityFrameworkContextV6\MSBuildExtensionPack.EntityFrameworkContextV6.csproj", "{66F1C60F-BFF8-4795-9C1D-9A413801E080}"
EndProject
Project("{FAE04EC0-301F-11D3-BF4B-00C04F79EFBC}") = "MSBuildExtensionPack.EntityFrameworkContextV6CodeFirst", "MSBuildExtensionPack\Core\EntityFrameworkContextV6CodeFirst\MSBuildExtensionPack.EntityFrameworkContextV6CodeFirst.csproj", "{41282156-28F5-4BC3-B10E-35EAAC542577}"
EndProject
Project("{FAE04EC0-301F-11D3-BF4B-00C04F79EFBC}") = "MSBuildExtensionPack.EntityFrameworkDALV6", "MSBuildExtensionPack\Core\EntityFrameworkDALV6\MSBuildExtensionPack.EntityFrameworkDALV6.csproj", "{3C52C0A7-6CEF-4693-9EEF-C17FB3B035A6}"
EndProject
Project("{FAE04EC0-301F-11D3-BF4B-00C04F79EFBC}") = "MSBuildExtensionPack.EntityFrameworkDALV6CodeFirst", "MSBuildExtensionPack\Core\EntityFrameworkDALV6CodeFirst\MSBuildExtensionPack.EntityFrameworkDALV6CodeFirst.csproj", "{CA09C384-1354-45EE-BDB3-7A39CBFE6695}"
EndProject
Project("{FAE04EC0-301F-11D3-BF4B-00C04F79EFBC}") = "Framework", "Frameworks\Framework\Framework.csproj", "{6D25AA30-C3AF-4AE0-B567-0F2653120CDC}"
EndProject
Project("{FAE04EC0-301F-11D3-BF4B-00C04F79EFBC}") = "Framework.Charting", "Frameworks\Framework.Charting\Framework.Charting.csproj", "{51D5F233-02F2-45F7-B4F2-60D18EF3DEC5}"
EndProject
Project("{FAE04EC0-301F-11D3-BF4B-00C04F79EFBC}") = "Framework.CommonBLLEntities", "Frameworks\Framework.CommonBLLEntities\Framework.CommonBLLEntities.csproj", "{BA8C8C0B-470A-4D3C-B3DA-9E28599799B5}"
EndProject
Project("{FAE04EC0-301F-11D3-BF4B-00C04F79EFBC}") = "Framework.DAL", "Frameworks\Framework.DAL\Framework.DAL.csproj", "{525678C4-FDC1-4A5D-9D8A-D7E78309335F}"
EndProject
Project("{FAE04EC0-301F-11D3-BF4B-00C04F79EFBC}") = "Framework.DataSourceEntities", "Frameworks\Framework.DataSourceEntities\Framework.DataSourceEntities.csproj", "{F85A14D5-64E0-4CFC-88DA-27FE9D0DD664}"
EndProject
Project("{FAE04EC0-301F-11D3-BF4B-00C04F79EFBC}") = "Framework.EntityContracts", "Frameworks\Framework.EntityContracts\Framework.EntityContracts.csproj", "{C3A270DE-9727-492E-91E2-F56E7E0E0F83}"
EndProject
Project("{FAE04EC0-301F-11D3-BF4B-00C04F79EFBC}") = "Framework.LinqDAL", "Frameworks\Framework.LinqDAL\Framework.LinqDAL.csproj", "{7D1B22F8-06A2-4D09-A3AD-D93A09A01815}"
EndProject
Project("{FAE04EC0-301F-11D3-BF4B-00C04F79EFBC}") = "Framework.Mvc", "Frameworks\Framework.Mvc\Framework.Mvc.csproj", "{E45A004F-FBEF-445C-9607-FBC89D6D4590}"
EndProject
Project("{FAE04EC0-301F-11D3-BF4B-00C04F79EFBC}") = "Framework.Resources", "Frameworks\Framework.Resources\Framework.Resources.csproj", "{C72B898B-B53B-42D5-9F4F-673F84BB485B}"
EndProject
Project("{FAE04EC0-301F-11D3-BF4B-00C04F79EFBC}") = "Framework.Services", "Frameworks\Framework.Services\Framework.Services.csproj", "{3EF91DC7-12C9-47F3-BB18-AD3D85D1B624}"
EndProject
Project("{FAE04EC0-301F-11D3-BF4B-00C04F79EFBC}") = "Framework.ViewModels", "Frameworks\Framework.ViewModels\Framework.ViewModels.csproj", "{2CC97C32-9FFA-4DA4-A6C0-83F300404EC3}"
EndProject
Project("{FAE04EC0-301F-11D3-BF4B-00C04F79EFBC}") = "Framework.Web", "Frameworks\Framework.Web\Framework.Web.csproj", "{950B9CDB-9286-4A1A-8D88-1DF6954A45E3}"
EndProject
Project("{FAE04EC0-301F-11D3-BF4B-00C04F79EFBC}") = "Framework.Xaml", "Frameworks\Framework.Xaml\Framework.Xaml.csproj", "{E5302713-0022-4657-85D8-9620818071DF}"
EndProject
Project("{FAE04EC0-301F-11D3-BF4B-00C04F79EFBC}") = "MSBuildExtensionPack.MVVMLightViewModels", "MSBuildExtensionPack\UI\MVVMLight\Shared\MVVMLightViewModels\MSBuildExtensionPack.MVVMLightViewModels.csproj", "{AEBA199A-084C-4FFC-B215-D080E50C81DF}"
EndProject
Project("{FAE04EC0-301F-11D3-BF4B-00C04F79EFBC}") = "MSBuildExtensionPack.WPF4App", "MSBuildExtensionPack\UI\MVVMLight\WPF4App\MSBuildExtensionPack.WPF4App.csproj", "{8D2D7E8F-8415-424C-AF9C-967113BE5136}"
EndProject
Project("{FAE04EC0-301F-11D3-BF4B-00C04F79EFBC}") = "MSBuildExtensionPack.Resources", "MSBuildExtensionPack\Core\Resources\MSBuildExtensionPack.Resources.csproj", "{42681747-107B-487B-9EA2-CE46754682FD}"
EndProject
Project("{FAE04EC0-301F-11D3-BF4B-00C04F79EFBC}") = "MSBuildExtensionPack.ViewModelData", "MSBuildExtensionPack\Core\ViewModelData\MSBuildExtensionPack.ViewModelData.csproj", "{59622778-B13C-464E-98F7-EA662653AF27}"
EndProject
Project("{FAE04EC0-301F-11D3-BF4B-00C04F79EFBC}") = "MSBuildExtensionPack.VS2012DatabaseProject", "MSBuildExtensionPack\Core\VS2012DatabaseProject\MSBuildExtensionPack.VS2012DatabaseProject.sqlproj", "{D1D12E36-D3E2-40D8-9AE4-91943585E7E5}"
EndProject
Project("{FAE04EC0-301F-11D3-BF4B-00C04F79EFBC}") = "MSBuildExtensionPack.WcfClientBLL", "MSBuildExtensionPack\Wcf\WcfClientBLL\MSBuildExtensionPack.WcfClientBLL.csproj", "{9CCCD6FA-FAE9-40DA-987E-96A53923BA0D}"
EndProject
Project("{FAE04EC0-301F-11D3-BF4B-00C04F79EFBC}") = "MSBuildExtensionPack.WcfContracts", "MSBuildExtensionPack\Core\WcfContracts\MSBuildExtensionPack.WcfContracts.csproj", "{3FF07BEF-FF15-47EE-9BF2-107623976CA5}"
EndProject
Project("{FAE04EC0-301F-11D3-BF4B-00C04F79EFBC}") = "MSBuildExtensionPack.WcfWebApp", "MSBuildExtensionPack\Wcf\WcfWebApp\MSBuildExtensionPack.WcfWebApp.csproj", "{4DF63B10-6071-441E-935A-9A018707353B}"
EndProject
Project("{FAE04EC0-301F-11D3-BF4B-00C04F79EFBC}") = "MSBuildExtensionPack.WebApiClient", "MSBuildExtensionPack\UI\Web\WebApiClient\MSBuildExtensionPack.WebApiClient.csproj", "{C126EA08-56E0-4AA7-85D3-1FE40FED592D}"
EndProject

Global
	GlobalSection(SolutionConfigurationPlatforms) = preSolution
		Debug|Any CPU = Debug|Any CPU
		Release|Any CPU = Release|Any CPU
	EndGlobalSection
	GlobalSection(ProjectConfigurationPlatforms) = postSolution
		{B136B1C2-48E2-4651-9B39-A97037822583}.Debug|Any CPU.ActiveCfg = Debug|Any CPU
		{B136B1C2-48E2-4651-9B39-A97037822583}.Debug|Any CPU.Build.0 = Debug|Any CPU
		{B136B1C2-48E2-4651-9B39-A97037822583}.Release|Any CPU.ActiveCfg = Release|Any CPU
		{B136B1C2-48E2-4651-9B39-A97037822583}.Release|Any CPU.Build.0 = Debug|Any CPU
		{A2FB44F1-A131-4C4D-9257-A8A825392431}.Debug|Any CPU.ActiveCfg = Debug|Any CPU
		{A2FB44F1-A131-4C4D-9257-A8A825392431}.Debug|Any CPU.Build.0 = Debug|Any CPU
		{A2FB44F1-A131-4C4D-9257-A8A825392431}.Release|Any CPU.ActiveCfg = Release|Any CPU
		{A2FB44F1-A131-4C4D-9257-A8A825392431}.Release|Any CPU.Build.0 = Debug|Any CPU
		{5A5DDD83-CA50-4A8E-9A8D-E1CA02FF6402}.Debug|Any CPU.ActiveCfg = Debug|Any CPU
		{5A5DDD83-CA50-4A8E-9A8D-E1CA02FF6402}.Debug|Any CPU.Build.0 = Debug|Any CPU
		{5A5DDD83-CA50-4A8E-9A8D-E1CA02FF6402}.Release|Any CPU.ActiveCfg = Release|Any CPU
		{5A5DDD83-CA50-4A8E-9A8D-E1CA02FF6402}.Release|Any CPU.Build.0 = Debug|Any CPU
		{EB345C1F-D609-43C1-A97F-7B3B3A5A0352}.Debug|Any CPU.ActiveCfg = Debug|Any CPU
		{EB345C1F-D609-43C1-A97F-7B3B3A5A0352}.Debug|Any CPU.Build.0 = Debug|Any CPU
		{EB345C1F-D609-43C1-A97F-7B3B3A5A0352}.Release|Any CPU.ActiveCfg = Release|Any CPU
		{EB345C1F-D609-43C1-A97F-7B3B3A5A0352}.Release|Any CPU.Build.0 = Debug|Any CPU
		{6A520483-5254-4978-AD53-3147ADDEFFB6}.Debug|Any CPU.ActiveCfg = Debug|Any CPU
		{6A520483-5254-4978-AD53-3147ADDEFFB6}.Debug|Any CPU.Build.0 = Debug|Any CPU
		{6A520483-5254-4978-AD53-3147ADDEFFB6}.Release|Any CPU.ActiveCfg = Release|Any CPU
		{6A520483-5254-4978-AD53-3147ADDEFFB6}.Release|Any CPU.Build.0 = Debug|Any CPU
		{6992A9F3-9832-46FD-8C7F-D2BB5777E7D9}.Debug|Any CPU.ActiveCfg = Debug|Any CPU
		{6992A9F3-9832-46FD-8C7F-D2BB5777E7D9}.Debug|Any CPU.Build.0 = Debug|Any CPU
		{6992A9F3-9832-46FD-8C7F-D2BB5777E7D9}.Release|Any CPU.ActiveCfg = Release|Any CPU
		{6992A9F3-9832-46FD-8C7F-D2BB5777E7D9}.Release|Any CPU.Build.0 = Debug|Any CPU
		{54D13C75-9E50-4ED3-B265-9FC6819EA35E}.Debug|Any CPU.ActiveCfg = Debug|Any CPU
		{54D13C75-9E50-4ED3-B265-9FC6819EA35E}.Debug|Any CPU.Build.0 = Debug|Any CPU
		{54D13C75-9E50-4ED3-B265-9FC6819EA35E}.Release|Any CPU.ActiveCfg = Release|Any CPU
		{54D13C75-9E50-4ED3-B265-9FC6819EA35E}.Release|Any CPU.Build.0 = Debug|Any CPU
		{D0B33CDD-97C7-4D99-A579-8FC566DE7153}.Debug|Any CPU.ActiveCfg = Debug|Any CPU
		{D0B33CDD-97C7-4D99-A579-8FC566DE7153}.Debug|Any CPU.Build.0 = Debug|Any CPU
		{D0B33CDD-97C7-4D99-A579-8FC566DE7153}.Release|Any CPU.ActiveCfg = Release|Any CPU
		{D0B33CDD-97C7-4D99-A579-8FC566DE7153}.Release|Any CPU.Build.0 = Debug|Any CPU
		{D79953A8-FEBC-4B13-9CDA-F7675A233481}.Debug|Any CPU.ActiveCfg = Debug|Any CPU
		{D79953A8-FEBC-4B13-9CDA-F7675A233481}.Debug|Any CPU.Build.0 = Debug|Any CPU
		{D79953A8-FEBC-4B13-9CDA-F7675A233481}.Release|Any CPU.ActiveCfg = Release|Any CPU
		{D79953A8-FEBC-4B13-9CDA-F7675A233481}.Release|Any CPU.Build.0 = Debug|Any CPU
		{66F1C60F-BFF8-4795-9C1D-9A413801E080}.Debug|Any CPU.ActiveCfg = Debug|Any CPU
		{66F1C60F-BFF8-4795-9C1D-9A413801E080}.Debug|Any CPU.Build.0 = Debug|Any CPU
		{66F1C60F-BFF8-4795-9C1D-9A413801E080}.Release|Any CPU.ActiveCfg = Release|Any CPU
		{66F1C60F-BFF8-4795-9C1D-9A413801E080}.Release|Any CPU.Build.0 = Debug|Any CPU
		{41282156-28F5-4BC3-B10E-35EAAC542577}.Debug|Any CPU.ActiveCfg = Debug|Any CPU
		{41282156-28F5-4BC3-B10E-35EAAC542577}.Debug|Any CPU.Build.0 = Debug|Any CPU
		{41282156-28F5-4BC3-B10E-35EAAC542577}.Release|Any CPU.ActiveCfg = Release|Any CPU
		{41282156-28F5-4BC3-B10E-35EAAC542577}.Release|Any CPU.Build.0 = Debug|Any CPU
		{3C52C0A7-6CEF-4693-9EEF-C17FB3B035A6}.Debug|Any CPU.ActiveCfg = Debug|Any CPU
		{3C52C0A7-6CEF-4693-9EEF-C17FB3B035A6}.Debug|Any CPU.Build.0 = Debug|Any CPU
		{3C52C0A7-6CEF-4693-9EEF-C17FB3B035A6}.Release|Any CPU.ActiveCfg = Release|Any CPU
		{3C52C0A7-6CEF-4693-9EEF-C17FB3B035A6}.Release|Any CPU.Build.0 = Debug|Any CPU
		{CA09C384-1354-45EE-BDB3-7A39CBFE6695}.Debug|Any CPU.ActiveCfg = Debug|Any CPU
		{CA09C384-1354-45EE-BDB3-7A39CBFE6695}.Debug|Any CPU.Build.0 = Debug|Any CPU
		{CA09C384-1354-45EE-BDB3-7A39CBFE6695}.Release|Any CPU.ActiveCfg = Release|Any CPU
		{CA09C384-1354-45EE-BDB3-7A39CBFE6695}.Release|Any CPU.Build.0 = Debug|Any CPU
		{6D25AA30-C3AF-4AE0-B567-0F2653120CDC}.Debug|Any CPU.ActiveCfg = Debug|Any CPU
		{6D25AA30-C3AF-4AE0-B567-0F2653120CDC}.Debug|Any CPU.Build.0 = Debug|Any CPU
		{6D25AA30-C3AF-4AE0-B567-0F2653120CDC}.Release|Any CPU.ActiveCfg = Release|Any CPU
		{6D25AA30-C3AF-4AE0-B567-0F2653120CDC}.Release|Any CPU.Build.0 = Debug|Any CPU
		{51D5F233-02F2-45F7-B4F2-60D18EF3DEC5}.Debug|Any CPU.ActiveCfg = Debug|Any CPU
		{51D5F233-02F2-45F7-B4F2-60D18EF3DEC5}.Debug|Any CPU.Build.0 = Debug|Any CPU
		{51D5F233-02F2-45F7-B4F2-60D18EF3DEC5}.Release|Any CPU.ActiveCfg = Release|Any CPU
		{51D5F233-02F2-45F7-B4F2-60D18EF3DEC5}.Release|Any CPU.Build.0 = Debug|Any CPU
		{BA8C8C0B-470A-4D3C-B3DA-9E28599799B5}.Debug|Any CPU.ActiveCfg = Debug|Any CPU
		{BA8C8C0B-470A-4D3C-B3DA-9E28599799B5}.Debug|Any CPU.Build.0 = Debug|Any CPU
		{BA8C8C0B-470A-4D3C-B3DA-9E28599799B5}.Release|Any CPU.ActiveCfg = Release|Any CPU
		{BA8C8C0B-470A-4D3C-B3DA-9E28599799B5}.Release|Any CPU.Build.0 = Debug|Any CPU
		{525678C4-FDC1-4A5D-9D8A-D7E78309335F}.Debug|Any CPU.ActiveCfg = Debug|Any CPU
		{525678C4-FDC1-4A5D-9D8A-D7E78309335F}.Debug|Any CPU.Build.0 = Debug|Any CPU
		{525678C4-FDC1-4A5D-9D8A-D7E78309335F}.Release|Any CPU.ActiveCfg = Release|Any CPU
		{525678C4-FDC1-4A5D-9D8A-D7E78309335F}.Release|Any CPU.Build.0 = Debug|Any CPU
		{F85A14D5-64E0-4CFC-88DA-27FE9D0DD664}.Debug|Any CPU.ActiveCfg = Debug|Any CPU
		{F85A14D5-64E0-4CFC-88DA-27FE9D0DD664}.Debug|Any CPU.Build.0 = Debug|Any CPU
		{F85A14D5-64E0-4CFC-88DA-27FE9D0DD664}.Release|Any CPU.ActiveCfg = Release|Any CPU
		{F85A14D5-64E0-4CFC-88DA-27FE9D0DD664}.Release|Any CPU.Build.0 = Debug|Any CPU
		{C3A270DE-9727-492E-91E2-F56E7E0E0F83}.Debug|Any CPU.ActiveCfg = Debug|Any CPU
		{C3A270DE-9727-492E-91E2-F56E7E0E0F83}.Debug|Any CPU.Build.0 = Debug|Any CPU
		{C3A270DE-9727-492E-91E2-F56E7E0E0F83}.Release|Any CPU.ActiveCfg = Release|Any CPU
		{C3A270DE-9727-492E-91E2-F56E7E0E0F83}.Release|Any CPU.Build.0 = Debug|Any CPU
		{7D1B22F8-06A2-4D09-A3AD-D93A09A01815}.Debug|Any CPU.ActiveCfg = Debug|Any CPU
		{7D1B22F8-06A2-4D09-A3AD-D93A09A01815}.Debug|Any CPU.Build.0 = Debug|Any CPU
		{7D1B22F8-06A2-4D09-A3AD-D93A09A01815}.Release|Any CPU.ActiveCfg = Release|Any CPU
		{7D1B22F8-06A2-4D09-A3AD-D93A09A01815}.Release|Any CPU.Build.0 = Debug|Any CPU
		{E45A004F-FBEF-445C-9607-FBC89D6D4590}.Debug|Any CPU.ActiveCfg = Debug|Any CPU
		{E45A004F-FBEF-445C-9607-FBC89D6D4590}.Debug|Any CPU.Build.0 = Debug|Any CPU
		{E45A004F-FBEF-445C-9607-FBC89D6D4590}.Release|Any CPU.ActiveCfg = Release|Any CPU
		{E45A004F-FBEF-445C-9607-FBC89D6D4590}.Release|Any CPU.Build.0 = Debug|Any CPU
		{C72B898B-B53B-42D5-9F4F-673F84BB485B}.Debug|Any CPU.ActiveCfg = Debug|Any CPU
		{C72B898B-B53B-42D5-9F4F-673F84BB485B}.Debug|Any CPU.Build.0 = Debug|Any CPU
		{C72B898B-B53B-42D5-9F4F-673F84BB485B}.Release|Any CPU.ActiveCfg = Release|Any CPU
		{C72B898B-B53B-42D5-9F4F-673F84BB485B}.Release|Any CPU.Build.0 = Debug|Any CPU
		{3EF91DC7-12C9-47F3-BB18-AD3D85D1B624}.Debug|Any CPU.ActiveCfg = Debug|Any CPU
		{3EF91DC7-12C9-47F3-BB18-AD3D85D1B624}.Debug|Any CPU.Build.0 = Debug|Any CPU
		{3EF91DC7-12C9-47F3-BB18-AD3D85D1B624}.Release|Any CPU.ActiveCfg = Release|Any CPU
		{3EF91DC7-12C9-47F3-BB18-AD3D85D1B624}.Release|Any CPU.Build.0 = Debug|Any CPU
		{2CC97C32-9FFA-4DA4-A6C0-83F300404EC3}.Debug|Any CPU.ActiveCfg = Debug|Any CPU
		{2CC97C32-9FFA-4DA4-A6C0-83F300404EC3}.Debug|Any CPU.Build.0 = Debug|Any CPU
		{2CC97C32-9FFA-4DA4-A6C0-83F300404EC3}.Release|Any CPU.ActiveCfg = Release|Any CPU
		{2CC97C32-9FFA-4DA4-A6C0-83F300404EC3}.Release|Any CPU.Build.0 = Debug|Any CPU
		{950B9CDB-9286-4A1A-8D88-1DF6954A45E3}.Debug|Any CPU.ActiveCfg = Debug|Any CPU
		{950B9CDB-9286-4A1A-8D88-1DF6954A45E3}.Debug|Any CPU.Build.0 = Debug|Any CPU
		{950B9CDB-9286-4A1A-8D88-1DF6954A45E3}.Release|Any CPU.ActiveCfg = Release|Any CPU
		{950B9CDB-9286-4A1A-8D88-1DF6954A45E3}.Release|Any CPU.Build.0 = Debug|Any CPU
		{E5302713-0022-4657-85D8-9620818071DF}.Debug|Any CPU.ActiveCfg = Debug|Any CPU
		{E5302713-0022-4657-85D8-9620818071DF}.Debug|Any CPU.Build.0 = Debug|Any CPU
		{E5302713-0022-4657-85D8-9620818071DF}.Release|Any CPU.ActiveCfg = Release|Any CPU
		{E5302713-0022-4657-85D8-9620818071DF}.Release|Any CPU.Build.0 = Debug|Any CPU
		{AEBA199A-084C-4FFC-B215-D080E50C81DF}.Debug|Any CPU.ActiveCfg = Debug|Any CPU
		{AEBA199A-084C-4FFC-B215-D080E50C81DF}.Debug|Any CPU.Build.0 = Debug|Any CPU
		{AEBA199A-084C-4FFC-B215-D080E50C81DF}.Release|Any CPU.ActiveCfg = Release|Any CPU
		{AEBA199A-084C-4FFC-B215-D080E50C81DF}.Release|Any CPU.Build.0 = Debug|Any CPU
		{8D2D7E8F-8415-424C-AF9C-967113BE5136}.Debug|Any CPU.ActiveCfg = Debug|Any CPU
		{8D2D7E8F-8415-424C-AF9C-967113BE5136}.Debug|Any CPU.Build.0 = Debug|Any CPU
		{8D2D7E8F-8415-424C-AF9C-967113BE5136}.Release|Any CPU.ActiveCfg = Release|Any CPU
		{8D2D7E8F-8415-424C-AF9C-967113BE5136}.Release|Any CPU.Build.0 = Debug|Any CPU
		{42681747-107B-487B-9EA2-CE46754682FD}.Debug|Any CPU.ActiveCfg = Debug|Any CPU
		{42681747-107B-487B-9EA2-CE46754682FD}.Debug|Any CPU.Build.0 = Debug|Any CPU
		{42681747-107B-487B-9EA2-CE46754682FD}.Release|Any CPU.ActiveCfg = Release|Any CPU
		{42681747-107B-487B-9EA2-CE46754682FD}.Release|Any CPU.Build.0 = Debug|Any CPU
		{59622778-B13C-464E-98F7-EA662653AF27}.Debug|Any CPU.ActiveCfg = Debug|Any CPU
		{59622778-B13C-464E-98F7-EA662653AF27}.Debug|Any CPU.Build.0 = Debug|Any CPU
		{59622778-B13C-464E-98F7-EA662653AF27}.Release|Any CPU.ActiveCfg = Release|Any CPU
		{59622778-B13C-464E-98F7-EA662653AF27}.Release|Any CPU.Build.0 = Debug|Any CPU
		{D1D12E36-D3E2-40D8-9AE4-91943585E7E5}.Debug|Any CPU.ActiveCfg = Debug|Any CPU
		{D1D12E36-D3E2-40D8-9AE4-91943585E7E5}.Debug|Any CPU.Build.0 = Debug|Any CPU
		{D1D12E36-D3E2-40D8-9AE4-91943585E7E5}.Release|Any CPU.ActiveCfg = Release|Any CPU
		{D1D12E36-D3E2-40D8-9AE4-91943585E7E5}.Release|Any CPU.Build.0 = Debug|Any CPU
		{9CCCD6FA-FAE9-40DA-987E-96A53923BA0D}.Debug|Any CPU.ActiveCfg = Debug|Any CPU
		{9CCCD6FA-FAE9-40DA-987E-96A53923BA0D}.Debug|Any CPU.Build.0 = Debug|Any CPU
		{9CCCD6FA-FAE9-40DA-987E-96A53923BA0D}.Release|Any CPU.ActiveCfg = Release|Any CPU
		{9CCCD6FA-FAE9-40DA-987E-96A53923BA0D}.Release|Any CPU.Build.0 = Debug|Any CPU
		{3FF07BEF-FF15-47EE-9BF2-107623976CA5}.Debug|Any CPU.ActiveCfg = Debug|Any CPU
		{3FF07BEF-FF15-47EE-9BF2-107623976CA5}.Debug|Any CPU.Build.0 = Debug|Any CPU
		{3FF07BEF-FF15-47EE-9BF2-107623976CA5}.Release|Any CPU.ActiveCfg = Release|Any CPU
		{3FF07BEF-FF15-47EE-9BF2-107623976CA5}.Release|Any CPU.Build.0 = Debug|Any CPU
		{4DF63B10-6071-441E-935A-9A018707353B}.Debug|Any CPU.ActiveCfg = Debug|Any CPU
		{4DF63B10-6071-441E-935A-9A018707353B}.Debug|Any CPU.Build.0 = Debug|Any CPU
		{4DF63B10-6071-441E-935A-9A018707353B}.Release|Any CPU.ActiveCfg = Release|Any CPU
		{4DF63B10-6071-441E-935A-9A018707353B}.Release|Any CPU.Build.0 = Debug|Any CPU
		{C126EA08-56E0-4AA7-85D3-1FE40FED592D}.Debug|Any CPU.ActiveCfg = Debug|Any CPU
		{C126EA08-56E0-4AA7-85D3-1FE40FED592D}.Debug|Any CPU.Build.0 = Debug|Any CPU
		{C126EA08-56E0-4AA7-85D3-1FE40FED592D}.Release|Any CPU.ActiveCfg = Release|Any CPU
		{C126EA08-56E0-4AA7-85D3-1FE40FED592D}.Release|Any CPU.Build.0 = Debug|Any CPU
	EndGlobalSection
	GlobalSection(SolutionProperties) = preSolution
		HideSolutionNode = FALSE
	EndGlobalSection
	GlobalSection(NestedProjects) = preSolution
		{484EA4BF-9782-4304-BA5F-4E75DD64ACAD} = {4cf61d4c-e390-47e1-942c-88114ba7e46c}
		{51D0B24E-4247-48BD-AD75-B7BCBB29F7B1} = {4cf61d4c-e390-47e1-942c-88114ba7e46c}
		{3A868B5F-875C-439E-86E2-CBC3CB4FF05B} = {51d0b24e-4247-48bd-ad75-b7bcbb29f7b1}
		{B136B1C2-48E2-4651-9B39-A97037822583} = {484EA4BF-9782-4304-BA5F-4E75DD64ACAD}
		{A2FB44F1-A131-4C4D-9257-A8A825392431} = {484EA4BF-9782-4304-BA5F-4E75DD64ACAD}
		{5A5DDD83-CA50-4A8E-9A8D-E1CA02FF6402} = {484EA4BF-9782-4304-BA5F-4E75DD64ACAD}
		{EB345C1F-D609-43C1-A97F-7B3B3A5A0352} = {E5E99914-9A43-4DA4-A66A-BFDCEAA87330}
		{6A520483-5254-4978-AD53-3147ADDEFFB6} = {E5E99914-9A43-4DA4-A66A-BFDCEAA87330}
		{6992A9F3-9832-46FD-8C7F-D2BB5777E7D9} = {E5E99914-9A43-4DA4-A66A-BFDCEAA87330}
		{54D13C75-9E50-4ED3-B265-9FC6819EA35E} = {E5E99914-9A43-4DA4-A66A-BFDCEAA87330}
		{D0B33CDD-97C7-4D99-A579-8FC566DE7153} = {E5E99914-9A43-4DA4-A66A-BFDCEAA87330}
		{D79953A8-FEBC-4B13-9CDA-F7675A233481} = {E5E99914-9A43-4DA4-A66A-BFDCEAA87330}
		{66F1C60F-BFF8-4795-9C1D-9A413801E080} = {E5E99914-9A43-4DA4-A66A-BFDCEAA87330}
		{41282156-28F5-4BC3-B10E-35EAAC542577} = {E5E99914-9A43-4DA4-A66A-BFDCEAA87330}
		{3C52C0A7-6CEF-4693-9EEF-C17FB3B035A6} = {E5E99914-9A43-4DA4-A66A-BFDCEAA87330}
		{CA09C384-1354-45EE-BDB3-7A39CBFE6695} = {E5E99914-9A43-4DA4-A66A-BFDCEAA87330}
		{6D25AA30-C3AF-4AE0-B567-0F2653120CDC} = {C1F5210A-9273-4F2B-8364-2D493CE0BBE0}
		{51D5F233-02F2-45F7-B4F2-60D18EF3DEC5} = {C1F5210A-9273-4F2B-8364-2D493CE0BBE0}
		{BA8C8C0B-470A-4D3C-B3DA-9E28599799B5} = {C1F5210A-9273-4F2B-8364-2D493CE0BBE0}
		{525678C4-FDC1-4A5D-9D8A-D7E78309335F} = {C1F5210A-9273-4F2B-8364-2D493CE0BBE0}
		{F85A14D5-64E0-4CFC-88DA-27FE9D0DD664} = {C1F5210A-9273-4F2B-8364-2D493CE0BBE0}
		{C3A270DE-9727-492E-91E2-F56E7E0E0F83} = {C1F5210A-9273-4F2B-8364-2D493CE0BBE0}
		{7D1B22F8-06A2-4D09-A3AD-D93A09A01815} = {C1F5210A-9273-4F2B-8364-2D493CE0BBE0}
		{E45A004F-FBEF-445C-9607-FBC89D6D4590} = {C1F5210A-9273-4F2B-8364-2D493CE0BBE0}
		{C72B898B-B53B-42D5-9F4F-673F84BB485B} = {C1F5210A-9273-4F2B-8364-2D493CE0BBE0}
		{3EF91DC7-12C9-47F3-BB18-AD3D85D1B624} = {C1F5210A-9273-4F2B-8364-2D493CE0BBE0}
		{2CC97C32-9FFA-4DA4-A6C0-83F300404EC3} = {C1F5210A-9273-4F2B-8364-2D493CE0BBE0}
		{950B9CDB-9286-4A1A-8D88-1DF6954A45E3} = {C1F5210A-9273-4F2B-8364-2D493CE0BBE0}
		{E5302713-0022-4657-85D8-9620818071DF} = {C1F5210A-9273-4F2B-8364-2D493CE0BBE0}
		{AEBA199A-084C-4FFC-B215-D080E50C81DF} = {3A868B5F-875C-439E-86E2-CBC3CB4FF05B}
		{8D2D7E8F-8415-424C-AF9C-967113BE5136} = {51D0B24E-4247-48BD-AD75-B7BCBB29F7B1}
		{42681747-107B-487B-9EA2-CE46754682FD} = {E5E99914-9A43-4DA4-A66A-BFDCEAA87330}
		{59622778-B13C-464E-98F7-EA662653AF27} = {E5E99914-9A43-4DA4-A66A-BFDCEAA87330}
		{D1D12E36-D3E2-40D8-9AE4-91943585E7E5} = {E5E99914-9A43-4DA4-A66A-BFDCEAA87330}
		{9CCCD6FA-FAE9-40DA-987E-96A53923BA0D} = {E16534A6-5CD3-4EA7-BDFD-BE39198D7231}
		{3FF07BEF-FF15-47EE-9BF2-107623976CA5} = {E5E99914-9A43-4DA4-A66A-BFDCEAA87330}
		{4DF63B10-6071-441E-935A-9A018707353B} = {E16534A6-5CD3-4EA7-BDFD-BE39198D7231}
		{C126EA08-56E0-4AA7-85D3-1FE40FED592D} = {484EA4BF-9782-4304-BA5F-4E75DD64ACAD}
    EndGlobalSection
EndGlobal
