Microsoft Visual Studio Solution File, Format Version 12.00
# Visual Studio 14
VisualStudioVersion = 14.0.25420.1
MinimumVisualStudioVersion = 10.0.40219.1
Project("{2150E333-8FDC-42A3-9474-1A3956D46DE8}") = "UI", "UI", "{E1D60868-AB57-405F-BD03-A583FCF28146}"
EndProject
Project("{2150E333-8FDC-42A3-9474-1A3956D46DE8}") = "Web", "Web", "{893ED04E-A6AA-4A35-9E10-A1DC60B0EAE9}"
EndProject
Project("{2150E333-8FDC-42A3-9474-1A3956D46DE8}") = "Core", "Core", "{451ACF19-7F5A-481F-A3CB-5CDB47C04ADF}"
EndProject
Project("{2150E333-8FDC-42A3-9474-1A3956D46DE8}") = "Frameworks", "Frameworks", "{4572759D-F199-4506-8441-095750F0C9DE}"
EndProject
Project("{2150E333-8FDC-42A3-9474-1A3956D46DE8}") = "MVVMLight", "MVVMLight", "{1750FF00-3316-4441-9D5E-58EBF49E5E4A}"
EndProject
Project("{2150E333-8FDC-42A3-9474-1A3956D46DE8}") = "Shared", "Shared", "{6A27C335-3539-4628-AE79-FE94D065640E}"
EndProject
Project("{2150E333-8FDC-42A3-9474-1A3956D46DE8}") = "Wcf", "Wcf", "{ED0180E1-CEC3-48DF-975A-649955D4F76E}"
EndProject
Project("{2150E333-8FDC-42A3-9474-1A3956D46DE8}") = "Core.WP", "Core.WP", "{E9D91A7B-017F-410F-8176-25FFB11EB791}"
EndProject
Project("{2150E333-8FDC-42A3-9474-1A3956D46DE8}") = "Frameworks.WP", "Frameworks.WP", "{F6A16522-6C59-45F4-8374-BD1CAE259C14}"
EndProject
Project("{2150E333-8FDC-42A3-9474-1A3956D46DE8}") = "Shared.WP", "Shared.WP", "{9BCAD8BA-82CC-4F03-BEB1-7AE68376EBDD}"
EndProject
Project("{2150E333-8FDC-42A3-9474-1A3956D46DE8}") = "Wcf.WP", "Wcf.WP", "{9D2A0556-9590-4A44-9D85-F0FF9706487C}"
EndProject
Project("{2150E333-8FDC-42A3-9474-1A3956D46DE8}") = "Core.SL", "Core.SL", "{F01CF4A2-DDD2-4604-AB7D-67074160E331}"
EndProject
Project("{2150E333-8FDC-42A3-9474-1A3956D46DE8}") = "Frameworks.SL", "Frameworks.SL", "{9DB449B9-75FF-47DE-86A7-D80B73586B11}"
EndProject
Project("{2150E333-8FDC-42A3-9474-1A3956D46DE8}") = "Shared.SL", "Shared.SL", "{7554F998-CA8A-4AD4-8C18-48D38F06499A}"
EndProject
Project("{2150E333-8FDC-42A3-9474-1A3956D46DE8}") = "Wcf.SL", "Wcf.SL", "{A68B48F7-56D5-4BDF-BD97-EA7F74DCD682}"
EndProject
Project("{2150E333-8FDC-42A3-9474-1A3956D46DE8}") = "Core.WinRT", "Core.WinRT", "{AA934C3C-C922-49D6-AB7A-73FEA2E9D525}"
EndProject
Project("{2150E333-8FDC-42A3-9474-1A3956D46DE8}") = "Frameworks.WinRT", "Frameworks.WinRT", "{EC332702-B1AE-43C1-AE96-893F086586DF}"
EndProject
Project("{2150E333-8FDC-42A3-9474-1A3956D46DE8}") = "Shared.WinRT", "Shared.WinRT", "{7B877E2F-C282-4A84-98A0-ECC83F3B6C37}"
EndProject
Project("{2150E333-8FDC-42A3-9474-1A3956D46DE8}") = "Wcf.WinRT", "Wcf.WinRT", "{EDC628AE-E8DC-48E7-8F13-40EE65447B3B}"
EndProject

Project("{2150E333-8FDC-42A3-9474-1A3956D46DE8}") = ".nuget", ".nuget", "{C7AFD4E1-D307-437A-A664-00C8BAD46061}"
	ProjectSection(SolutionItems) = preProject
		.nuget\NuGet.Config = .nuget\NuGet.Config
		.nuget\NuGet.exe = .nuget\NuGet.exe
		.nuget\NuGet.targets = .nuget\NuGet.targets
	EndProjectSection
EndProject
Project("{FAE04EC0-301F-11D3-BF4B-00C04F79EFBC}") = "MSBuildExtensionPack.AspNetMvc40ApiController", "MSBuildExtensionPack\UI\Web\AspNetMvc40ApiController\MSBuildExtensionPack.AspNetMvc40ApiController.csproj", "{B136B1C2-48E2-4651-9B39-A97037822583}"
EndProject
Project("{FAE04EC0-301F-11D3-BF4B-00C04F79EFBC}") = "MSBuildExtensionPack.AspNetMvc40Rasor", "MSBuildExtensionPack\UI\Web\AspNetMvc40Rasor\MSBuildExtensionPack.AspNetMvc40Rasor.csproj", "{A2FB44F1-A131-4C4D-9257-A8A825392431}"
EndProject
Project("{FAE04EC0-301F-11D3-BF4B-00C04F79EFBC}") = "MSBuildExtensionPack.AspNetMvc40ViewModel", "MSBuildExtensionPack\UI\Web\AspNetMvc40ViewModel\MSBuildExtensionPack.AspNetMvc40ViewModel.csproj", "{5A5DDD83-CA50-4A8E-9A8D-E1CA02FF6402}"
EndProject
Project("{FAE04EC0-301F-11D3-BF4B-00C04F79EFBC}") = "MSBuildExtensionPack.AspNetMvc40WebApi", "MSBuildExtensionPack\UI\Web\AspNetMvc40WebApi\MSBuildExtensionPack.AspNetMvc40WebApi.csproj", "{7D556455-BAED-4D6A-8250-F7AB2C249385}"
EndProject
Project("{FAE04EC0-301F-11D3-BF4B-00C04F79EFBC}") = "MSBuildExtensionPack.CommonBLL", "MSBuildExtensionPack\Core\CommonBLL\MSBuildExtensionPack.CommonBLL.csproj", "{EB345C1F-D609-43C1-A97F-7B3B3A5A0352}"
EndProject
Project("{FAE04EC0-301F-11D3-BF4B-00C04F79EFBC}") = "MSBuildExtensionPack.CommonBLLEntities", "MSBuildExtensionPack\Core\CommonBLLEntities\MSBuildExtensionPack.CommonBLLEntities.csproj", "{6A520483-5254-4978-AD53-3147ADDEFFB6}"
EndProject
Project("{FAE04EC0-301F-11D3-BF4B-00C04F79EFBC}") = "MSBuildExtensionPack.CommonBLLIoC", "MSBuildExtensionPack\Core\CommonBLLIoC\MSBuildExtensionPack.CommonBLLIoC.csproj", "{6992A9F3-9832-46FD-8C7F-D2BB5777E7D9}"
EndProject
Project("{FAE04EC0-301F-11D3-BF4B-00C04F79EFBC}") = "MSBuildExtensionPack.DALContracts", "MSBuildExtensionPack\Core\DALContracts\MSBuildExtensionPack.DALContracts.csproj", "{54D13C75-9E50-4ED3-B265-9FC6819EA35E}"
EndProject
Project("{FAE04EC0-301F-11D3-BF4B-00C04F79EFBC}") = "MSBuildExtensionPack.DataSourceEntities", "MSBuildExtensionPack\Core\DataSourceEntities\MSBuildExtensionPack.DataSourceEntities.csproj", "{D0B33CDD-97C7-4D99-A579-8FC566DE7153}"
EndProject
Project("{FAE04EC0-301F-11D3-BF4B-00C04F79EFBC}") = "MSBuildExtensionPack.EntityContracts", "MSBuildExtensionPack\Core\EntityContracts\MSBuildExtensionPack.EntityContracts.csproj", "{D79953A8-FEBC-4B13-9CDA-F7675A233481}"
EndProject
Project("{FAE04EC0-301F-11D3-BF4B-00C04F79EFBC}") = "MSBuildExtensionPack.EntityFrameworkContextV6", "MSBuildExtensionPack\Core\EntityFrameworkContextV6\MSBuildExtensionPack.EntityFrameworkContextV6.csproj", "{66F1C60F-BFF8-4795-9C1D-9A413801E080}"
EndProject
Project("{FAE04EC0-301F-11D3-BF4B-00C04F79EFBC}") = "MSBuildExtensionPack.EntityFrameworkContextV6CodeFirst", "MSBuildExtensionPack\Core\EntityFrameworkContextV6CodeFirst\MSBuildExtensionPack.EntityFrameworkContextV6CodeFirst.csproj", "{41282156-28F5-4BC3-B10E-35EAAC542577}"
EndProject
Project("{FAE04EC0-301F-11D3-BF4B-00C04F79EFBC}") = "MSBuildExtensionPack.EntityFrameworkDALV6", "MSBuildExtensionPack\Core\EntityFrameworkDALV6\MSBuildExtensionPack.EntityFrameworkDALV6.csproj", "{3C52C0A7-6CEF-4693-9EEF-C17FB3B035A6}"
EndProject
Project("{FAE04EC0-301F-11D3-BF4B-00C04F79EFBC}") = "MSBuildExtensionPack.EntityFrameworkDALV6CodeFirst", "MSBuildExtensionPack\Core\EntityFrameworkDALV6CodeFirst\MSBuildExtensionPack.EntityFrameworkDALV6CodeFirst.csproj", "{CA09C384-1354-45EE-BDB3-7A39CBFE6695}"
EndProject
Project("{FAE04EC0-301F-11D3-BF4B-00C04F79EFBC}") = "Framework", "Frameworks\Framework\Framework.csproj", "{6D25AA30-C3AF-4AE0-B567-0F2653120CDC}"
EndProject
Project("{FAE04EC0-301F-11D3-BF4B-00C04F79EFBC}") = "Framework.Charting", "Frameworks\Framework.Charting\Framework.Charting.csproj", "{51D5F233-02F2-45F7-B4F2-60D18EF3DEC5}"
EndProject
Project("{FAE04EC0-301F-11D3-BF4B-00C04F79EFBC}") = "Framework.CommonBLLEntities", "Frameworks\Framework.CommonBLLEntities\Framework.CommonBLLEntities.csproj", "{BA8C8C0B-470A-4D3C-B3DA-9E28599799B5}"
EndProject
Project("{FAE04EC0-301F-11D3-BF4B-00C04F79EFBC}") = "Framework.DAL", "Frameworks\Framework.DAL\Framework.DAL.csproj", "{525678C4-FDC1-4A5D-9D8A-D7E78309335F}"
EndProject
Project("{FAE04EC0-301F-11D3-BF4B-00C04F79EFBC}") = "Framework.DataSourceEntities", "Frameworks\Framework.DataSourceEntities\Framework.DataSourceEntities.csproj", "{F85A14D5-64E0-4CFC-88DA-27FE9D0DD664}"
EndProject
Project("{FAE04EC0-301F-11D3-BF4B-00C04F79EFBC}") = "Framework.EntityContracts", "Frameworks\Framework.EntityContracts\Framework.EntityContracts.csproj", "{C3A270DE-9727-492E-91E2-F56E7E0E0F83}"
EndProject
Project("{FAE04EC0-301F-11D3-BF4B-00C04F79EFBC}") = "Framework.LinqDAL", "Frameworks\Framework.LinqDAL\Framework.LinqDAL.csproj", "{7D1B22F8-06A2-4D09-A3AD-D93A09A01815}"
EndProject
Project("{FAE04EC0-301F-11D3-BF4B-00C04F79EFBC}") = "Framework.Mvc", "Frameworks\Framework.Mvc\Framework.Mvc.csproj", "{E45A004F-FBEF-445C-9607-FBC89D6D4590}"
EndProject
Project("{FAE04EC0-301F-11D3-BF4B-00C04F79EFBC}") = "Framework.Resources", "Frameworks\Framework.Resources\Framework.Resources.csproj", "{C72B898B-B53B-42D5-9F4F-673F84BB485B}"
EndProject
Project("{FAE04EC0-301F-11D3-BF4B-00C04F79EFBC}") = "Framework.Services", "Frameworks\Framework.Services\Framework.Services.csproj", "{3EF91DC7-12C9-47F3-BB18-AD3D85D1B624}"
EndProject
Project("{FAE04EC0-301F-11D3-BF4B-00C04F79EFBC}") = "Framework.TokenAuth", "Frameworks\Framework.TokenAuth\Framework.TokenAuth.csproj", "{33C271B9-0A43-408A-8C6A-B1A43ED065A7}"
EndProject
Project("{FAE04EC0-301F-11D3-BF4B-00C04F79EFBC}") = "Framework.ViewModels", "Frameworks\Framework.ViewModels\Framework.ViewModels.csproj", "{2CC97C32-9FFA-4DA4-A6C0-83F300404EC3}"
EndProject
Project("{FAE04EC0-301F-11D3-BF4B-00C04F79EFBC}") = "Framework.WcfClient", "Frameworks\Framework.WcfClient\Framework.WcfClient.csproj", "{3AC70E9C-5E33-44AF-8319-2E4F68DA86CB}"
EndProject
Project("{FAE04EC0-301F-11D3-BF4B-00C04F79EFBC}") = "Framework.Web", "Frameworks\Framework.Web\Framework.Web.csproj", "{950B9CDB-9286-4A1A-8D88-1DF6954A45E3}"
EndProject
Project("{FAE04EC0-301F-11D3-BF4B-00C04F79EFBC}") = "Framework.WebApp", "Frameworks\Framework.WebApp\Framework.WebApp.csproj", "{5937761D-D25B-4C6F-A5E8-FCBFA258BB4A}"
EndProject
Project("{FAE04EC0-301F-11D3-BF4B-00C04F79EFBC}") = "Framework.Xaml", "Frameworks\Framework.Xaml\Framework.Xaml.csproj", "{E5302713-0022-4657-85D8-9620818071DF}"
EndProject
Project("{FAE04EC0-301F-11D3-BF4B-00C04F79EFBC}") = "MSBuildExtensionPack.SL5App", "MSBuildExtensionPack\UI\MVVMLight\SL5App\MSBuildExtensionPack.SL5App.csproj", "{5B782535-C8FB-45A4-8959-FB184BA35F89}"
EndProject
Project("{FAE04EC0-301F-11D3-BF4B-00C04F79EFBC}") = "MSBuildExtensionPack.ViewModels", "MSBuildExtensionPack\UI\MVVMLight\Shared\ViewModels\MSBuildExtensionPack.ViewModels.csproj", "{7C4533B0-F75E-4909-8EDE-5FAC022DD356}"
EndProject
Project("{FAE04EC0-301F-11D3-BF4B-00C04F79EFBC}") = "MSBuildExtensionPack.WinStoreApp", "MSBuildExtensionPack\UI\MVVMLight\WinStoreApp\MSBuildExtensionPack.WinStoreApp.csproj", "{E0083B67-CD2A-4503-A94A-5AF140BF4A72}"
EndProject
Project("{FAE04EC0-301F-11D3-BF4B-00C04F79EFBC}") = "MSBuildExtensionPack.WPF4App", "MSBuildExtensionPack\UI\MVVMLight\WPF4App\MSBuildExtensionPack.WPF4App.csproj", "{8D2D7E8F-8415-424C-AF9C-967113BE5136}"
EndProject
Project("{FAE04EC0-301F-11D3-BF4B-00C04F79EFBC}") = "MSBuildExtensionPack.Resources", "MSBuildExtensionPack\Core\Resources\MSBuildExtensionPack.Resources.csproj", "{42681747-107B-487B-9EA2-CE46754682FD}"
EndProject
Project("{FAE04EC0-301F-11D3-BF4B-00C04F79EFBC}") = "MSBuildExtensionPack.VS2012DatabaseProject", "MSBuildExtensionPack\Core\VS2012DatabaseProject\MSBuildExtensionPack.VS2012DatabaseProject.sqlproj", "{D1D12E36-D3E2-40D8-9AE4-91943585E7E5}"
EndProject
Project("{FAE04EC0-301F-11D3-BF4B-00C04F79EFBC}") = "MSBuildExtensionPack.WcfClientBLL", "MSBuildExtensionPack\Wcf\WcfClientBLL\MSBuildExtensionPack.WcfClientBLL.csproj", "{9CCCD6FA-FAE9-40DA-987E-96A53923BA0D}"
EndProject
Project("{FAE04EC0-301F-11D3-BF4B-00C04F79EFBC}") = "MSBuildExtensionPack.WcfContracts", "MSBuildExtensionPack\Core\WcfContracts\MSBuildExtensionPack.WcfContracts.csproj", "{3FF07BEF-FF15-47EE-9BF2-107623976CA5}"
EndProject
Project("{FAE04EC0-301F-11D3-BF4B-00C04F79EFBC}") = "MSBuildExtensionPack.WcfWebApp", "MSBuildExtensionPack\Wcf\WcfWebApp\MSBuildExtensionPack.WcfWebApp.csproj", "{4DF63B10-6071-441E-935A-9A018707353B}"
EndProject
Project("{FAE04EC0-301F-11D3-BF4B-00C04F79EFBC}") = "MSBuildExtensionPack.CommonBLLIoC.WP", "MSBuildExtensionPack\Core.WP\CommonBLLIoC.WP\MSBuildExtensionPack.CommonBLLIoC.WP.csproj", "{02E6DE70-C94E-4B3B-B84F-CA49EAC11CC7}"
EndProject
Project("{FAE04EC0-301F-11D3-BF4B-00C04F79EFBC}") = "Framework.WcfClient.WP", "Frameworks.WP\Framework.WcfClient.WP\Framework.WcfClient.WP.csproj", "{9D29B4FA-652D-4FCC-A612-0A6F5A14657B}"
EndProject
Project("{FAE04EC0-301F-11D3-BF4B-00C04F79EFBC}") = "Framework.Xaml.WP", "Frameworks.WP\Framework.Xaml.WP\Framework.Xaml.WP.csproj", "{2A0EADDF-C8EC-4992-84CD-3B699A0DFCB8}"
EndProject
Project("{FAE04EC0-301F-11D3-BF4B-00C04F79EFBC}") = "MSBuildExtensionPack.ViewModels.WP", "MSBuildExtensionPack\UI\MVVMLight\Shared.WP\ViewModels.WP\MSBuildExtensionPack.ViewModels.WP.csproj", "{48CD0A93-2377-490C-A00B-5064814CBF00}"
EndProject
Project("{FAE04EC0-301F-11D3-BF4B-00C04F79EFBC}") = "MSBuildExtensionPack.WcfClientBLL.WP", "MSBuildExtensionPack\Wcf.WP\WcfClientBLL.WP\MSBuildExtensionPack.WcfClientBLL.WP.csproj", "{FB678328-9139-405E-AC9D-2EAD41D04D7C}"
EndProject
Project("{FAE04EC0-301F-11D3-BF4B-00C04F79EFBC}") = "MSBuildExtensionPack.WcfContracts.WP", "MSBuildExtensionPack\Core.WP\WcfContracts.WP\MSBuildExtensionPack.WcfContracts.WP.csproj", "{63B010FA-FB07-478F-8DF1-FDE9F829B55E}"
EndProject
Project("{FAE04EC0-301F-11D3-BF4B-00C04F79EFBC}") = "MSBuildExtensionPack.CommonBLLIoC.SL", "MSBuildExtensionPack\Core.SL\CommonBLLIoC.SL\MSBuildExtensionPack.CommonBLLIoC.SL.csproj", "{EA1C06A1-FF7E-43F7-9515-7A6BC9BC3CCE}"
EndProject
Project("{FAE04EC0-301F-11D3-BF4B-00C04F79EFBC}") = "Framework.WcfClient.SL", "Frameworks.SL\Framework.WcfClient.SL\Framework.WcfClient.SL.csproj", "{3B2B1C5F-8E65-4985-AC14-2973E07C6A56}"
EndProject
Project("{FAE04EC0-301F-11D3-BF4B-00C04F79EFBC}") = "Framework.Xaml.SL", "Frameworks.SL\Framework.Xaml.SL\Framework.Xaml.SL.csproj", "{6D1CEFE4-19FD-45C7-BEE0-81A01F444A6B}"
EndProject
Project("{FAE04EC0-301F-11D3-BF4B-00C04F79EFBC}") = "MSBuildExtensionPack.ViewModels.SL", "MSBuildExtensionPack\UI\MVVMLight\Shared.SL\ViewModels.SL\MSBuildExtensionPack.ViewModels.SL.csproj", "{15F69EEC-2E09-4FF7-8EE1-D7C80804524C}"
EndProject
Project("{FAE04EC0-301F-11D3-BF4B-00C04F79EFBC}") = "MSBuildExtensionPack.WcfClientBLL.SL", "MSBuildExtensionPack\Wcf.SL\WcfClientBLL.SL\MSBuildExtensionPack.WcfClientBLL.SL.csproj", "{9281B69A-DBBE-4013-B51D-5244D9BB4C75}"
EndProject
Project("{FAE04EC0-301F-11D3-BF4B-00C04F79EFBC}") = "MSBuildExtensionPack.WcfContracts.SL", "MSBuildExtensionPack\Core.SL\WcfContracts.SL\MSBuildExtensionPack.WcfContracts.SL.csproj", "{F3D1C0F2-1EDF-4191-BB33-912EA0DEC2A1}"
EndProject
Project("{FAE04EC0-301F-11D3-BF4B-00C04F79EFBC}") = "MSBuildExtensionPack.CommonBLLIoC.WinRT", "MSBuildExtensionPack\Core.WinRT\CommonBLLIoC.WinRT\MSBuildExtensionPack.CommonBLLIoC.WinRT.csproj", "{FE18E143-9DCA-4D2C-9810-F53ACCC903D1}"
EndProject
Project("{FAE04EC0-301F-11D3-BF4B-00C04F79EFBC}") = "Framework.WcfClient.WinRT", "Frameworks.WinRT\Framework.WcfClient.WinRT\Framework.WcfClient.WinRT.csproj", "{4EFEAF78-B7E0-4516-A8D6-4A055E2B6010}"
EndProject
Project("{FAE04EC0-301F-11D3-BF4B-00C04F79EFBC}") = "Framework.Xaml.WinRT", "Frameworks.WinRT\Framework.Xaml.WinRT\Framework.Xaml.WinRT.csproj", "{36712ACB-356C-45CC-9437-FEE201F06DC0}"
EndProject
Project("{FAE04EC0-301F-11D3-BF4B-00C04F79EFBC}") = "MSBuildExtensionPack.ViewModels.WinRT", "MSBuildExtensionPack\UI\MVVMLight\Shared.WinRT\ViewModels.WinRT\MSBuildExtensionPack.ViewModels.WinRT.csproj", "{E8F68E5D-FE18-4B1B-AF2C-D94C8492E0D0}"
EndProject
Project("{FAE04EC0-301F-11D3-BF4B-00C04F79EFBC}") = "MSBuildExtensionPack.WcfClientBLL.WinRT", "MSBuildExtensionPack\Wcf.WinRT\WcfClientBLL.WinRT\MSBuildExtensionPack.WcfClientBLL.WinRT.csproj", "{E85E847D-1208-4450-8A25-BF3529A2701F}"
EndProject
Project("{FAE04EC0-301F-11D3-BF4B-00C04F79EFBC}") = "MSBuildExtensionPack.WcfContracts.WinRT", "MSBuildExtensionPack\Core.WinRT\WcfContracts.WinRT\MSBuildExtensionPack.WcfContracts.WinRT.csproj", "{61516EAE-03EC-409E-A3B0-6FA9086F1000}"
EndProject

Global
	GlobalSection(SolutionConfigurationPlatforms) = preSolution
		Debug|Any CPU = Debug|Any CPU
		Release|Any CPU = Release|Any CPU
	EndGlobalSection
	GlobalSection(ProjectConfigurationPlatforms) = postSolution
		{B136B1C2-48E2-4651-9B39-A97037822583}.Debug|Any CPU.ActiveCfg = Debug|Any CPU
		{B136B1C2-48E2-4651-9B39-A97037822583}.Debug|Any CPU.Build.0 = Debug|Any CPU
		{B136B1C2-48E2-4651-9B39-A97037822583}.Release|Any CPU.ActiveCfg = Release|Any CPU
		{B136B1C2-48E2-4651-9B39-A97037822583}.Release|Any CPU.Build.0 = Debug|Any CPU
		{A2FB44F1-A131-4C4D-9257-A8A825392431}.Debug|Any CPU.ActiveCfg = Debug|Any CPU
		{A2FB44F1-A131-4C4D-9257-A8A825392431}.Debug|Any CPU.Build.0 = Debug|Any CPU
		{A2FB44F1-A131-4C4D-9257-A8A825392431}.Release|Any CPU.ActiveCfg = Release|Any CPU
		{A2FB44F1-A131-4C4D-9257-A8A825392431}.Release|Any CPU.Build.0 = Debug|Any CPU
		{5A5DDD83-CA50-4A8E-9A8D-E1CA02FF6402}.Debug|Any CPU.ActiveCfg = Debug|Any CPU
		{5A5DDD83-CA50-4A8E-9A8D-E1CA02FF6402}.Debug|Any CPU.Build.0 = Debug|Any CPU
		{5A5DDD83-CA50-4A8E-9A8D-E1CA02FF6402}.Release|Any CPU.ActiveCfg = Release|Any CPU
		{5A5DDD83-CA50-4A8E-9A8D-E1CA02FF6402}.Release|Any CPU.Build.0 = Debug|Any CPU
		{7D556455-BAED-4D6A-8250-F7AB2C249385}.Debug|Any CPU.ActiveCfg = Debug|Any CPU
		{7D556455-BAED-4D6A-8250-F7AB2C249385}.Debug|Any CPU.Build.0 = Debug|Any CPU
		{7D556455-BAED-4D6A-8250-F7AB2C249385}.Release|Any CPU.ActiveCfg = Release|Any CPU
		{7D556455-BAED-4D6A-8250-F7AB2C249385}.Release|Any CPU.Build.0 = Debug|Any CPU
		{EB345C1F-D609-43C1-A97F-7B3B3A5A0352}.Debug|Any CPU.ActiveCfg = Debug|Any CPU
		{EB345C1F-D609-43C1-A97F-7B3B3A5A0352}.Debug|Any CPU.Build.0 = Debug|Any CPU
		{EB345C1F-D609-43C1-A97F-7B3B3A5A0352}.Release|Any CPU.ActiveCfg = Release|Any CPU
		{EB345C1F-D609-43C1-A97F-7B3B3A5A0352}.Release|Any CPU.Build.0 = Debug|Any CPU
		{6A520483-5254-4978-AD53-3147ADDEFFB6}.Debug|Any CPU.ActiveCfg = Debug|Any CPU
		{6A520483-5254-4978-AD53-3147ADDEFFB6}.Debug|Any CPU.Build.0 = Debug|Any CPU
		{6A520483-5254-4978-AD53-3147ADDEFFB6}.Release|Any CPU.ActiveCfg = Release|Any CPU
		{6A520483-5254-4978-AD53-3147ADDEFFB6}.Release|Any CPU.Build.0 = Debug|Any CPU
		{6992A9F3-9832-46FD-8C7F-D2BB5777E7D9}.Debug|Any CPU.ActiveCfg = Debug|Any CPU
		{6992A9F3-9832-46FD-8C7F-D2BB5777E7D9}.Debug|Any CPU.Build.0 = Debug|Any CPU
		{6992A9F3-9832-46FD-8C7F-D2BB5777E7D9}.Release|Any CPU.ActiveCfg = Release|Any CPU
		{6992A9F3-9832-46FD-8C7F-D2BB5777E7D9}.Release|Any CPU.Build.0 = Debug|Any CPU
		{54D13C75-9E50-4ED3-B265-9FC6819EA35E}.Debug|Any CPU.ActiveCfg = Debug|Any CPU
		{54D13C75-9E50-4ED3-B265-9FC6819EA35E}.Debug|Any CPU.Build.0 = Debug|Any CPU
		{54D13C75-9E50-4ED3-B265-9FC6819EA35E}.Release|Any CPU.ActiveCfg = Release|Any CPU
		{54D13C75-9E50-4ED3-B265-9FC6819EA35E}.Release|Any CPU.Build.0 = Debug|Any CPU
		{D0B33CDD-97C7-4D99-A579-8FC566DE7153}.Debug|Any CPU.ActiveCfg = Debug|Any CPU
		{D0B33CDD-97C7-4D99-A579-8FC566DE7153}.Debug|Any CPU.Build.0 = Debug|Any CPU
		{D0B33CDD-97C7-4D99-A579-8FC566DE7153}.Release|Any CPU.ActiveCfg = Release|Any CPU
		{D0B33CDD-97C7-4D99-A579-8FC566DE7153}.Release|Any CPU.Build.0 = Debug|Any CPU
		{D79953A8-FEBC-4B13-9CDA-F7675A233481}.Debug|Any CPU.ActiveCfg = Debug|Any CPU
		{D79953A8-FEBC-4B13-9CDA-F7675A233481}.Debug|Any CPU.Build.0 = Debug|Any CPU
		{D79953A8-FEBC-4B13-9CDA-F7675A233481}.Release|Any CPU.ActiveCfg = Release|Any CPU
		{D79953A8-FEBC-4B13-9CDA-F7675A233481}.Release|Any CPU.Build.0 = Debug|Any CPU
		{66F1C60F-BFF8-4795-9C1D-9A413801E080}.Debug|Any CPU.ActiveCfg = Debug|Any CPU
		{66F1C60F-BFF8-4795-9C1D-9A413801E080}.Debug|Any CPU.Build.0 = Debug|Any CPU
		{66F1C60F-BFF8-4795-9C1D-9A413801E080}.Release|Any CPU.ActiveCfg = Release|Any CPU
		{66F1C60F-BFF8-4795-9C1D-9A413801E080}.Release|Any CPU.Build.0 = Debug|Any CPU
		{41282156-28F5-4BC3-B10E-35EAAC542577}.Debug|Any CPU.ActiveCfg = Debug|Any CPU
		{41282156-28F5-4BC3-B10E-35EAAC542577}.Debug|Any CPU.Build.0 = Debug|Any CPU
		{41282156-28F5-4BC3-B10E-35EAAC542577}.Release|Any CPU.ActiveCfg = Release|Any CPU
		{41282156-28F5-4BC3-B10E-35EAAC542577}.Release|Any CPU.Build.0 = Debug|Any CPU
		{3C52C0A7-6CEF-4693-9EEF-C17FB3B035A6}.Debug|Any CPU.ActiveCfg = Debug|Any CPU
		{3C52C0A7-6CEF-4693-9EEF-C17FB3B035A6}.Debug|Any CPU.Build.0 = Debug|Any CPU
		{3C52C0A7-6CEF-4693-9EEF-C17FB3B035A6}.Release|Any CPU.ActiveCfg = Release|Any CPU
		{3C52C0A7-6CEF-4693-9EEF-C17FB3B035A6}.Release|Any CPU.Build.0 = Debug|Any CPU
		{CA09C384-1354-45EE-BDB3-7A39CBFE6695}.Debug|Any CPU.ActiveCfg = Debug|Any CPU
		{CA09C384-1354-45EE-BDB3-7A39CBFE6695}.Debug|Any CPU.Build.0 = Debug|Any CPU
		{CA09C384-1354-45EE-BDB3-7A39CBFE6695}.Release|Any CPU.ActiveCfg = Release|Any CPU
		{CA09C384-1354-45EE-BDB3-7A39CBFE6695}.Release|Any CPU.Build.0 = Debug|Any CPU
		{6D25AA30-C3AF-4AE0-B567-0F2653120CDC}.Debug|Any CPU.ActiveCfg = Debug|Any CPU
		{6D25AA30-C3AF-4AE0-B567-0F2653120CDC}.Debug|Any CPU.Build.0 = Debug|Any CPU
		{6D25AA30-C3AF-4AE0-B567-0F2653120CDC}.Release|Any CPU.ActiveCfg = Release|Any CPU
		{6D25AA30-C3AF-4AE0-B567-0F2653120CDC}.Release|Any CPU.Build.0 = Debug|Any CPU
		{51D5F233-02F2-45F7-B4F2-60D18EF3DEC5}.Debug|Any CPU.ActiveCfg = Debug|Any CPU
		{51D5F233-02F2-45F7-B4F2-60D18EF3DEC5}.Debug|Any CPU.Build.0 = Debug|Any CPU
		{51D5F233-02F2-45F7-B4F2-60D18EF3DEC5}.Release|Any CPU.ActiveCfg = Release|Any CPU
		{51D5F233-02F2-45F7-B4F2-60D18EF3DEC5}.Release|Any CPU.Build.0 = Debug|Any CPU
		{BA8C8C0B-470A-4D3C-B3DA-9E28599799B5}.Debug|Any CPU.ActiveCfg = Debug|Any CPU
		{BA8C8C0B-470A-4D3C-B3DA-9E28599799B5}.Debug|Any CPU.Build.0 = Debug|Any CPU
		{BA8C8C0B-470A-4D3C-B3DA-9E28599799B5}.Release|Any CPU.ActiveCfg = Release|Any CPU
		{BA8C8C0B-470A-4D3C-B3DA-9E28599799B5}.Release|Any CPU.Build.0 = Debug|Any CPU
		{525678C4-FDC1-4A5D-9D8A-D7E78309335F}.Debug|Any CPU.ActiveCfg = Debug|Any CPU
		{525678C4-FDC1-4A5D-9D8A-D7E78309335F}.Debug|Any CPU.Build.0 = Debug|Any CPU
		{525678C4-FDC1-4A5D-9D8A-D7E78309335F}.Release|Any CPU.ActiveCfg = Release|Any CPU
		{525678C4-FDC1-4A5D-9D8A-D7E78309335F}.Release|Any CPU.Build.0 = Debug|Any CPU
		{F85A14D5-64E0-4CFC-88DA-27FE9D0DD664}.Debug|Any CPU.ActiveCfg = Debug|Any CPU
		{F85A14D5-64E0-4CFC-88DA-27FE9D0DD664}.Debug|Any CPU.Build.0 = Debug|Any CPU
		{F85A14D5-64E0-4CFC-88DA-27FE9D0DD664}.Release|Any CPU.ActiveCfg = Release|Any CPU
		{F85A14D5-64E0-4CFC-88DA-27FE9D0DD664}.Release|Any CPU.Build.0 = Debug|Any CPU
		{C3A270DE-9727-492E-91E2-F56E7E0E0F83}.Debug|Any CPU.ActiveCfg = Debug|Any CPU
		{C3A270DE-9727-492E-91E2-F56E7E0E0F83}.Debug|Any CPU.Build.0 = Debug|Any CPU
		{C3A270DE-9727-492E-91E2-F56E7E0E0F83}.Release|Any CPU.ActiveCfg = Release|Any CPU
		{C3A270DE-9727-492E-91E2-F56E7E0E0F83}.Release|Any CPU.Build.0 = Debug|Any CPU
		{7D1B22F8-06A2-4D09-A3AD-D93A09A01815}.Debug|Any CPU.ActiveCfg = Debug|Any CPU
		{7D1B22F8-06A2-4D09-A3AD-D93A09A01815}.Debug|Any CPU.Build.0 = Debug|Any CPU
		{7D1B22F8-06A2-4D09-A3AD-D93A09A01815}.Release|Any CPU.ActiveCfg = Release|Any CPU
		{7D1B22F8-06A2-4D09-A3AD-D93A09A01815}.Release|Any CPU.Build.0 = Debug|Any CPU
		{E45A004F-FBEF-445C-9607-FBC89D6D4590}.Debug|Any CPU.ActiveCfg = Debug|Any CPU
		{E45A004F-FBEF-445C-9607-FBC89D6D4590}.Debug|Any CPU.Build.0 = Debug|Any CPU
		{E45A004F-FBEF-445C-9607-FBC89D6D4590}.Release|Any CPU.ActiveCfg = Release|Any CPU
		{E45A004F-FBEF-445C-9607-FBC89D6D4590}.Release|Any CPU.Build.0 = Debug|Any CPU
		{C72B898B-B53B-42D5-9F4F-673F84BB485B}.Debug|Any CPU.ActiveCfg = Debug|Any CPU
		{C72B898B-B53B-42D5-9F4F-673F84BB485B}.Debug|Any CPU.Build.0 = Debug|Any CPU
		{C72B898B-B53B-42D5-9F4F-673F84BB485B}.Release|Any CPU.ActiveCfg = Release|Any CPU
		{C72B898B-B53B-42D5-9F4F-673F84BB485B}.Release|Any CPU.Build.0 = Debug|Any CPU
		{3EF91DC7-12C9-47F3-BB18-AD3D85D1B624}.Debug|Any CPU.ActiveCfg = Debug|Any CPU
		{3EF91DC7-12C9-47F3-BB18-AD3D85D1B624}.Debug|Any CPU.Build.0 = Debug|Any CPU
		{3EF91DC7-12C9-47F3-BB18-AD3D85D1B624}.Release|Any CPU.ActiveCfg = Release|Any CPU
		{3EF91DC7-12C9-47F3-BB18-AD3D85D1B624}.Release|Any CPU.Build.0 = Debug|Any CPU
		{33C271B9-0A43-408A-8C6A-B1A43ED065A7}.Debug|Any CPU.ActiveCfg = Debug|Any CPU
		{33C271B9-0A43-408A-8C6A-B1A43ED065A7}.Debug|Any CPU.Build.0 = Debug|Any CPU
		{33C271B9-0A43-408A-8C6A-B1A43ED065A7}.Release|Any CPU.ActiveCfg = Release|Any CPU
		{33C271B9-0A43-408A-8C6A-B1A43ED065A7}.Release|Any CPU.Build.0 = Debug|Any CPU
		{2CC97C32-9FFA-4DA4-A6C0-83F300404EC3}.Debug|Any CPU.ActiveCfg = Debug|Any CPU
		{2CC97C32-9FFA-4DA4-A6C0-83F300404EC3}.Debug|Any CPU.Build.0 = Debug|Any CPU
		{2CC97C32-9FFA-4DA4-A6C0-83F300404EC3}.Release|Any CPU.ActiveCfg = Release|Any CPU
		{2CC97C32-9FFA-4DA4-A6C0-83F300404EC3}.Release|Any CPU.Build.0 = Debug|Any CPU
		{3AC70E9C-5E33-44AF-8319-2E4F68DA86CB}.Debug|Any CPU.ActiveCfg = Debug|Any CPU
		{3AC70E9C-5E33-44AF-8319-2E4F68DA86CB}.Debug|Any CPU.Build.0 = Debug|Any CPU
		{3AC70E9C-5E33-44AF-8319-2E4F68DA86CB}.Release|Any CPU.ActiveCfg = Release|Any CPU
		{3AC70E9C-5E33-44AF-8319-2E4F68DA86CB}.Release|Any CPU.Build.0 = Debug|Any CPU
		{950B9CDB-9286-4A1A-8D88-1DF6954A45E3}.Debug|Any CPU.ActiveCfg = Debug|Any CPU
		{950B9CDB-9286-4A1A-8D88-1DF6954A45E3}.Debug|Any CPU.Build.0 = Debug|Any CPU
		{950B9CDB-9286-4A1A-8D88-1DF6954A45E3}.Release|Any CPU.ActiveCfg = Release|Any CPU
		{950B9CDB-9286-4A1A-8D88-1DF6954A45E3}.Release|Any CPU.Build.0 = Debug|Any CPU
		{5937761D-D25B-4C6F-A5E8-FCBFA258BB4A}.Debug|Any CPU.ActiveCfg = Debug|Any CPU
		{5937761D-D25B-4C6F-A5E8-FCBFA258BB4A}.Debug|Any CPU.Build.0 = Debug|Any CPU
		{5937761D-D25B-4C6F-A5E8-FCBFA258BB4A}.Release|Any CPU.ActiveCfg = Release|Any CPU
		{5937761D-D25B-4C6F-A5E8-FCBFA258BB4A}.Release|Any CPU.Build.0 = Debug|Any CPU
		{E5302713-0022-4657-85D8-9620818071DF}.Debug|Any CPU.ActiveCfg = Debug|Any CPU
		{E5302713-0022-4657-85D8-9620818071DF}.Debug|Any CPU.Build.0 = Debug|Any CPU
		{E5302713-0022-4657-85D8-9620818071DF}.Release|Any CPU.ActiveCfg = Release|Any CPU
		{E5302713-0022-4657-85D8-9620818071DF}.Release|Any CPU.Build.0 = Debug|Any CPU
		{5B782535-C8FB-45A4-8959-FB184BA35F89}.Debug|Any CPU.ActiveCfg = Debug|Any CPU
		{5B782535-C8FB-45A4-8959-FB184BA35F89}.Debug|Any CPU.Build.0 = Debug|Any CPU
		{5B782535-C8FB-45A4-8959-FB184BA35F89}.Release|Any CPU.ActiveCfg = Release|Any CPU
		{5B782535-C8FB-45A4-8959-FB184BA35F89}.Release|Any CPU.Build.0 = Debug|Any CPU
		{7C4533B0-F75E-4909-8EDE-5FAC022DD356}.Debug|Any CPU.ActiveCfg = Debug|Any CPU
		{7C4533B0-F75E-4909-8EDE-5FAC022DD356}.Debug|Any CPU.Build.0 = Debug|Any CPU
		{7C4533B0-F75E-4909-8EDE-5FAC022DD356}.Release|Any CPU.ActiveCfg = Release|Any CPU
		{7C4533B0-F75E-4909-8EDE-5FAC022DD356}.Release|Any CPU.Build.0 = Debug|Any CPU
		{E0083B67-CD2A-4503-A94A-5AF140BF4A72}.Debug|Any CPU.ActiveCfg = Debug|Any CPU
		{E0083B67-CD2A-4503-A94A-5AF140BF4A72}.Debug|Any CPU.Build.0 = Debug|Any CPU
		{E0083B67-CD2A-4503-A94A-5AF140BF4A72}.Release|Any CPU.ActiveCfg = Release|Any CPU
		{E0083B67-CD2A-4503-A94A-5AF140BF4A72}.Release|Any CPU.Build.0 = Debug|Any CPU
		{8D2D7E8F-8415-424C-AF9C-967113BE5136}.Debug|Any CPU.ActiveCfg = Debug|Any CPU
		{8D2D7E8F-8415-424C-AF9C-967113BE5136}.Debug|Any CPU.Build.0 = Debug|Any CPU
		{8D2D7E8F-8415-424C-AF9C-967113BE5136}.Release|Any CPU.ActiveCfg = Release|Any CPU
		{8D2D7E8F-8415-424C-AF9C-967113BE5136}.Release|Any CPU.Build.0 = Debug|Any CPU
		{42681747-107B-487B-9EA2-CE46754682FD}.Debug|Any CPU.ActiveCfg = Debug|Any CPU
		{42681747-107B-487B-9EA2-CE46754682FD}.Debug|Any CPU.Build.0 = Debug|Any CPU
		{42681747-107B-487B-9EA2-CE46754682FD}.Release|Any CPU.ActiveCfg = Release|Any CPU
		{42681747-107B-487B-9EA2-CE46754682FD}.Release|Any CPU.Build.0 = Debug|Any CPU
		{D1D12E36-D3E2-40D8-9AE4-91943585E7E5}.Debug|Any CPU.ActiveCfg = Debug|Any CPU
		{D1D12E36-D3E2-40D8-9AE4-91943585E7E5}.Debug|Any CPU.Build.0 = Debug|Any CPU
		{D1D12E36-D3E2-40D8-9AE4-91943585E7E5}.Release|Any CPU.ActiveCfg = Release|Any CPU
		{D1D12E36-D3E2-40D8-9AE4-91943585E7E5}.Release|Any CPU.Build.0 = Debug|Any CPU
		{9CCCD6FA-FAE9-40DA-987E-96A53923BA0D}.Debug|Any CPU.ActiveCfg = Debug|Any CPU
		{9CCCD6FA-FAE9-40DA-987E-96A53923BA0D}.Debug|Any CPU.Build.0 = Debug|Any CPU
		{9CCCD6FA-FAE9-40DA-987E-96A53923BA0D}.Release|Any CPU.ActiveCfg = Release|Any CPU
		{9CCCD6FA-FAE9-40DA-987E-96A53923BA0D}.Release|Any CPU.Build.0 = Debug|Any CPU
		{3FF07BEF-FF15-47EE-9BF2-107623976CA5}.Debug|Any CPU.ActiveCfg = Debug|Any CPU
		{3FF07BEF-FF15-47EE-9BF2-107623976CA5}.Debug|Any CPU.Build.0 = Debug|Any CPU
		{3FF07BEF-FF15-47EE-9BF2-107623976CA5}.Release|Any CPU.ActiveCfg = Release|Any CPU
		{3FF07BEF-FF15-47EE-9BF2-107623976CA5}.Release|Any CPU.Build.0 = Debug|Any CPU
		{4DF63B10-6071-441E-935A-9A018707353B}.Debug|Any CPU.ActiveCfg = Debug|Any CPU
		{4DF63B10-6071-441E-935A-9A018707353B}.Debug|Any CPU.Build.0 = Debug|Any CPU
		{4DF63B10-6071-441E-935A-9A018707353B}.Release|Any CPU.ActiveCfg = Release|Any CPU
		{4DF63B10-6071-441E-935A-9A018707353B}.Release|Any CPU.Build.0 = Debug|Any CPU
		{02E6DE70-C94E-4B3B-B84F-CA49EAC11CC7}.Debug|Any CPU.ActiveCfg = Debug|Any CPU
		{02E6DE70-C94E-4B3B-B84F-CA49EAC11CC7}.Debug|Any CPU.Build.0 = Debug|Any CPU
		{02E6DE70-C94E-4B3B-B84F-CA49EAC11CC7}.Release|Any CPU.ActiveCfg = Release|Any CPU
		{02E6DE70-C94E-4B3B-B84F-CA49EAC11CC7}.Release|Any CPU.Build.0 = Debug|Any CPU
		{9D29B4FA-652D-4FCC-A612-0A6F5A14657B}.Debug|Any CPU.ActiveCfg = Debug|Any CPU
		{9D29B4FA-652D-4FCC-A612-0A6F5A14657B}.Debug|Any CPU.Build.0 = Debug|Any CPU
		{9D29B4FA-652D-4FCC-A612-0A6F5A14657B}.Release|Any CPU.ActiveCfg = Release|Any CPU
		{9D29B4FA-652D-4FCC-A612-0A6F5A14657B}.Release|Any CPU.Build.0 = Debug|Any CPU
		{2A0EADDF-C8EC-4992-84CD-3B699A0DFCB8}.Debug|Any CPU.ActiveCfg = Debug|Any CPU
		{2A0EADDF-C8EC-4992-84CD-3B699A0DFCB8}.Debug|Any CPU.Build.0 = Debug|Any CPU
		{2A0EADDF-C8EC-4992-84CD-3B699A0DFCB8}.Release|Any CPU.ActiveCfg = Release|Any CPU
		{2A0EADDF-C8EC-4992-84CD-3B699A0DFCB8}.Release|Any CPU.Build.0 = Debug|Any CPU
		{48CD0A93-2377-490C-A00B-5064814CBF00}.Debug|Any CPU.ActiveCfg = Debug|Any CPU
		{48CD0A93-2377-490C-A00B-5064814CBF00}.Debug|Any CPU.Build.0 = Debug|Any CPU
		{48CD0A93-2377-490C-A00B-5064814CBF00}.Release|Any CPU.ActiveCfg = Release|Any CPU
		{48CD0A93-2377-490C-A00B-5064814CBF00}.Release|Any CPU.Build.0 = Debug|Any CPU
		{FB678328-9139-405E-AC9D-2EAD41D04D7C}.Debug|Any CPU.ActiveCfg = Debug|Any CPU
		{FB678328-9139-405E-AC9D-2EAD41D04D7C}.Debug|Any CPU.Build.0 = Debug|Any CPU
		{FB678328-9139-405E-AC9D-2EAD41D04D7C}.Release|Any CPU.ActiveCfg = Release|Any CPU
		{FB678328-9139-405E-AC9D-2EAD41D04D7C}.Release|Any CPU.Build.0 = Debug|Any CPU
		{63B010FA-FB07-478F-8DF1-FDE9F829B55E}.Debug|Any CPU.ActiveCfg = Debug|Any CPU
		{63B010FA-FB07-478F-8DF1-FDE9F829B55E}.Debug|Any CPU.Build.0 = Debug|Any CPU
		{63B010FA-FB07-478F-8DF1-FDE9F829B55E}.Release|Any CPU.ActiveCfg = Release|Any CPU
		{63B010FA-FB07-478F-8DF1-FDE9F829B55E}.Release|Any CPU.Build.0 = Debug|Any CPU
		{EA1C06A1-FF7E-43F7-9515-7A6BC9BC3CCE}.Debug|Any CPU.ActiveCfg = Debug|Any CPU
		{EA1C06A1-FF7E-43F7-9515-7A6BC9BC3CCE}.Debug|Any CPU.Build.0 = Debug|Any CPU
		{EA1C06A1-FF7E-43F7-9515-7A6BC9BC3CCE}.Release|Any CPU.ActiveCfg = Release|Any CPU
		{EA1C06A1-FF7E-43F7-9515-7A6BC9BC3CCE}.Release|Any CPU.Build.0 = Debug|Any CPU
		{3B2B1C5F-8E65-4985-AC14-2973E07C6A56}.Debug|Any CPU.ActiveCfg = Debug|Any CPU
		{3B2B1C5F-8E65-4985-AC14-2973E07C6A56}.Debug|Any CPU.Build.0 = Debug|Any CPU
		{3B2B1C5F-8E65-4985-AC14-2973E07C6A56}.Release|Any CPU.ActiveCfg = Release|Any CPU
		{3B2B1C5F-8E65-4985-AC14-2973E07C6A56}.Release|Any CPU.Build.0 = Debug|Any CPU
		{6D1CEFE4-19FD-45C7-BEE0-81A01F444A6B}.Debug|Any CPU.ActiveCfg = Debug|Any CPU
		{6D1CEFE4-19FD-45C7-BEE0-81A01F444A6B}.Debug|Any CPU.Build.0 = Debug|Any CPU
		{6D1CEFE4-19FD-45C7-BEE0-81A01F444A6B}.Release|Any CPU.ActiveCfg = Release|Any CPU
		{6D1CEFE4-19FD-45C7-BEE0-81A01F444A6B}.Release|Any CPU.Build.0 = Debug|Any CPU
		{15F69EEC-2E09-4FF7-8EE1-D7C80804524C}.Debug|Any CPU.ActiveCfg = Debug|Any CPU
		{15F69EEC-2E09-4FF7-8EE1-D7C80804524C}.Debug|Any CPU.Build.0 = Debug|Any CPU
		{15F69EEC-2E09-4FF7-8EE1-D7C80804524C}.Release|Any CPU.ActiveCfg = Release|Any CPU
		{15F69EEC-2E09-4FF7-8EE1-D7C80804524C}.Release|Any CPU.Build.0 = Debug|Any CPU
		{9281B69A-DBBE-4013-B51D-5244D9BB4C75}.Debug|Any CPU.ActiveCfg = Debug|Any CPU
		{9281B69A-DBBE-4013-B51D-5244D9BB4C75}.Debug|Any CPU.Build.0 = Debug|Any CPU
		{9281B69A-DBBE-4013-B51D-5244D9BB4C75}.Release|Any CPU.ActiveCfg = Release|Any CPU
		{9281B69A-DBBE-4013-B51D-5244D9BB4C75}.Release|Any CPU.Build.0 = Debug|Any CPU
		{F3D1C0F2-1EDF-4191-BB33-912EA0DEC2A1}.Debug|Any CPU.ActiveCfg = Debug|Any CPU
		{F3D1C0F2-1EDF-4191-BB33-912EA0DEC2A1}.Debug|Any CPU.Build.0 = Debug|Any CPU
		{F3D1C0F2-1EDF-4191-BB33-912EA0DEC2A1}.Release|Any CPU.ActiveCfg = Release|Any CPU
		{F3D1C0F2-1EDF-4191-BB33-912EA0DEC2A1}.Release|Any CPU.Build.0 = Debug|Any CPU
		{FE18E143-9DCA-4D2C-9810-F53ACCC903D1}.Debug|Any CPU.ActiveCfg = Debug|Any CPU
		{FE18E143-9DCA-4D2C-9810-F53ACCC903D1}.Debug|Any CPU.Build.0 = Debug|Any CPU
		{FE18E143-9DCA-4D2C-9810-F53ACCC903D1}.Release|Any CPU.ActiveCfg = Release|Any CPU
		{FE18E143-9DCA-4D2C-9810-F53ACCC903D1}.Release|Any CPU.Build.0 = Debug|Any CPU
		{4EFEAF78-B7E0-4516-A8D6-4A055E2B6010}.Debug|Any CPU.ActiveCfg = Debug|Any CPU
		{4EFEAF78-B7E0-4516-A8D6-4A055E2B6010}.Debug|Any CPU.Build.0 = Debug|Any CPU
		{4EFEAF78-B7E0-4516-A8D6-4A055E2B6010}.Release|Any CPU.ActiveCfg = Release|Any CPU
		{4EFEAF78-B7E0-4516-A8D6-4A055E2B6010}.Release|Any CPU.Build.0 = Debug|Any CPU
		{36712ACB-356C-45CC-9437-FEE201F06DC0}.Debug|Any CPU.ActiveCfg = Debug|Any CPU
		{36712ACB-356C-45CC-9437-FEE201F06DC0}.Debug|Any CPU.Build.0 = Debug|Any CPU
		{36712ACB-356C-45CC-9437-FEE201F06DC0}.Release|Any CPU.ActiveCfg = Release|Any CPU
		{36712ACB-356C-45CC-9437-FEE201F06DC0}.Release|Any CPU.Build.0 = Debug|Any CPU
		{E8F68E5D-FE18-4B1B-AF2C-D94C8492E0D0}.Debug|Any CPU.ActiveCfg = Debug|Any CPU
		{E8F68E5D-FE18-4B1B-AF2C-D94C8492E0D0}.Debug|Any CPU.Build.0 = Debug|Any CPU
		{E8F68E5D-FE18-4B1B-AF2C-D94C8492E0D0}.Release|Any CPU.ActiveCfg = Release|Any CPU
		{E8F68E5D-FE18-4B1B-AF2C-D94C8492E0D0}.Release|Any CPU.Build.0 = Debug|Any CPU
		{E85E847D-1208-4450-8A25-BF3529A2701F}.Debug|Any CPU.ActiveCfg = Debug|Any CPU
		{E85E847D-1208-4450-8A25-BF3529A2701F}.Debug|Any CPU.Build.0 = Debug|Any CPU
		{E85E847D-1208-4450-8A25-BF3529A2701F}.Release|Any CPU.ActiveCfg = Release|Any CPU
		{E85E847D-1208-4450-8A25-BF3529A2701F}.Release|Any CPU.Build.0 = Debug|Any CPU
		{61516EAE-03EC-409E-A3B0-6FA9086F1000}.Debug|Any CPU.ActiveCfg = Debug|Any CPU
		{61516EAE-03EC-409E-A3B0-6FA9086F1000}.Debug|Any CPU.Build.0 = Debug|Any CPU
		{61516EAE-03EC-409E-A3B0-6FA9086F1000}.Release|Any CPU.ActiveCfg = Release|Any CPU
		{61516EAE-03EC-409E-A3B0-6FA9086F1000}.Release|Any CPU.Build.0 = Debug|Any CPU
	EndGlobalSection
	GlobalSection(SolutionProperties) = preSolution
		HideSolutionNode = FALSE
	EndGlobalSection
	GlobalSection(NestedProjects) = preSolution
		{893ED04E-A6AA-4A35-9E10-A1DC60B0EAE9} = {e1d60868-ab57-405f-bd03-a583fcf28146}
		{1750FF00-3316-4441-9D5E-58EBF49E5E4A} = {e1d60868-ab57-405f-bd03-a583fcf28146}
		{6A27C335-3539-4628-AE79-FE94D065640E} = {1750ff00-3316-4441-9d5e-58ebf49e5e4a}
		{9BCAD8BA-82CC-4F03-BEB1-7AE68376EBDD} = {1750ff00-3316-4441-9d5e-58ebf49e5e4a}
		{7554F998-CA8A-4AD4-8C18-48D38F06499A} = {1750ff00-3316-4441-9d5e-58ebf49e5e4a}
		{7B877E2F-C282-4A84-98A0-ECC83F3B6C37} = {1750ff00-3316-4441-9d5e-58ebf49e5e4a}
		{B136B1C2-48E2-4651-9B39-A97037822583} = {893ED04E-A6AA-4A35-9E10-A1DC60B0EAE9}
		{A2FB44F1-A131-4C4D-9257-A8A825392431} = {893ED04E-A6AA-4A35-9E10-A1DC60B0EAE9}
		{5A5DDD83-CA50-4A8E-9A8D-E1CA02FF6402} = {893ED04E-A6AA-4A35-9E10-A1DC60B0EAE9}
		{7D556455-BAED-4D6A-8250-F7AB2C249385} = {893ED04E-A6AA-4A35-9E10-A1DC60B0EAE9}
		{EB345C1F-D609-43C1-A97F-7B3B3A5A0352} = {451ACF19-7F5A-481F-A3CB-5CDB47C04ADF}
		{6A520483-5254-4978-AD53-3147ADDEFFB6} = {451ACF19-7F5A-481F-A3CB-5CDB47C04ADF}
		{6992A9F3-9832-46FD-8C7F-D2BB5777E7D9} = {451ACF19-7F5A-481F-A3CB-5CDB47C04ADF}
		{54D13C75-9E50-4ED3-B265-9FC6819EA35E} = {451ACF19-7F5A-481F-A3CB-5CDB47C04ADF}
		{D0B33CDD-97C7-4D99-A579-8FC566DE7153} = {451ACF19-7F5A-481F-A3CB-5CDB47C04ADF}
		{D79953A8-FEBC-4B13-9CDA-F7675A233481} = {451ACF19-7F5A-481F-A3CB-5CDB47C04ADF}
		{66F1C60F-BFF8-4795-9C1D-9A413801E080} = {451ACF19-7F5A-481F-A3CB-5CDB47C04ADF}
		{41282156-28F5-4BC3-B10E-35EAAC542577} = {451ACF19-7F5A-481F-A3CB-5CDB47C04ADF}
		{3C52C0A7-6CEF-4693-9EEF-C17FB3B035A6} = {451ACF19-7F5A-481F-A3CB-5CDB47C04ADF}
		{CA09C384-1354-45EE-BDB3-7A39CBFE6695} = {451ACF19-7F5A-481F-A3CB-5CDB47C04ADF}
		{6D25AA30-C3AF-4AE0-B567-0F2653120CDC} = {4572759D-F199-4506-8441-095750F0C9DE}
		{51D5F233-02F2-45F7-B4F2-60D18EF3DEC5} = {4572759D-F199-4506-8441-095750F0C9DE}
		{BA8C8C0B-470A-4D3C-B3DA-9E28599799B5} = {4572759D-F199-4506-8441-095750F0C9DE}
		{525678C4-FDC1-4A5D-9D8A-D7E78309335F} = {4572759D-F199-4506-8441-095750F0C9DE}
		{F85A14D5-64E0-4CFC-88DA-27FE9D0DD664} = {4572759D-F199-4506-8441-095750F0C9DE}
		{C3A270DE-9727-492E-91E2-F56E7E0E0F83} = {4572759D-F199-4506-8441-095750F0C9DE}
		{7D1B22F8-06A2-4D09-A3AD-D93A09A01815} = {4572759D-F199-4506-8441-095750F0C9DE}
		{E45A004F-FBEF-445C-9607-FBC89D6D4590} = {4572759D-F199-4506-8441-095750F0C9DE}
		{C72B898B-B53B-42D5-9F4F-673F84BB485B} = {4572759D-F199-4506-8441-095750F0C9DE}
		{3EF91DC7-12C9-47F3-BB18-AD3D85D1B624} = {4572759D-F199-4506-8441-095750F0C9DE}
		{33C271B9-0A43-408A-8C6A-B1A43ED065A7} = {4572759D-F199-4506-8441-095750F0C9DE}
		{2CC97C32-9FFA-4DA4-A6C0-83F300404EC3} = {4572759D-F199-4506-8441-095750F0C9DE}
		{3AC70E9C-5E33-44AF-8319-2E4F68DA86CB} = {4572759D-F199-4506-8441-095750F0C9DE}
		{950B9CDB-9286-4A1A-8D88-1DF6954A45E3} = {4572759D-F199-4506-8441-095750F0C9DE}
		{5937761D-D25B-4C6F-A5E8-FCBFA258BB4A} = {4572759D-F199-4506-8441-095750F0C9DE}
		{E5302713-0022-4657-85D8-9620818071DF} = {4572759D-F199-4506-8441-095750F0C9DE}
		{5B782535-C8FB-45A4-8959-FB184BA35F89} = {1750FF00-3316-4441-9D5E-58EBF49E5E4A}
		{7C4533B0-F75E-4909-8EDE-5FAC022DD356} = {6A27C335-3539-4628-AE79-FE94D065640E}
		{E0083B67-CD2A-4503-A94A-5AF140BF4A72} = {1750FF00-3316-4441-9D5E-58EBF49E5E4A}
		{8D2D7E8F-8415-424C-AF9C-967113BE5136} = {1750FF00-3316-4441-9D5E-58EBF49E5E4A}
		{42681747-107B-487B-9EA2-CE46754682FD} = {451ACF19-7F5A-481F-A3CB-5CDB47C04ADF}
		{D1D12E36-D3E2-40D8-9AE4-91943585E7E5} = {451ACF19-7F5A-481F-A3CB-5CDB47C04ADF}
		{9CCCD6FA-FAE9-40DA-987E-96A53923BA0D} = {ED0180E1-CEC3-48DF-975A-649955D4F76E}
		{3FF07BEF-FF15-47EE-9BF2-107623976CA5} = {451ACF19-7F5A-481F-A3CB-5CDB47C04ADF}
		{4DF63B10-6071-441E-935A-9A018707353B} = {ED0180E1-CEC3-48DF-975A-649955D4F76E}
		{02E6DE70-C94E-4B3B-B84F-CA49EAC11CC7} = {E9D91A7B-017F-410F-8176-25FFB11EB791}
		{9D29B4FA-652D-4FCC-A612-0A6F5A14657B} = {F6A16522-6C59-45F4-8374-BD1CAE259C14}
		{2A0EADDF-C8EC-4992-84CD-3B699A0DFCB8} = {F6A16522-6C59-45F4-8374-BD1CAE259C14}
		{48CD0A93-2377-490C-A00B-5064814CBF00} = {9BCAD8BA-82CC-4F03-BEB1-7AE68376EBDD}
		{FB678328-9139-405E-AC9D-2EAD41D04D7C} = {9D2A0556-9590-4A44-9D85-F0FF9706487C}
		{63B010FA-FB07-478F-8DF1-FDE9F829B55E} = {E9D91A7B-017F-410F-8176-25FFB11EB791}
		{EA1C06A1-FF7E-43F7-9515-7A6BC9BC3CCE} = {F01CF4A2-DDD2-4604-AB7D-67074160E331}
		{3B2B1C5F-8E65-4985-AC14-2973E07C6A56} = {9DB449B9-75FF-47DE-86A7-D80B73586B11}
		{6D1CEFE4-19FD-45C7-BEE0-81A01F444A6B} = {9DB449B9-75FF-47DE-86A7-D80B73586B11}
		{15F69EEC-2E09-4FF7-8EE1-D7C80804524C} = {7554F998-CA8A-4AD4-8C18-48D38F06499A}
		{9281B69A-DBBE-4013-B51D-5244D9BB4C75} = {A68B48F7-56D5-4BDF-BD97-EA7F74DCD682}
		{F3D1C0F2-1EDF-4191-BB33-912EA0DEC2A1} = {F01CF4A2-DDD2-4604-AB7D-67074160E331}
		{FE18E143-9DCA-4D2C-9810-F53ACCC903D1} = {AA934C3C-C922-49D6-AB7A-73FEA2E9D525}
		{4EFEAF78-B7E0-4516-A8D6-4A055E2B6010} = {EC332702-B1AE-43C1-AE96-893F086586DF}
		{36712ACB-356C-45CC-9437-FEE201F06DC0} = {EC332702-B1AE-43C1-AE96-893F086586DF}
		{E8F68E5D-FE18-4B1B-AF2C-D94C8492E0D0} = {7B877E2F-C282-4A84-98A0-ECC83F3B6C37}
		{E85E847D-1208-4450-8A25-BF3529A2701F} = {EDC628AE-E8DC-48E7-8F13-40EE65447B3B}
		{61516EAE-03EC-409E-A3B0-6FA9086F1000} = {AA934C3C-C922-49D6-AB7A-73FEA2E9D525}
    EndGlobalSection
EndGlobal
