Microsoft Visual Studio Solution File, Format Version 12.00
# Visual Studio 14
VisualStudioVersion = 14.0.25420.1
MinimumVisualStudioVersion = 10.0.40219.1
Project("{2150E333-8FDC-42A3-9474-1A3956D46DE8}") = "UI", "UI", "{DC7261B3-F224-4CE5-9DB4-7BABA312E471}"
EndProject
Project("{2150E333-8FDC-42A3-9474-1A3956D46DE8}") = "Web", "Web", "{8B65FF37-DB8C-4E95-978B-8702615D7585}"
EndProject
Project("{2150E333-8FDC-42A3-9474-1A3956D46DE8}") = "Core", "Core", "{05895EAF-C1F5-4051-A547-3F8DACFAD159}"
EndProject
Project("{2150E333-8FDC-42A3-9474-1A3956D46DE8}") = "Frameworks", "Frameworks", "{05C10A29-FB35-4580-B576-801C35CB2090}"
EndProject
Project("{2150E333-8FDC-42A3-9474-1A3956D46DE8}") = "MVVMLight", "MVVMLight", "{5E5620A8-9950-4B8E-986A-61F24434527C}"
EndProject
Project("{2150E333-8FDC-42A3-9474-1A3956D46DE8}") = "Shared", "Shared", "{C15A078A-8077-47F0-9D33-C227E6B032A6}"
EndProject
Project("{2150E333-8FDC-42A3-9474-1A3956D46DE8}") = "Wcf", "Wcf", "{7A86DB2D-926C-4BA2-8693-9C8E0D02AAE4}"
EndProject
Project("{2150E333-8FDC-42A3-9474-1A3956D46DE8}") = "Core.X", "Core.X", "{59D539A5-2856-4077-8F2A-EB283704BC5F}"
EndProject
Project("{2150E333-8FDC-42A3-9474-1A3956D46DE8}") = "Frameworks.X", "Frameworks.X", "{5EEA6D30-190F-4FEC-9409-863A5751E8B4}"
EndProject
Project("{2150E333-8FDC-42A3-9474-1A3956D46DE8}") = "Shared.X", "Shared.X", "{FFD5B0E1-05DF-469B-9E53-C5BAF4D71B50}"
EndProject
Project("{2150E333-8FDC-42A3-9474-1A3956D46DE8}") = "Web.X", "Web.X", "{80D857B5-366F-4F1D-B64B-8EDFA4E3B67D}"
EndProject

Project("{2150E333-8FDC-42A3-9474-1A3956D46DE8}") = ".nuget", ".nuget", "{C7AFD4E1-D307-437A-A664-00C8BAD46061}"
	ProjectSection(SolutionItems) = preProject
		.nuget\NuGet.Config = .nuget\NuGet.Config
		.nuget\NuGet.exe = .nuget\NuGet.exe
		.nuget\NuGet.targets = .nuget\NuGet.targets
	EndProjectSection
EndProject
Project("{FAE04EC0-301F-11D3-BF4B-00C04F79EFBC}") = "MSBuildExtensionPack.AspNetMvc40ApiController", "MSBuildExtensionPack\UI\Web\AspNetMvc40ApiController\MSBuildExtensionPack.AspNetMvc40ApiController.csproj", "{B136B1C2-48E2-4651-9B39-A97037822583}"
EndProject
Project("{FAE04EC0-301F-11D3-BF4B-00C04F79EFBC}") = "MSBuildExtensionPack.AspNetMvc40Rasor", "MSBuildExtensionPack\UI\Web\AspNetMvc40Rasor\MSBuildExtensionPack.AspNetMvc40Rasor.csproj", "{A2FB44F1-A131-4C4D-9257-A8A825392431}"
EndProject
Project("{FAE04EC0-301F-11D3-BF4B-00C04F79EFBC}") = "MSBuildExtensionPack.AspNetMvc40ViewModel", "MSBuildExtensionPack\UI\Web\AspNetMvc40ViewModel\MSBuildExtensionPack.AspNetMvc40ViewModel.csproj", "{5A5DDD83-CA50-4A8E-9A8D-E1CA02FF6402}"
EndProject
Project("{FAE04EC0-301F-11D3-BF4B-00C04F79EFBC}") = "MSBuildExtensionPack.CommonBLL", "MSBuildExtensionPack\Core\CommonBLL\MSBuildExtensionPack.CommonBLL.csproj", "{EB345C1F-D609-43C1-A97F-7B3B3A5A0352}"
EndProject
Project("{FAE04EC0-301F-11D3-BF4B-00C04F79EFBC}") = "MSBuildExtensionPack.CommonBLLEntities", "MSBuildExtensionPack\Core\CommonBLLEntities\MSBuildExtensionPack.CommonBLLEntities.csproj", "{6A520483-5254-4978-AD53-3147ADDEFFB6}"
EndProject
Project("{FAE04EC0-301F-11D3-BF4B-00C04F79EFBC}") = "MSBuildExtensionPack.CommonBLLIoC", "MSBuildExtensionPack\Core\CommonBLLIoC\MSBuildExtensionPack.CommonBLLIoC.csproj", "{6992A9F3-9832-46FD-8C7F-D2BB5777E7D9}"
EndProject
Project("{FAE04EC0-301F-11D3-BF4B-00C04F79EFBC}") = "MSBuildExtensionPack.DALContracts", "MSBuildExtensionPack\Core\DALContracts\MSBuildExtensionPack.DALContracts.csproj", "{54D13C75-9E50-4ED3-B265-9FC6819EA35E}"
EndProject
Project("{FAE04EC0-301F-11D3-BF4B-00C04F79EFBC}") = "MSBuildExtensionPack.DataSourceEntities", "MSBuildExtensionPack\Core\DataSourceEntities\MSBuildExtensionPack.DataSourceEntities.csproj", "{D0B33CDD-97C7-4D99-A579-8FC566DE7153}"
EndProject
Project("{FAE04EC0-301F-11D3-BF4B-00C04F79EFBC}") = "MSBuildExtensionPack.EntityContracts", "MSBuildExtensionPack\Core\EntityContracts\MSBuildExtensionPack.EntityContracts.csproj", "{D79953A8-FEBC-4B13-9CDA-F7675A233481}"
EndProject
Project("{FAE04EC0-301F-11D3-BF4B-00C04F79EFBC}") = "MSBuildExtensionPack.EntityFrameworkContextV6", "MSBuildExtensionPack\Core\EntityFrameworkContextV6\MSBuildExtensionPack.EntityFrameworkContextV6.csproj", "{66F1C60F-BFF8-4795-9C1D-9A413801E080}"
EndProject
Project("{FAE04EC0-301F-11D3-BF4B-00C04F79EFBC}") = "MSBuildExtensionPack.EntityFrameworkContextV6CodeFirst", "MSBuildExtensionPack\Core\EntityFrameworkContextV6CodeFirst\MSBuildExtensionPack.EntityFrameworkContextV6CodeFirst.csproj", "{41282156-28F5-4BC3-B10E-35EAAC542577}"
EndProject
Project("{FAE04EC0-301F-11D3-BF4B-00C04F79EFBC}") = "MSBuildExtensionPack.EntityFrameworkDALV6", "MSBuildExtensionPack\Core\EntityFrameworkDALV6\MSBuildExtensionPack.EntityFrameworkDALV6.csproj", "{3C52C0A7-6CEF-4693-9EEF-C17FB3B035A6}"
EndProject
Project("{FAE04EC0-301F-11D3-BF4B-00C04F79EFBC}") = "MSBuildExtensionPack.EntityFrameworkDALV6CodeFirst", "MSBuildExtensionPack\Core\EntityFrameworkDALV6CodeFirst\MSBuildExtensionPack.EntityFrameworkDALV6CodeFirst.csproj", "{CA09C384-1354-45EE-BDB3-7A39CBFE6695}"
EndProject
Project("{FAE04EC0-301F-11D3-BF4B-00C04F79EFBC}") = "Framework", "Frameworks\Framework\Framework.csproj", "{6D25AA30-C3AF-4AE0-B567-0F2653120CDC}"
EndProject
Project("{FAE04EC0-301F-11D3-BF4B-00C04F79EFBC}") = "Framework.Charting", "Frameworks\Framework.Charting\Framework.Charting.csproj", "{51D5F233-02F2-45F7-B4F2-60D18EF3DEC5}"
EndProject
Project("{FAE04EC0-301F-11D3-BF4B-00C04F79EFBC}") = "Framework.CommonBLLEntities", "Frameworks\Framework.CommonBLLEntities\Framework.CommonBLLEntities.csproj", "{BA8C8C0B-470A-4D3C-B3DA-9E28599799B5}"
EndProject
Project("{FAE04EC0-301F-11D3-BF4B-00C04F79EFBC}") = "Framework.DAL", "Frameworks\Framework.DAL\Framework.DAL.csproj", "{525678C4-FDC1-4A5D-9D8A-D7E78309335F}"
EndProject
Project("{FAE04EC0-301F-11D3-BF4B-00C04F79EFBC}") = "Framework.DataSourceEntities", "Frameworks\Framework.DataSourceEntities\Framework.DataSourceEntities.csproj", "{F85A14D5-64E0-4CFC-88DA-27FE9D0DD664}"
EndProject
Project("{FAE04EC0-301F-11D3-BF4B-00C04F79EFBC}") = "Framework.EntityContracts", "Frameworks\Framework.EntityContracts\Framework.EntityContracts.csproj", "{C3A270DE-9727-492E-91E2-F56E7E0E0F83}"
EndProject
Project("{FAE04EC0-301F-11D3-BF4B-00C04F79EFBC}") = "Framework.LinqDAL", "Frameworks\Framework.LinqDAL\Framework.LinqDAL.csproj", "{7D1B22F8-06A2-4D09-A3AD-D93A09A01815}"
EndProject
Project("{FAE04EC0-301F-11D3-BF4B-00C04F79EFBC}") = "Framework.Mvc", "Frameworks\Framework.Mvc\Framework.Mvc.csproj", "{E45A004F-FBEF-445C-9607-FBC89D6D4590}"
EndProject
Project("{FAE04EC0-301F-11D3-BF4B-00C04F79EFBC}") = "Framework.Resources", "Frameworks\Framework.Resources\Framework.Resources.csproj", "{C72B898B-B53B-42D5-9F4F-673F84BB485B}"
EndProject
Project("{FAE04EC0-301F-11D3-BF4B-00C04F79EFBC}") = "Framework.Services", "Frameworks\Framework.Services\Framework.Services.csproj", "{3EF91DC7-12C9-47F3-BB18-AD3D85D1B624}"
EndProject
Project("{FAE04EC0-301F-11D3-BF4B-00C04F79EFBC}") = "Framework.ViewModels", "Frameworks\Framework.ViewModels\Framework.ViewModels.csproj", "{2CC97C32-9FFA-4DA4-A6C0-83F300404EC3}"
EndProject
Project("{FAE04EC0-301F-11D3-BF4B-00C04F79EFBC}") = "Framework.Web", "Frameworks\Framework.Web\Framework.Web.csproj", "{950B9CDB-9286-4A1A-8D88-1DF6954A45E3}"
EndProject
Project("{FAE04EC0-301F-11D3-BF4B-00C04F79EFBC}") = "Framework.Xaml", "Frameworks\Framework.Xaml\Framework.Xaml.csproj", "{E5302713-0022-4657-85D8-9620818071DF}"
EndProject
Project("{FAE04EC0-301F-11D3-BF4B-00C04F79EFBC}") = "MSBuildExtensionPack.MVVMLightViewModels", "MSBuildExtensionPack\UI\MVVMLight\Shared\MVVMLightViewModels\MSBuildExtensionPack.MVVMLightViewModels.csproj", "{AEBA199A-084C-4FFC-B215-D080E50C81DF}"
EndProject
Project("{FAE04EC0-301F-11D3-BF4B-00C04F79EFBC}") = "MSBuildExtensionPack.WPF4App", "MSBuildExtensionPack\UI\MVVMLight\WPF4App\MSBuildExtensionPack.WPF4App.csproj", "{8D2D7E8F-8415-424C-AF9C-967113BE5136}"
EndProject
Project("{FAE04EC0-301F-11D3-BF4B-00C04F79EFBC}") = "MSBuildExtensionPack.Resources", "MSBuildExtensionPack\Core\Resources\MSBuildExtensionPack.Resources.csproj", "{42681747-107B-487B-9EA2-CE46754682FD}"
EndProject
Project("{FAE04EC0-301F-11D3-BF4B-00C04F79EFBC}") = "MSBuildExtensionPack.ViewModelData", "MSBuildExtensionPack\Core\ViewModelData\MSBuildExtensionPack.ViewModelData.csproj", "{59622778-B13C-464E-98F7-EA662653AF27}"
EndProject
Project("{FAE04EC0-301F-11D3-BF4B-00C04F79EFBC}") = "MSBuildExtensionPack.VS2012DatabaseProject", "MSBuildExtensionPack\Core\VS2012DatabaseProject\MSBuildExtensionPack.VS2012DatabaseProject.sqlproj", "{D1D12E36-D3E2-40D8-9AE4-91943585E7E5}"
EndProject
Project("{FAE04EC0-301F-11D3-BF4B-00C04F79EFBC}") = "MSBuildExtensionPack.WcfClientBLL", "MSBuildExtensionPack\Wcf\WcfClientBLL\MSBuildExtensionPack.WcfClientBLL.csproj", "{9CCCD6FA-FAE9-40DA-987E-96A53923BA0D}"
EndProject
Project("{FAE04EC0-301F-11D3-BF4B-00C04F79EFBC}") = "MSBuildExtensionPack.WcfContracts", "MSBuildExtensionPack\Core\WcfContracts\MSBuildExtensionPack.WcfContracts.csproj", "{3FF07BEF-FF15-47EE-9BF2-107623976CA5}"
EndProject
Project("{FAE04EC0-301F-11D3-BF4B-00C04F79EFBC}") = "MSBuildExtensionPack.WcfWebApp", "MSBuildExtensionPack\Wcf\WcfWebApp\MSBuildExtensionPack.WcfWebApp.csproj", "{4DF63B10-6071-441E-935A-9A018707353B}"
EndProject
Project("{FAE04EC0-301F-11D3-BF4B-00C04F79EFBC}") = "MSBuildExtensionPack.WebApiClient", "MSBuildExtensionPack\UI\Web\WebApiClient\MSBuildExtensionPack.WebApiClient.csproj", "{C126EA08-56E0-4AA7-85D3-1FE40FED592D}"
EndProject
Project("{FAE04EC0-301F-11D3-BF4B-00C04F79EFBC}") = "MSBuildExtensionPack.CommonBLLEntities.X", "MSBuildExtensionPack\Core.X\CommonBLLEntities.X\MSBuildExtensionPack.CommonBLLEntities.X.csproj", "{3097E99F-B10C-4335-9D39-25F53642B272}"
EndProject
Project("{FAE04EC0-301F-11D3-BF4B-00C04F79EFBC}") = "MSBuildExtensionPack.DataSourceEntities.X", "MSBuildExtensionPack\Core.X\DataSourceEntities.X\MSBuildExtensionPack.DataSourceEntities.X.csproj", "{7A9ED7B9-4CB5-40DF-89DF-4293BFB4DE22}"
EndProject
Project("{FAE04EC0-301F-11D3-BF4B-00C04F79EFBC}") = "MSBuildExtensionPack.EntityContracts.X", "MSBuildExtensionPack\Core.X\EntityContracts.X\MSBuildExtensionPack.EntityContracts.X.csproj", "{9B54200D-20F0-4380-BD15-F6211718853A}"
EndProject
Project("{FAE04EC0-301F-11D3-BF4B-00C04F79EFBC}") = "Framework.X", "Frameworks.X\Framework.X\Framework.X.csproj", "{CAB19F30-0455-443C-B7A3-BA943AAA9D15}"
EndProject
Project("{FAE04EC0-301F-11D3-BF4B-00C04F79EFBC}") = "Framework.CommonBLLEntities.X", "Frameworks.X\Framework.CommonBLLEntities.X\Framework.CommonBLLEntities.X.csproj", "{BD3F8DE3-CF0F-4187-915C-B5D9F76C2D67}"
EndProject
Project("{FAE04EC0-301F-11D3-BF4B-00C04F79EFBC}") = "Framework.DAL.X", "Frameworks.X\Framework.DAL.X\Framework.DAL.X.csproj", "{C41FD193-E8A9-4C77-93D1-3B464D58A876}"
EndProject
Project("{FAE04EC0-301F-11D3-BF4B-00C04F79EFBC}") = "Framework.DataSourceEntities.X", "Frameworks.X\Framework.DataSourceEntities.X\Framework.DataSourceEntities.X.csproj", "{B9131050-FD8E-404D-A135-11E210CDD438}"
EndProject
Project("{FAE04EC0-301F-11D3-BF4B-00C04F79EFBC}") = "Framework.EntityContracts.X", "Frameworks.X\Framework.EntityContracts.X\Framework.EntityContracts.X.csproj", "{81863781-AA71-4530-A59C-04D2153DDD30}"
EndProject
Project("{FAE04EC0-301F-11D3-BF4B-00C04F79EFBC}") = "Framework.Resources.X", "Frameworks.X\Framework.Resources.X\Framework.Resources.X.csproj", "{DEA601B6-A706-4EEF-813A-ECA44E67CA3D}"
EndProject
Project("{FAE04EC0-301F-11D3-BF4B-00C04F79EFBC}") = "Framework.ViewModels.X", "Frameworks.X\Framework.ViewModels.X\Framework.ViewModels.X.csproj", "{9EBB2439-1A6E-4D2F-B8BB-F09A1E76293E}"
EndProject
Project("{FAE04EC0-301F-11D3-BF4B-00C04F79EFBC}") = "Framework.Xaml.X", "Frameworks.X\Framework.Xaml.X\Framework.Xaml.X.csproj", "{3F42D127-AAA5-4810-B593-8F2A426BCE05}"
EndProject
Project("{FAE04EC0-301F-11D3-BF4B-00C04F79EFBC}") = "MSBuildExtensionPack.MVVMLightViewModels.X", "MSBuildExtensionPack\UI\MVVMLight\Shared.X\MVVMLightViewModels.X\MSBuildExtensionPack.MVVMLightViewModels.X.csproj", "{3C6A61C1-2044-4FDE-8729-5917787D58AA}"
EndProject
Project("{FAE04EC0-301F-11D3-BF4B-00C04F79EFBC}") = "MSBuildExtensionPack.Resources.X", "MSBuildExtensionPack\Core.X\Resources.X\MSBuildExtensionPack.Resources.X.csproj", "{F3AFC236-AE5E-4549-9C5C-08C10C4C9271}"
EndProject
Project("{FAE04EC0-301F-11D3-BF4B-00C04F79EFBC}") = "MSBuildExtensionPack.ViewModelData.X", "MSBuildExtensionPack\Core.X\ViewModelData.X\MSBuildExtensionPack.ViewModelData.X.csproj", "{D1609968-BD0D-4112-A3F7-FD48EC7FC7A4}"
EndProject
Project("{FAE04EC0-301F-11D3-BF4B-00C04F79EFBC}") = "MSBuildExtensionPack.WebApiClient.X", "MSBuildExtensionPack\UI\Web.X\WebApiClient.X\MSBuildExtensionPack.WebApiClient.X.csproj", "{9AAB8C12-451C-44E8-A951-B7684BE71323}"
EndProject

Global
	GlobalSection(SolutionConfigurationPlatforms) = preSolution
		Debug|Any CPU = Debug|Any CPU
		Release|Any CPU = Release|Any CPU
	EndGlobalSection
	GlobalSection(ProjectConfigurationPlatforms) = postSolution
		{B136B1C2-48E2-4651-9B39-A97037822583}.Debug|Any CPU.ActiveCfg = Debug|Any CPU
		{B136B1C2-48E2-4651-9B39-A97037822583}.Debug|Any CPU.Build.0 = Debug|Any CPU
		{B136B1C2-48E2-4651-9B39-A97037822583}.Release|Any CPU.ActiveCfg = Release|Any CPU
		{B136B1C2-48E2-4651-9B39-A97037822583}.Release|Any CPU.Build.0 = Debug|Any CPU
		{A2FB44F1-A131-4C4D-9257-A8A825392431}.Debug|Any CPU.ActiveCfg = Debug|Any CPU
		{A2FB44F1-A131-4C4D-9257-A8A825392431}.Debug|Any CPU.Build.0 = Debug|Any CPU
		{A2FB44F1-A131-4C4D-9257-A8A825392431}.Release|Any CPU.ActiveCfg = Release|Any CPU
		{A2FB44F1-A131-4C4D-9257-A8A825392431}.Release|Any CPU.Build.0 = Debug|Any CPU
		{5A5DDD83-CA50-4A8E-9A8D-E1CA02FF6402}.Debug|Any CPU.ActiveCfg = Debug|Any CPU
		{5A5DDD83-CA50-4A8E-9A8D-E1CA02FF6402}.Debug|Any CPU.Build.0 = Debug|Any CPU
		{5A5DDD83-CA50-4A8E-9A8D-E1CA02FF6402}.Release|Any CPU.ActiveCfg = Release|Any CPU
		{5A5DDD83-CA50-4A8E-9A8D-E1CA02FF6402}.Release|Any CPU.Build.0 = Debug|Any CPU
		{EB345C1F-D609-43C1-A97F-7B3B3A5A0352}.Debug|Any CPU.ActiveCfg = Debug|Any CPU
		{EB345C1F-D609-43C1-A97F-7B3B3A5A0352}.Debug|Any CPU.Build.0 = Debug|Any CPU
		{EB345C1F-D609-43C1-A97F-7B3B3A5A0352}.Release|Any CPU.ActiveCfg = Release|Any CPU
		{EB345C1F-D609-43C1-A97F-7B3B3A5A0352}.Release|Any CPU.Build.0 = Debug|Any CPU
		{6A520483-5254-4978-AD53-3147ADDEFFB6}.Debug|Any CPU.ActiveCfg = Debug|Any CPU
		{6A520483-5254-4978-AD53-3147ADDEFFB6}.Debug|Any CPU.Build.0 = Debug|Any CPU
		{6A520483-5254-4978-AD53-3147ADDEFFB6}.Release|Any CPU.ActiveCfg = Release|Any CPU
		{6A520483-5254-4978-AD53-3147ADDEFFB6}.Release|Any CPU.Build.0 = Debug|Any CPU
		{6992A9F3-9832-46FD-8C7F-D2BB5777E7D9}.Debug|Any CPU.ActiveCfg = Debug|Any CPU
		{6992A9F3-9832-46FD-8C7F-D2BB5777E7D9}.Debug|Any CPU.Build.0 = Debug|Any CPU
		{6992A9F3-9832-46FD-8C7F-D2BB5777E7D9}.Release|Any CPU.ActiveCfg = Release|Any CPU
		{6992A9F3-9832-46FD-8C7F-D2BB5777E7D9}.Release|Any CPU.Build.0 = Debug|Any CPU
		{54D13C75-9E50-4ED3-B265-9FC6819EA35E}.Debug|Any CPU.ActiveCfg = Debug|Any CPU
		{54D13C75-9E50-4ED3-B265-9FC6819EA35E}.Debug|Any CPU.Build.0 = Debug|Any CPU
		{54D13C75-9E50-4ED3-B265-9FC6819EA35E}.Release|Any CPU.ActiveCfg = Release|Any CPU
		{54D13C75-9E50-4ED3-B265-9FC6819EA35E}.Release|Any CPU.Build.0 = Debug|Any CPU
		{D0B33CDD-97C7-4D99-A579-8FC566DE7153}.Debug|Any CPU.ActiveCfg = Debug|Any CPU
		{D0B33CDD-97C7-4D99-A579-8FC566DE7153}.Debug|Any CPU.Build.0 = Debug|Any CPU
		{D0B33CDD-97C7-4D99-A579-8FC566DE7153}.Release|Any CPU.ActiveCfg = Release|Any CPU
		{D0B33CDD-97C7-4D99-A579-8FC566DE7153}.Release|Any CPU.Build.0 = Debug|Any CPU
		{D79953A8-FEBC-4B13-9CDA-F7675A233481}.Debug|Any CPU.ActiveCfg = Debug|Any CPU
		{D79953A8-FEBC-4B13-9CDA-F7675A233481}.Debug|Any CPU.Build.0 = Debug|Any CPU
		{D79953A8-FEBC-4B13-9CDA-F7675A233481}.Release|Any CPU.ActiveCfg = Release|Any CPU
		{D79953A8-FEBC-4B13-9CDA-F7675A233481}.Release|Any CPU.Build.0 = Debug|Any CPU
		{66F1C60F-BFF8-4795-9C1D-9A413801E080}.Debug|Any CPU.ActiveCfg = Debug|Any CPU
		{66F1C60F-BFF8-4795-9C1D-9A413801E080}.Debug|Any CPU.Build.0 = Debug|Any CPU
		{66F1C60F-BFF8-4795-9C1D-9A413801E080}.Release|Any CPU.ActiveCfg = Release|Any CPU
		{66F1C60F-BFF8-4795-9C1D-9A413801E080}.Release|Any CPU.Build.0 = Debug|Any CPU
		{41282156-28F5-4BC3-B10E-35EAAC542577}.Debug|Any CPU.ActiveCfg = Debug|Any CPU
		{41282156-28F5-4BC3-B10E-35EAAC542577}.Debug|Any CPU.Build.0 = Debug|Any CPU
		{41282156-28F5-4BC3-B10E-35EAAC542577}.Release|Any CPU.ActiveCfg = Release|Any CPU
		{41282156-28F5-4BC3-B10E-35EAAC542577}.Release|Any CPU.Build.0 = Debug|Any CPU
		{3C52C0A7-6CEF-4693-9EEF-C17FB3B035A6}.Debug|Any CPU.ActiveCfg = Debug|Any CPU
		{3C52C0A7-6CEF-4693-9EEF-C17FB3B035A6}.Debug|Any CPU.Build.0 = Debug|Any CPU
		{3C52C0A7-6CEF-4693-9EEF-C17FB3B035A6}.Release|Any CPU.ActiveCfg = Release|Any CPU
		{3C52C0A7-6CEF-4693-9EEF-C17FB3B035A6}.Release|Any CPU.Build.0 = Debug|Any CPU
		{CA09C384-1354-45EE-BDB3-7A39CBFE6695}.Debug|Any CPU.ActiveCfg = Debug|Any CPU
		{CA09C384-1354-45EE-BDB3-7A39CBFE6695}.Debug|Any CPU.Build.0 = Debug|Any CPU
		{CA09C384-1354-45EE-BDB3-7A39CBFE6695}.Release|Any CPU.ActiveCfg = Release|Any CPU
		{CA09C384-1354-45EE-BDB3-7A39CBFE6695}.Release|Any CPU.Build.0 = Debug|Any CPU
		{6D25AA30-C3AF-4AE0-B567-0F2653120CDC}.Debug|Any CPU.ActiveCfg = Debug|Any CPU
		{6D25AA30-C3AF-4AE0-B567-0F2653120CDC}.Debug|Any CPU.Build.0 = Debug|Any CPU
		{6D25AA30-C3AF-4AE0-B567-0F2653120CDC}.Release|Any CPU.ActiveCfg = Release|Any CPU
		{6D25AA30-C3AF-4AE0-B567-0F2653120CDC}.Release|Any CPU.Build.0 = Debug|Any CPU
		{51D5F233-02F2-45F7-B4F2-60D18EF3DEC5}.Debug|Any CPU.ActiveCfg = Debug|Any CPU
		{51D5F233-02F2-45F7-B4F2-60D18EF3DEC5}.Debug|Any CPU.Build.0 = Debug|Any CPU
		{51D5F233-02F2-45F7-B4F2-60D18EF3DEC5}.Release|Any CPU.ActiveCfg = Release|Any CPU
		{51D5F233-02F2-45F7-B4F2-60D18EF3DEC5}.Release|Any CPU.Build.0 = Debug|Any CPU
		{BA8C8C0B-470A-4D3C-B3DA-9E28599799B5}.Debug|Any CPU.ActiveCfg = Debug|Any CPU
		{BA8C8C0B-470A-4D3C-B3DA-9E28599799B5}.Debug|Any CPU.Build.0 = Debug|Any CPU
		{BA8C8C0B-470A-4D3C-B3DA-9E28599799B5}.Release|Any CPU.ActiveCfg = Release|Any CPU
		{BA8C8C0B-470A-4D3C-B3DA-9E28599799B5}.Release|Any CPU.Build.0 = Debug|Any CPU
		{525678C4-FDC1-4A5D-9D8A-D7E78309335F}.Debug|Any CPU.ActiveCfg = Debug|Any CPU
		{525678C4-FDC1-4A5D-9D8A-D7E78309335F}.Debug|Any CPU.Build.0 = Debug|Any CPU
		{525678C4-FDC1-4A5D-9D8A-D7E78309335F}.Release|Any CPU.ActiveCfg = Release|Any CPU
		{525678C4-FDC1-4A5D-9D8A-D7E78309335F}.Release|Any CPU.Build.0 = Debug|Any CPU
		{F85A14D5-64E0-4CFC-88DA-27FE9D0DD664}.Debug|Any CPU.ActiveCfg = Debug|Any CPU
		{F85A14D5-64E0-4CFC-88DA-27FE9D0DD664}.Debug|Any CPU.Build.0 = Debug|Any CPU
		{F85A14D5-64E0-4CFC-88DA-27FE9D0DD664}.Release|Any CPU.ActiveCfg = Release|Any CPU
		{F85A14D5-64E0-4CFC-88DA-27FE9D0DD664}.Release|Any CPU.Build.0 = Debug|Any CPU
		{C3A270DE-9727-492E-91E2-F56E7E0E0F83}.Debug|Any CPU.ActiveCfg = Debug|Any CPU
		{C3A270DE-9727-492E-91E2-F56E7E0E0F83}.Debug|Any CPU.Build.0 = Debug|Any CPU
		{C3A270DE-9727-492E-91E2-F56E7E0E0F83}.Release|Any CPU.ActiveCfg = Release|Any CPU
		{C3A270DE-9727-492E-91E2-F56E7E0E0F83}.Release|Any CPU.Build.0 = Debug|Any CPU
		{7D1B22F8-06A2-4D09-A3AD-D93A09A01815}.Debug|Any CPU.ActiveCfg = Debug|Any CPU
		{7D1B22F8-06A2-4D09-A3AD-D93A09A01815}.Debug|Any CPU.Build.0 = Debug|Any CPU
		{7D1B22F8-06A2-4D09-A3AD-D93A09A01815}.Release|Any CPU.ActiveCfg = Release|Any CPU
		{7D1B22F8-06A2-4D09-A3AD-D93A09A01815}.Release|Any CPU.Build.0 = Debug|Any CPU
		{E45A004F-FBEF-445C-9607-FBC89D6D4590}.Debug|Any CPU.ActiveCfg = Debug|Any CPU
		{E45A004F-FBEF-445C-9607-FBC89D6D4590}.Debug|Any CPU.Build.0 = Debug|Any CPU
		{E45A004F-FBEF-445C-9607-FBC89D6D4590}.Release|Any CPU.ActiveCfg = Release|Any CPU
		{E45A004F-FBEF-445C-9607-FBC89D6D4590}.Release|Any CPU.Build.0 = Debug|Any CPU
		{C72B898B-B53B-42D5-9F4F-673F84BB485B}.Debug|Any CPU.ActiveCfg = Debug|Any CPU
		{C72B898B-B53B-42D5-9F4F-673F84BB485B}.Debug|Any CPU.Build.0 = Debug|Any CPU
		{C72B898B-B53B-42D5-9F4F-673F84BB485B}.Release|Any CPU.ActiveCfg = Release|Any CPU
		{C72B898B-B53B-42D5-9F4F-673F84BB485B}.Release|Any CPU.Build.0 = Debug|Any CPU
		{3EF91DC7-12C9-47F3-BB18-AD3D85D1B624}.Debug|Any CPU.ActiveCfg = Debug|Any CPU
		{3EF91DC7-12C9-47F3-BB18-AD3D85D1B624}.Debug|Any CPU.Build.0 = Debug|Any CPU
		{3EF91DC7-12C9-47F3-BB18-AD3D85D1B624}.Release|Any CPU.ActiveCfg = Release|Any CPU
		{3EF91DC7-12C9-47F3-BB18-AD3D85D1B624}.Release|Any CPU.Build.0 = Debug|Any CPU
		{2CC97C32-9FFA-4DA4-A6C0-83F300404EC3}.Debug|Any CPU.ActiveCfg = Debug|Any CPU
		{2CC97C32-9FFA-4DA4-A6C0-83F300404EC3}.Debug|Any CPU.Build.0 = Debug|Any CPU
		{2CC97C32-9FFA-4DA4-A6C0-83F300404EC3}.Release|Any CPU.ActiveCfg = Release|Any CPU
		{2CC97C32-9FFA-4DA4-A6C0-83F300404EC3}.Release|Any CPU.Build.0 = Debug|Any CPU
		{950B9CDB-9286-4A1A-8D88-1DF6954A45E3}.Debug|Any CPU.ActiveCfg = Debug|Any CPU
		{950B9CDB-9286-4A1A-8D88-1DF6954A45E3}.Debug|Any CPU.Build.0 = Debug|Any CPU
		{950B9CDB-9286-4A1A-8D88-1DF6954A45E3}.Release|Any CPU.ActiveCfg = Release|Any CPU
		{950B9CDB-9286-4A1A-8D88-1DF6954A45E3}.Release|Any CPU.Build.0 = Debug|Any CPU
		{E5302713-0022-4657-85D8-9620818071DF}.Debug|Any CPU.ActiveCfg = Debug|Any CPU
		{E5302713-0022-4657-85D8-9620818071DF}.Debug|Any CPU.Build.0 = Debug|Any CPU
		{E5302713-0022-4657-85D8-9620818071DF}.Release|Any CPU.ActiveCfg = Release|Any CPU
		{E5302713-0022-4657-85D8-9620818071DF}.Release|Any CPU.Build.0 = Debug|Any CPU
		{AEBA199A-084C-4FFC-B215-D080E50C81DF}.Debug|Any CPU.ActiveCfg = Debug|Any CPU
		{AEBA199A-084C-4FFC-B215-D080E50C81DF}.Debug|Any CPU.Build.0 = Debug|Any CPU
		{AEBA199A-084C-4FFC-B215-D080E50C81DF}.Release|Any CPU.ActiveCfg = Release|Any CPU
		{AEBA199A-084C-4FFC-B215-D080E50C81DF}.Release|Any CPU.Build.0 = Debug|Any CPU
		{8D2D7E8F-8415-424C-AF9C-967113BE5136}.Debug|Any CPU.ActiveCfg = Debug|Any CPU
		{8D2D7E8F-8415-424C-AF9C-967113BE5136}.Debug|Any CPU.Build.0 = Debug|Any CPU
		{8D2D7E8F-8415-424C-AF9C-967113BE5136}.Release|Any CPU.ActiveCfg = Release|Any CPU
		{8D2D7E8F-8415-424C-AF9C-967113BE5136}.Release|Any CPU.Build.0 = Debug|Any CPU
		{42681747-107B-487B-9EA2-CE46754682FD}.Debug|Any CPU.ActiveCfg = Debug|Any CPU
		{42681747-107B-487B-9EA2-CE46754682FD}.Debug|Any CPU.Build.0 = Debug|Any CPU
		{42681747-107B-487B-9EA2-CE46754682FD}.Release|Any CPU.ActiveCfg = Release|Any CPU
		{42681747-107B-487B-9EA2-CE46754682FD}.Release|Any CPU.Build.0 = Debug|Any CPU
		{59622778-B13C-464E-98F7-EA662653AF27}.Debug|Any CPU.ActiveCfg = Debug|Any CPU
		{59622778-B13C-464E-98F7-EA662653AF27}.Debug|Any CPU.Build.0 = Debug|Any CPU
		{59622778-B13C-464E-98F7-EA662653AF27}.Release|Any CPU.ActiveCfg = Release|Any CPU
		{59622778-B13C-464E-98F7-EA662653AF27}.Release|Any CPU.Build.0 = Debug|Any CPU
		{D1D12E36-D3E2-40D8-9AE4-91943585E7E5}.Debug|Any CPU.ActiveCfg = Debug|Any CPU
		{D1D12E36-D3E2-40D8-9AE4-91943585E7E5}.Debug|Any CPU.Build.0 = Debug|Any CPU
		{D1D12E36-D3E2-40D8-9AE4-91943585E7E5}.Release|Any CPU.ActiveCfg = Release|Any CPU
		{D1D12E36-D3E2-40D8-9AE4-91943585E7E5}.Release|Any CPU.Build.0 = Debug|Any CPU
		{9CCCD6FA-FAE9-40DA-987E-96A53923BA0D}.Debug|Any CPU.ActiveCfg = Debug|Any CPU
		{9CCCD6FA-FAE9-40DA-987E-96A53923BA0D}.Debug|Any CPU.Build.0 = Debug|Any CPU
		{9CCCD6FA-FAE9-40DA-987E-96A53923BA0D}.Release|Any CPU.ActiveCfg = Release|Any CPU
		{9CCCD6FA-FAE9-40DA-987E-96A53923BA0D}.Release|Any CPU.Build.0 = Debug|Any CPU
		{3FF07BEF-FF15-47EE-9BF2-107623976CA5}.Debug|Any CPU.ActiveCfg = Debug|Any CPU
		{3FF07BEF-FF15-47EE-9BF2-107623976CA5}.Debug|Any CPU.Build.0 = Debug|Any CPU
		{3FF07BEF-FF15-47EE-9BF2-107623976CA5}.Release|Any CPU.ActiveCfg = Release|Any CPU
		{3FF07BEF-FF15-47EE-9BF2-107623976CA5}.Release|Any CPU.Build.0 = Debug|Any CPU
		{4DF63B10-6071-441E-935A-9A018707353B}.Debug|Any CPU.ActiveCfg = Debug|Any CPU
		{4DF63B10-6071-441E-935A-9A018707353B}.Debug|Any CPU.Build.0 = Debug|Any CPU
		{4DF63B10-6071-441E-935A-9A018707353B}.Release|Any CPU.ActiveCfg = Release|Any CPU
		{4DF63B10-6071-441E-935A-9A018707353B}.Release|Any CPU.Build.0 = Debug|Any CPU
		{C126EA08-56E0-4AA7-85D3-1FE40FED592D}.Debug|Any CPU.ActiveCfg = Debug|Any CPU
		{C126EA08-56E0-4AA7-85D3-1FE40FED592D}.Debug|Any CPU.Build.0 = Debug|Any CPU
		{C126EA08-56E0-4AA7-85D3-1FE40FED592D}.Release|Any CPU.ActiveCfg = Release|Any CPU
		{C126EA08-56E0-4AA7-85D3-1FE40FED592D}.Release|Any CPU.Build.0 = Debug|Any CPU
		{3097E99F-B10C-4335-9D39-25F53642B272}.Debug|Any CPU.ActiveCfg = Debug|Any CPU
		{3097E99F-B10C-4335-9D39-25F53642B272}.Debug|Any CPU.Build.0 = Debug|Any CPU
		{3097E99F-B10C-4335-9D39-25F53642B272}.Release|Any CPU.ActiveCfg = Release|Any CPU
		{3097E99F-B10C-4335-9D39-25F53642B272}.Release|Any CPU.Build.0 = Debug|Any CPU
		{7A9ED7B9-4CB5-40DF-89DF-4293BFB4DE22}.Debug|Any CPU.ActiveCfg = Debug|Any CPU
		{7A9ED7B9-4CB5-40DF-89DF-4293BFB4DE22}.Debug|Any CPU.Build.0 = Debug|Any CPU
		{7A9ED7B9-4CB5-40DF-89DF-4293BFB4DE22}.Release|Any CPU.ActiveCfg = Release|Any CPU
		{7A9ED7B9-4CB5-40DF-89DF-4293BFB4DE22}.Release|Any CPU.Build.0 = Debug|Any CPU
		{9B54200D-20F0-4380-BD15-F6211718853A}.Debug|Any CPU.ActiveCfg = Debug|Any CPU
		{9B54200D-20F0-4380-BD15-F6211718853A}.Debug|Any CPU.Build.0 = Debug|Any CPU
		{9B54200D-20F0-4380-BD15-F6211718853A}.Release|Any CPU.ActiveCfg = Release|Any CPU
		{9B54200D-20F0-4380-BD15-F6211718853A}.Release|Any CPU.Build.0 = Debug|Any CPU
		{CAB19F30-0455-443C-B7A3-BA943AAA9D15}.Debug|Any CPU.ActiveCfg = Debug|Any CPU
		{CAB19F30-0455-443C-B7A3-BA943AAA9D15}.Debug|Any CPU.Build.0 = Debug|Any CPU
		{CAB19F30-0455-443C-B7A3-BA943AAA9D15}.Release|Any CPU.ActiveCfg = Release|Any CPU
		{CAB19F30-0455-443C-B7A3-BA943AAA9D15}.Release|Any CPU.Build.0 = Debug|Any CPU
		{BD3F8DE3-CF0F-4187-915C-B5D9F76C2D67}.Debug|Any CPU.ActiveCfg = Debug|Any CPU
		{BD3F8DE3-CF0F-4187-915C-B5D9F76C2D67}.Debug|Any CPU.Build.0 = Debug|Any CPU
		{BD3F8DE3-CF0F-4187-915C-B5D9F76C2D67}.Release|Any CPU.ActiveCfg = Release|Any CPU
		{BD3F8DE3-CF0F-4187-915C-B5D9F76C2D67}.Release|Any CPU.Build.0 = Debug|Any CPU
		{C41FD193-E8A9-4C77-93D1-3B464D58A876}.Debug|Any CPU.ActiveCfg = Debug|Any CPU
		{C41FD193-E8A9-4C77-93D1-3B464D58A876}.Debug|Any CPU.Build.0 = Debug|Any CPU
		{C41FD193-E8A9-4C77-93D1-3B464D58A876}.Release|Any CPU.ActiveCfg = Release|Any CPU
		{C41FD193-E8A9-4C77-93D1-3B464D58A876}.Release|Any CPU.Build.0 = Debug|Any CPU
		{B9131050-FD8E-404D-A135-11E210CDD438}.Debug|Any CPU.ActiveCfg = Debug|Any CPU
		{B9131050-FD8E-404D-A135-11E210CDD438}.Debug|Any CPU.Build.0 = Debug|Any CPU
		{B9131050-FD8E-404D-A135-11E210CDD438}.Release|Any CPU.ActiveCfg = Release|Any CPU
		{B9131050-FD8E-404D-A135-11E210CDD438}.Release|Any CPU.Build.0 = Debug|Any CPU
		{81863781-AA71-4530-A59C-04D2153DDD30}.Debug|Any CPU.ActiveCfg = Debug|Any CPU
		{81863781-AA71-4530-A59C-04D2153DDD30}.Debug|Any CPU.Build.0 = Debug|Any CPU
		{81863781-AA71-4530-A59C-04D2153DDD30}.Release|Any CPU.ActiveCfg = Release|Any CPU
		{81863781-AA71-4530-A59C-04D2153DDD30}.Release|Any CPU.Build.0 = Debug|Any CPU
		{DEA601B6-A706-4EEF-813A-ECA44E67CA3D}.Debug|Any CPU.ActiveCfg = Debug|Any CPU
		{DEA601B6-A706-4EEF-813A-ECA44E67CA3D}.Debug|Any CPU.Build.0 = Debug|Any CPU
		{DEA601B6-A706-4EEF-813A-ECA44E67CA3D}.Release|Any CPU.ActiveCfg = Release|Any CPU
		{DEA601B6-A706-4EEF-813A-ECA44E67CA3D}.Release|Any CPU.Build.0 = Debug|Any CPU
		{9EBB2439-1A6E-4D2F-B8BB-F09A1E76293E}.Debug|Any CPU.ActiveCfg = Debug|Any CPU
		{9EBB2439-1A6E-4D2F-B8BB-F09A1E76293E}.Debug|Any CPU.Build.0 = Debug|Any CPU
		{9EBB2439-1A6E-4D2F-B8BB-F09A1E76293E}.Release|Any CPU.ActiveCfg = Release|Any CPU
		{9EBB2439-1A6E-4D2F-B8BB-F09A1E76293E}.Release|Any CPU.Build.0 = Debug|Any CPU
		{3F42D127-AAA5-4810-B593-8F2A426BCE05}.Debug|Any CPU.ActiveCfg = Debug|Any CPU
		{3F42D127-AAA5-4810-B593-8F2A426BCE05}.Debug|Any CPU.Build.0 = Debug|Any CPU
		{3F42D127-AAA5-4810-B593-8F2A426BCE05}.Release|Any CPU.ActiveCfg = Release|Any CPU
		{3F42D127-AAA5-4810-B593-8F2A426BCE05}.Release|Any CPU.Build.0 = Debug|Any CPU
		{3C6A61C1-2044-4FDE-8729-5917787D58AA}.Debug|Any CPU.ActiveCfg = Debug|Any CPU
		{3C6A61C1-2044-4FDE-8729-5917787D58AA}.Debug|Any CPU.Build.0 = Debug|Any CPU
		{3C6A61C1-2044-4FDE-8729-5917787D58AA}.Release|Any CPU.ActiveCfg = Release|Any CPU
		{3C6A61C1-2044-4FDE-8729-5917787D58AA}.Release|Any CPU.Build.0 = Debug|Any CPU
		{F3AFC236-AE5E-4549-9C5C-08C10C4C9271}.Debug|Any CPU.ActiveCfg = Debug|Any CPU
		{F3AFC236-AE5E-4549-9C5C-08C10C4C9271}.Debug|Any CPU.Build.0 = Debug|Any CPU
		{F3AFC236-AE5E-4549-9C5C-08C10C4C9271}.Release|Any CPU.ActiveCfg = Release|Any CPU
		{F3AFC236-AE5E-4549-9C5C-08C10C4C9271}.Release|Any CPU.Build.0 = Debug|Any CPU
		{D1609968-BD0D-4112-A3F7-FD48EC7FC7A4}.Debug|Any CPU.ActiveCfg = Debug|Any CPU
		{D1609968-BD0D-4112-A3F7-FD48EC7FC7A4}.Debug|Any CPU.Build.0 = Debug|Any CPU
		{D1609968-BD0D-4112-A3F7-FD48EC7FC7A4}.Release|Any CPU.ActiveCfg = Release|Any CPU
		{D1609968-BD0D-4112-A3F7-FD48EC7FC7A4}.Release|Any CPU.Build.0 = Debug|Any CPU
		{9AAB8C12-451C-44E8-A951-B7684BE71323}.Debug|Any CPU.ActiveCfg = Debug|Any CPU
		{9AAB8C12-451C-44E8-A951-B7684BE71323}.Debug|Any CPU.Build.0 = Debug|Any CPU
		{9AAB8C12-451C-44E8-A951-B7684BE71323}.Release|Any CPU.ActiveCfg = Release|Any CPU
		{9AAB8C12-451C-44E8-A951-B7684BE71323}.Release|Any CPU.Build.0 = Debug|Any CPU
	EndGlobalSection
	GlobalSection(SolutionProperties) = preSolution
		HideSolutionNode = FALSE
	EndGlobalSection
	GlobalSection(NestedProjects) = preSolution
		{8B65FF37-DB8C-4E95-978B-8702615D7585} = {dc7261b3-f224-4ce5-9db4-7baba312e471}
		{5E5620A8-9950-4B8E-986A-61F24434527C} = {dc7261b3-f224-4ce5-9db4-7baba312e471}
		{C15A078A-8077-47F0-9D33-C227E6B032A6} = {5e5620a8-9950-4b8e-986a-61f24434527c}
		{FFD5B0E1-05DF-469B-9E53-C5BAF4D71B50} = {5e5620a8-9950-4b8e-986a-61f24434527c}
		{80D857B5-366F-4F1D-B64B-8EDFA4E3B67D} = {dc7261b3-f224-4ce5-9db4-7baba312e471}
		{B136B1C2-48E2-4651-9B39-A97037822583} = {8B65FF37-DB8C-4E95-978B-8702615D7585}
		{A2FB44F1-A131-4C4D-9257-A8A825392431} = {8B65FF37-DB8C-4E95-978B-8702615D7585}
		{5A5DDD83-CA50-4A8E-9A8D-E1CA02FF6402} = {8B65FF37-DB8C-4E95-978B-8702615D7585}
		{EB345C1F-D609-43C1-A97F-7B3B3A5A0352} = {05895EAF-C1F5-4051-A547-3F8DACFAD159}
		{6A520483-5254-4978-AD53-3147ADDEFFB6} = {05895EAF-C1F5-4051-A547-3F8DACFAD159}
		{6992A9F3-9832-46FD-8C7F-D2BB5777E7D9} = {05895EAF-C1F5-4051-A547-3F8DACFAD159}
		{54D13C75-9E50-4ED3-B265-9FC6819EA35E} = {05895EAF-C1F5-4051-A547-3F8DACFAD159}
		{D0B33CDD-97C7-4D99-A579-8FC566DE7153} = {05895EAF-C1F5-4051-A547-3F8DACFAD159}
		{D79953A8-FEBC-4B13-9CDA-F7675A233481} = {05895EAF-C1F5-4051-A547-3F8DACFAD159}
		{66F1C60F-BFF8-4795-9C1D-9A413801E080} = {05895EAF-C1F5-4051-A547-3F8DACFAD159}
		{41282156-28F5-4BC3-B10E-35EAAC542577} = {05895EAF-C1F5-4051-A547-3F8DACFAD159}
		{3C52C0A7-6CEF-4693-9EEF-C17FB3B035A6} = {05895EAF-C1F5-4051-A547-3F8DACFAD159}
		{CA09C384-1354-45EE-BDB3-7A39CBFE6695} = {05895EAF-C1F5-4051-A547-3F8DACFAD159}
		{6D25AA30-C3AF-4AE0-B567-0F2653120CDC} = {05C10A29-FB35-4580-B576-801C35CB2090}
		{51D5F233-02F2-45F7-B4F2-60D18EF3DEC5} = {05C10A29-FB35-4580-B576-801C35CB2090}
		{BA8C8C0B-470A-4D3C-B3DA-9E28599799B5} = {05C10A29-FB35-4580-B576-801C35CB2090}
		{525678C4-FDC1-4A5D-9D8A-D7E78309335F} = {05C10A29-FB35-4580-B576-801C35CB2090}
		{F85A14D5-64E0-4CFC-88DA-27FE9D0DD664} = {05C10A29-FB35-4580-B576-801C35CB2090}
		{C3A270DE-9727-492E-91E2-F56E7E0E0F83} = {05C10A29-FB35-4580-B576-801C35CB2090}
		{7D1B22F8-06A2-4D09-A3AD-D93A09A01815} = {05C10A29-FB35-4580-B576-801C35CB2090}
		{E45A004F-FBEF-445C-9607-FBC89D6D4590} = {05C10A29-FB35-4580-B576-801C35CB2090}
		{C72B898B-B53B-42D5-9F4F-673F84BB485B} = {05C10A29-FB35-4580-B576-801C35CB2090}
		{3EF91DC7-12C9-47F3-BB18-AD3D85D1B624} = {05C10A29-FB35-4580-B576-801C35CB2090}
		{2CC97C32-9FFA-4DA4-A6C0-83F300404EC3} = {05C10A29-FB35-4580-B576-801C35CB2090}
		{950B9CDB-9286-4A1A-8D88-1DF6954A45E3} = {05C10A29-FB35-4580-B576-801C35CB2090}
		{E5302713-0022-4657-85D8-9620818071DF} = {05C10A29-FB35-4580-B576-801C35CB2090}
		{AEBA199A-084C-4FFC-B215-D080E50C81DF} = {C15A078A-8077-47F0-9D33-C227E6B032A6}
		{8D2D7E8F-8415-424C-AF9C-967113BE5136} = {5E5620A8-9950-4B8E-986A-61F24434527C}
		{42681747-107B-487B-9EA2-CE46754682FD} = {05895EAF-C1F5-4051-A547-3F8DACFAD159}
		{59622778-B13C-464E-98F7-EA662653AF27} = {05895EAF-C1F5-4051-A547-3F8DACFAD159}
		{D1D12E36-D3E2-40D8-9AE4-91943585E7E5} = {05895EAF-C1F5-4051-A547-3F8DACFAD159}
		{9CCCD6FA-FAE9-40DA-987E-96A53923BA0D} = {7A86DB2D-926C-4BA2-8693-9C8E0D02AAE4}
		{3FF07BEF-FF15-47EE-9BF2-107623976CA5} = {05895EAF-C1F5-4051-A547-3F8DACFAD159}
		{4DF63B10-6071-441E-935A-9A018707353B} = {7A86DB2D-926C-4BA2-8693-9C8E0D02AAE4}
		{C126EA08-56E0-4AA7-85D3-1FE40FED592D} = {8B65FF37-DB8C-4E95-978B-8702615D7585}
		{3097E99F-B10C-4335-9D39-25F53642B272} = {59D539A5-2856-4077-8F2A-EB283704BC5F}
		{7A9ED7B9-4CB5-40DF-89DF-4293BFB4DE22} = {59D539A5-2856-4077-8F2A-EB283704BC5F}
		{9B54200D-20F0-4380-BD15-F6211718853A} = {59D539A5-2856-4077-8F2A-EB283704BC5F}
		{CAB19F30-0455-443C-B7A3-BA943AAA9D15} = {5EEA6D30-190F-4FEC-9409-863A5751E8B4}
		{BD3F8DE3-CF0F-4187-915C-B5D9F76C2D67} = {5EEA6D30-190F-4FEC-9409-863A5751E8B4}
		{C41FD193-E8A9-4C77-93D1-3B464D58A876} = {5EEA6D30-190F-4FEC-9409-863A5751E8B4}
		{B9131050-FD8E-404D-A135-11E210CDD438} = {5EEA6D30-190F-4FEC-9409-863A5751E8B4}
		{81863781-AA71-4530-A59C-04D2153DDD30} = {5EEA6D30-190F-4FEC-9409-863A5751E8B4}
		{DEA601B6-A706-4EEF-813A-ECA44E67CA3D} = {5EEA6D30-190F-4FEC-9409-863A5751E8B4}
		{9EBB2439-1A6E-4D2F-B8BB-F09A1E76293E} = {5EEA6D30-190F-4FEC-9409-863A5751E8B4}
		{3F42D127-AAA5-4810-B593-8F2A426BCE05} = {5EEA6D30-190F-4FEC-9409-863A5751E8B4}
		{3C6A61C1-2044-4FDE-8729-5917787D58AA} = {FFD5B0E1-05DF-469B-9E53-C5BAF4D71B50}
		{F3AFC236-AE5E-4549-9C5C-08C10C4C9271} = {59D539A5-2856-4077-8F2A-EB283704BC5F}
		{D1609968-BD0D-4112-A3F7-FD48EC7FC7A4} = {59D539A5-2856-4077-8F2A-EB283704BC5F}
		{9AAB8C12-451C-44E8-A951-B7684BE71323} = {80D857B5-366F-4F1D-B64B-8EDFA4E3B67D}
    EndGlobalSection
EndGlobal
