Microsoft Visual Studio Solution File, Format Version 12.00
# Visual Studio 15
VisualStudioVersion = 15.0.26228.9
MinimumVisualStudioVersion = 10.0.40219.1
Project("{FAE04EC0-301F-11D3-BF4B-00C04F79EFBC}") = "MSBuildExtensionPack.AspNetMvc40ApiController", "MSBuildExtensionPack\UIWeb\AspNetMvc40ApiController\MSBuildExtensionPack.AspNetMvc40ApiController.csproj", "{745AF834-F156-4766-93AB-421ADB241292}"
EndProject
Project("{FAE04EC0-301F-11D3-BF4B-00C04F79EFBC}") = "MSBuildExtensionPack.AspNetMvc40Rasor", "MSBuildExtensionPack\UIWeb\AspNetMvc40Rasor\MSBuildExtensionPack.AspNetMvc40Rasor.csproj", "{ACD15310-6046-41BA-AE72-F53471CB7BC6}"
EndProject
Project("{FAE04EC0-301F-11D3-BF4B-00C04F79EFBC}") = "MSBuildExtensionPack.AspNetMvc40ViewModel", "MSBuildExtensionPack\UIWeb\AspNetMvc40ViewModel\MSBuildExtensionPack.AspNetMvc40ViewModel.csproj", "{D28BCC74-CEE0-4427-8D9D-FD3CAA6310D6}"
EndProject
Project("{FAE04EC0-301F-11D3-BF4B-00C04F79EFBC}") = "MSBuildExtensionPack.CommonBLL", "MSBuildExtensionPack\Services\CommonBLL\MSBuildExtensionPack.CommonBLL.csproj", "{01FA0028-AD94-4D6B-9A89-3FABF3C9C779}"
EndProject
Project("{FAE04EC0-301F-11D3-BF4B-00C04F79EFBC}") = "MSBuildExtensionPack.CommonBLLEntities", "MSBuildExtensionPack\Contracts\CommonBLLEntities\MSBuildExtensionPack.CommonBLLEntities.csproj", "{1863424E-9841-4647-97A2-4CC17A4BC7BA}"
EndProject
Project("{FAE04EC0-301F-11D3-BF4B-00C04F79EFBC}") = "MSBuildExtensionPack.CommonBLLIoC", "MSBuildExtensionPack\Services\CommonBLLIoC\MSBuildExtensionPack.CommonBLLIoC.csproj", "{2DD6D618-B371-4A82-9C67-D3D8B073782B}"
EndProject
Project("{FAE04EC0-301F-11D3-BF4B-00C04F79EFBC}") = "MSBuildExtensionPack.DALContracts", "MSBuildExtensionPack\DAL\DALContracts\MSBuildExtensionPack.DALContracts.csproj", "{11CC9717-71A4-41E7-B27E-D59A54D221DD}"
EndProject
Project("{FAE04EC0-301F-11D3-BF4B-00C04F79EFBC}") = "MSBuildExtensionPack.DataSourceEntities", "MSBuildExtensionPack\Contracts\DataSourceEntities\MSBuildExtensionPack.DataSourceEntities.csproj", "{3A8F1415-88EF-4B9E-8FEF-4296BF953F31}"
EndProject
Project("{FAE04EC0-301F-11D3-BF4B-00C04F79EFBC}") = "MSBuildExtensionPack.EntityContracts", "MSBuildExtensionPack\Contracts\EntityContracts\MSBuildExtensionPack.EntityContracts.csproj", "{9ABEB016-FB34-40AB-B469-3B00F0048D27}"
EndProject
Project("{FAE04EC0-301F-11D3-BF4B-00C04F79EFBC}") = "MSBuildExtensionPack.EntityFrameworkContextV6", "MSBuildExtensionPack\DAL\EntityFrameworkContextV6\MSBuildExtensionPack.EntityFrameworkContextV6.csproj", "{25082160-7E27-40C0-BE53-778C977B758C}"
EndProject
Project("{FAE04EC0-301F-11D3-BF4B-00C04F79EFBC}") = "MSBuildExtensionPack.EntityFrameworkContextV6CodeFirst", "MSBuildExtensionPack\DAL\EntityFrameworkContextV6CodeFirst\MSBuildExtensionPack.EntityFrameworkContextV6CodeFirst.csproj", "{F9AACC1C-5613-4F62-AF63-B04098F61192}"
EndProject
Project("{FAE04EC0-301F-11D3-BF4B-00C04F79EFBC}") = "MSBuildExtensionPack.EntityFrameworkDALV6", "MSBuildExtensionPack\DAL\EntityFrameworkDALV6\MSBuildExtensionPack.EntityFrameworkDALV6.csproj", "{78EE7B03-B20A-411C-95E7-D23083E254AF}"
EndProject
Project("{FAE04EC0-301F-11D3-BF4B-00C04F79EFBC}") = "MSBuildExtensionPack.EntityFrameworkDALV6CodeFirst", "MSBuildExtensionPack\DAL\EntityFrameworkDALV6CodeFirst\MSBuildExtensionPack.EntityFrameworkDALV6CodeFirst.csproj", "{254B5A90-DCBB-4013-8BFC-49CF3DFA95AE}"
EndProject
Project("{FAE04EC0-301F-11D3-BF4B-00C04F79EFBC}") = "Framework", "Frameworks\Framework\Framework.csproj", "{6D25AA30-C3AF-4AE0-B567-0F2653120CDC}"
EndProject
Project("{FAE04EC0-301F-11D3-BF4B-00C04F79EFBC}") = "Framework.Charting", "Frameworks\Framework.Charting\Framework.Charting.csproj", "{51D5F233-02F2-45F7-B4F2-60D18EF3DEC5}"
EndProject
Project("{FAE04EC0-301F-11D3-BF4B-00C04F79EFBC}") = "Framework.CommonBLLEntities", "Frameworks\Framework.CommonBLLEntities\Framework.CommonBLLEntities.csproj", "{BA8C8C0B-470A-4D3C-B3DA-9E28599799B5}"
EndProject
Project("{FAE04EC0-301F-11D3-BF4B-00C04F79EFBC}") = "Framework.DAL", "Frameworks\Framework.DAL\Framework.DAL.csproj", "{525678C4-FDC1-4A5D-9D8A-D7E78309335F}"
EndProject
Project("{FAE04EC0-301F-11D3-BF4B-00C04F79EFBC}") = "Framework.DataSourceEntities", "Frameworks\Framework.DataSourceEntities\Framework.DataSourceEntities.csproj", "{F85A14D5-64E0-4CFC-88DA-27FE9D0DD664}"
EndProject
Project("{FAE04EC0-301F-11D3-BF4B-00C04F79EFBC}") = "Framework.EntityContracts", "Frameworks\Framework.EntityContracts\Framework.EntityContracts.csproj", "{C3A270DE-9727-492E-91E2-F56E7E0E0F83}"
EndProject
Project("{FAE04EC0-301F-11D3-BF4B-00C04F79EFBC}") = "Framework.Mvc", "Frameworks\Framework.Mvc\Framework.Mvc.csproj", "{E45A004F-FBEF-445C-9607-FBC89D6D4590}"
EndProject
Project("{FAE04EC0-301F-11D3-BF4B-00C04F79EFBC}") = "Framework.Resx", "Frameworks\Framework.Resx\Framework.Resx.csproj", "{C72B898B-B53B-42D5-9F4F-673F84BB485B}"
EndProject
Project("{FAE04EC0-301F-11D3-BF4B-00C04F79EFBC}") = "Framework.Services", "Frameworks\Framework.Services\Framework.Services.csproj", "{3EF91DC7-12C9-47F3-BB18-AD3D85D1B624}"
EndProject
Project("{FAE04EC0-301F-11D3-BF4B-00C04F79EFBC}") = "Framework.ViewModels", "Frameworks\Framework.ViewModels\Framework.ViewModels.csproj", "{2CC97C32-9FFA-4DA4-A6C0-83F300404EC3}"
EndProject
Project("{FAE04EC0-301F-11D3-BF4B-00C04F79EFBC}") = "Framework.Web", "Frameworks\Framework.Web\Framework.Web.csproj", "{950B9CDB-9286-4A1A-8D88-1DF6954A45E3}"
EndProject
Project("{FAE04EC0-301F-11D3-BF4B-00C04F79EFBC}") = "Framework.Xamariner.X", "Frameworks.X\Framework.Xamariner.X\Framework.Xamariner.X.csproj", "{397FFA3D-9A4E-4900-9714-65D16A871613}"
EndProject
Project("{FAE04EC0-301F-11D3-BF4B-00C04F79EFBC}") = "Framework.Xaml", "Frameworks\Framework.Xaml\Framework.Xaml.csproj", "{E5302713-0022-4657-85D8-9620818071DF}"
EndProject
Project("{FAE04EC0-301F-11D3-BF4B-00C04F79EFBC}") = "MSBuildExtensionPack.MVVMLightViewModels", "MSBuildExtensionPack\UINative\Shared\MVVMLightViewModels\MSBuildExtensionPack.MVVMLightViewModels.csproj", "{37677547-9CC8-4641-8B4E-20A8771B8964}"
EndProject
Project("{FAE04EC0-301F-11D3-BF4B-00C04F79EFBC}") = "MSBuildExtensionPack.WPF4App", "MSBuildExtensionPack\UINative\WPF4App\MSBuildExtensionPack.WPF4App.csproj", "{70D67203-03A5-417A-A27B-15C447A78C21}"
EndProject
Project("{FAE04EC0-301F-11D3-BF4B-00C04F79EFBC}") = "MSBuildExtensionPack.AndroidApp", "MSBuildExtensionPack\UINative\AndroidApp\MSBuildExtensionPack.AndroidApp.csproj", "{E8422666-0A62-4F54-A2D7-CF499AAEC215}"
EndProject
Project("{FAE04EC0-301F-11D3-BF4B-00C04F79EFBC}") = "MSBuildExtensionPack.XamarinForms.X", "MSBuildExtensionPack\UINative\Shared.X\XamarinForms.X\MSBuildExtensionPack.XamarinForms.X.csproj", "{5A57F496-4A8B-451F-9077-3A92173743A9}"
EndProject
Project("{FAE04EC0-301F-11D3-BF4B-00C04F79EFBC}") = "MSBuildExtensionPack.IOSApp", "MSBuildExtensionPack\UINative\IOSApp\MSBuildExtensionPack.IOSApp.csproj", "{BB3C8690-9AEF-4949-922B-A27C94F1039F}"
EndProject
Project("{FAE04EC0-301F-11D3-BF4B-00C04F79EFBC}") = "MSBuildExtensionPack.UWPApp", "MSBuildExtensionPack\UINative\UWPApp\MSBuildExtensionPack.UWPApp.csproj", "{00062A82-FCEA-4CF7-806A-9D1C335C846C}"
EndProject
Project("{FAE04EC0-301F-11D3-BF4B-00C04F79EFBC}") = "MSBuildExtensionPack.Resx", "MSBuildExtensionPack\Contracts\Resx\MSBuildExtensionPack.Resx.csproj", "{960E0564-9487-4C39-9F6A-EF730D96C18E}"
EndProject
Project("{FAE04EC0-301F-11D3-BF4B-00C04F79EFBC}") = "MSBuildExtensionPack.ViewModelData", "MSBuildExtensionPack\Contracts\ViewModelData\MSBuildExtensionPack.ViewModelData.csproj", "{E9D59CCD-7122-40BA-93B2-2D2E40B09662}"
EndProject
Project("{00D1A9C2-B5F0-4AF3-8072-F6C62B433612}") = "MSBuildExtensionPack.VS2012DatabaseProject", "MSBuildExtensionPack\DAL\VS2012DatabaseProject\MSBuildExtensionPack.VS2012DatabaseProject.sqlproj", "{9B81ECD9-731C-49FF-8417-7900133846B0}"
EndProject
Project("{FAE04EC0-301F-11D3-BF4B-00C04F79EFBC}") = "MSBuildExtensionPack.WcfClientBLL", "MSBuildExtensionPack\Services\WcfClientBLL\MSBuildExtensionPack.WcfClientBLL.csproj", "{4CCC7A86-294C-4C14-90E2-536DE23FB7B8}"
EndProject
Project("{FAE04EC0-301F-11D3-BF4B-00C04F79EFBC}") = "MSBuildExtensionPack.WcfContracts", "MSBuildExtensionPack\Services\WcfContracts\MSBuildExtensionPack.WcfContracts.csproj", "{88D3427B-531B-45BF-A336-CEFBEE3DBEB7}"
EndProject
Project("{FAE04EC0-301F-11D3-BF4B-00C04F79EFBC}") = "MSBuildExtensionPack.WcfWebApp", "MSBuildExtensionPack\Services\WcfWebApp\MSBuildExtensionPack.WcfWebApp.csproj", "{35D692B7-D98F-455F-8AF0-6B65D13E80B7}"
EndProject
Project("{FAE04EC0-301F-11D3-BF4B-00C04F79EFBC}") = "MSBuildExtensionPack.WebApiClient", "MSBuildExtensionPack\UINative\Shared\WebApiClient\MSBuildExtensionPack.WebApiClient.csproj", "{3D7F434B-49DF-4E21-8FDD-4F88907F14A3}"
EndProject
Project("{FAE04EC0-301F-11D3-BF4B-00C04F79EFBC}") = "MSBuildExtensionPack.CommonBLLEntities.X", "MSBuildExtensionPack\Contracts.X\CommonBLLEntities.X\MSBuildExtensionPack.CommonBLLEntities.X.csproj", "{43FC15B7-2CC9-41CD-932E-B24EE8DC4A85}"
EndProject
Project("{FAE04EC0-301F-11D3-BF4B-00C04F79EFBC}") = "MSBuildExtensionPack.DataSourceEntities.X", "MSBuildExtensionPack\Contracts.X\DataSourceEntities.X\MSBuildExtensionPack.DataSourceEntities.X.csproj", "{5656D29D-E7FE-4624-8EFB-D3251F683A4F}"
EndProject
Project("{FAE04EC0-301F-11D3-BF4B-00C04F79EFBC}") = "MSBuildExtensionPack.EntityContracts.X", "MSBuildExtensionPack\Contracts.X\EntityContracts.X\MSBuildExtensionPack.EntityContracts.X.csproj", "{FE8476F3-E114-49B6-BF21-0D69AD7A0544}"
EndProject
Project("{FAE04EC0-301F-11D3-BF4B-00C04F79EFBC}") = "Framework.X", "Frameworks.X\Framework.X\Framework.X.csproj", "{E10855C7-201C-43C3-940A-A7275FD2B804}"
EndProject
Project("{FAE04EC0-301F-11D3-BF4B-00C04F79EFBC}") = "Framework.CommonBLLEntities.X", "Frameworks.X\Framework.CommonBLLEntities.X\Framework.CommonBLLEntities.X.csproj", "{91DDF7E6-AD38-4020-84A3-6A55B245C0ED}"
EndProject
Project("{FAE04EC0-301F-11D3-BF4B-00C04F79EFBC}") = "Framework.DAL.X", "Frameworks.X\Framework.DAL.X\Framework.DAL.X.csproj", "{37E0D750-D617-4F48-8F1B-A261A7AEC109}"
EndProject
Project("{FAE04EC0-301F-11D3-BF4B-00C04F79EFBC}") = "Framework.DataSourceEntities.X", "Frameworks.X\Framework.DataSourceEntities.X\Framework.DataSourceEntities.X.csproj", "{801A91E0-B9FC-4808-8045-36560D6AF1C3}"
EndProject
Project("{FAE04EC0-301F-11D3-BF4B-00C04F79EFBC}") = "Framework.EntityContracts.X", "Frameworks.X\Framework.EntityContracts.X\Framework.EntityContracts.X.csproj", "{D8AAFB54-4C8D-4352-9FFD-EAEA3D77B200}"
EndProject
Project("{FAE04EC0-301F-11D3-BF4B-00C04F79EFBC}") = "Framework.Resx.X", "Frameworks.X\Framework.Resx.X\Framework.Resx.X.csproj", "{810AECD3-7A0A-498F-A5D3-D49CC08C7B57}"
EndProject
Project("{FAE04EC0-301F-11D3-BF4B-00C04F79EFBC}") = "Framework.ViewModels.X", "Frameworks.X\Framework.ViewModels.X\Framework.ViewModels.X.csproj", "{16BBF06D-C6C3-44C7-840A-E9422A194317}"
EndProject
Project("{FAE04EC0-301F-11D3-BF4B-00C04F79EFBC}") = "Framework.Xaml.X", "Frameworks.X\Framework.Xaml.X\Framework.Xaml.X.csproj", "{82D72544-D241-4DF3-9069-CA0F2F0C2618}"
EndProject
Project("{FAE04EC0-301F-11D3-BF4B-00C04F79EFBC}") = "MSBuildExtensionPack.MVVMLightViewModels.X", "MSBuildExtensionPack\UINative\Shared.X\MVVMLightViewModels.X\MSBuildExtensionPack.MVVMLightViewModels.X.csproj", "{04E76035-A7EB-4055-A643-07FA9088F5A4}"
EndProject
Project("{FAE04EC0-301F-11D3-BF4B-00C04F79EFBC}") = "MSBuildExtensionPack.Resx.X", "MSBuildExtensionPack\Contracts.X\Resx.X\MSBuildExtensionPack.Resx.X.csproj", "{E4E691E9-3912-44A7-AA4E-607A9BB4A9FC}"
EndProject
Project("{FAE04EC0-301F-11D3-BF4B-00C04F79EFBC}") = "MSBuildExtensionPack.ViewModelData.X", "MSBuildExtensionPack\Contracts.X\ViewModelData.X\MSBuildExtensionPack.ViewModelData.X.csproj", "{FBAB66F2-C88B-413B-9C49-A8AC835C7BA3}"
EndProject
Project("{FAE04EC0-301F-11D3-BF4B-00C04F79EFBC}") = "MSBuildExtensionPack.WebApiClient.X", "MSBuildExtensionPack\UINative\Shared.X\WebApiClient.X\MSBuildExtensionPack.WebApiClient.X.csproj", "{72874F45-8700-4671-902F-1100F82FA5AB}"
EndProject
Project("{2150E333-8FDC-42A3-9474-1A3956D46DE8}") = "1.A.1.", "1.A.1.", "{2de48dd9-908a-4881-af27-121dff17f3bb}"
EndProject
Project("{2150E333-8FDC-42A3-9474-1A3956D46DE8}") = "1.A.2.", "1.A.2.", "{23a5519d-158b-4907-941a-baf58bb490ed}"
EndProject
Project("{2150E333-8FDC-42A3-9474-1A3956D46DE8}") = "1.A.3.", "1.A.3.", "{1c9459cf-9218-4c28-8c76-4e10817e5b02}"
EndProject
Project("{2150E333-8FDC-42A3-9474-1A3956D46DE8}") = "1.B.1.", "1.B.1.", "{5adae702-3932-4d63-a7e5-49d8f5687977}"
EndProject
Project("{2150E333-8FDC-42A3-9474-1A3956D46DE8}") = "1.B.2.", "1.B.2.", "{68fce379-e2ea-4f58-8482-bc69257be2d1}"
EndProject
Project("{2150E333-8FDC-42A3-9474-1A3956D46DE8}") = "1.B.3.", "1.B.3.", "{99c00974-2ea1-452b-a45c-dd23d9d2048b}"
EndProject
Project("{2150E333-8FDC-42A3-9474-1A3956D46DE8}") = "1.B.4.", "1.B.4.", "{86978270-9a1c-4b4b-9370-647debfc7639}"
EndProject
Project("{2150E333-8FDC-42A3-9474-1A3956D46DE8}") = "1.C.1.", "1.C.1.", "{135f7894-b51d-48fb-8e5c-6feaa5ceca96}"
EndProject
Project("{2150E333-8FDC-42A3-9474-1A3956D46DE8}") = "1.C.2.", "1.C.2.", "{22081560-52b3-4de3-98d7-b43ac79dec25}"
EndProject
Project("{2150E333-8FDC-42A3-9474-1A3956D46DE8}") = "1.D.1.", "1.D.1.", "{4a621eb1-02e5-4558-bbbf-8694ae854c5d}"
EndProject
Project("{2150E333-8FDC-42A3-9474-1A3956D46DE8}") = "1.D.2.", "1.D.2.", "{bc311bab-2261-4f78-8754-7ed48e00c8f1}"
EndProject
Project("{2150E333-8FDC-42A3-9474-1A3956D46DE8}") = "2.A.1.", "2.A.1.", "{d2ea2239-f0ba-4750-8750-37cd9c231af7}"
EndProject
Project("{2150E333-8FDC-42A3-9474-1A3956D46DE8}") = "2.A.2.", "2.A.2.", "{c12033db-cc34-4950-a0fb-4e368a350d23}"
EndProject
Project("{2150E333-8FDC-42A3-9474-1A3956D46DE8}") = "2.A.3.", "2.A.3.", "{43fa57bd-a4c3-450b-8aed-ee6c09598d0c}"
EndProject
Project("{2150E333-8FDC-42A3-9474-1A3956D46DE8}") = "2.B.1.", "2.B.1.", "{17b3a55e-b199-41ef-b530-232f4b4d0c11}"
EndProject
Project("{2150E333-8FDC-42A3-9474-1A3956D46DE8}") = "2.B.2.", "2.B.2.", "{6d84af1b-527c-4f67-82e9-c9f57a619d0a}"
EndProject
Project("{2150E333-8FDC-42A3-9474-1A3956D46DE8}") = "2.B.3.", "2.B.3.", "{42ef76b9-9968-4c93-bd48-b3c6bd47de35}"
EndProject
Project("{2150E333-8FDC-42A3-9474-1A3956D46DE8}") = "2.B.4.", "2.B.4.", "{e33f19e6-ae29-49a2-9505-65680690a935}"
EndProject
Project("{2150E333-8FDC-42A3-9474-1A3956D46DE8}") = "2.C.1.", "2.C.1.", "{d71dd286-a989-486d-9d9d-66e11e2e8b1f}"
EndProject
Project("{2150E333-8FDC-42A3-9474-1A3956D46DE8}") = "2.C.2.", "2.C.2.", "{e34b5b15-1121-43e5-8390-81d4790504a3}"
EndProject
Project("{2150E333-8FDC-42A3-9474-1A3956D46DE8}") = "2.D.1.", "2.D.1.", "{6adff0ad-d80c-4703-a692-4997477ebde6}"
EndProject
Project("{2150E333-8FDC-42A3-9474-1A3956D46DE8}") = "2.D.2.", "2.D.2.", "{81b8a46d-eb62-4dd2-8b85-6094b2d5ffc9}"
EndProject
Project("{2150E333-8FDC-42A3-9474-1A3956D46DE8}") = "2.Z.1.", "2.Z.1.", "{f17ea7a6-d2c0-470c-b0e9-d08ef598de86}"
EndProject
Project("{2150E333-8FDC-42A3-9474-1A3956D46DE8}") = "2.Z.2.", "2.Z.2.", "{1d4581cb-63fe-4a3b-a636-eeb29962e386}"
EndProject
Project("{2150E333-8FDC-42A3-9474-1A3956D46DE8}") = "2.Z.3.", "2.Z.3.", "{da1cac13-db17-40d7-8dac-ebce6daa48a9}"
EndProject
Global
	GlobalSection(SolutionConfigurationPlatforms) = preSolution
		Debug|Any CPU = Debug|Any CPU
		Release|Any CPU = Release|Any CPU
	EndGlobalSection
	GlobalSection(ProjectConfigurationPlatforms) = postSolution
		{745AF834-F156-4766-93AB-421ADB241292}.Debug|Any CPU.ActiveCfg = Debug|Any CPU
		{745AF834-F156-4766-93AB-421ADB241292}.Debug|Any CPU.Build.0 = Debug|Any CPU
		{745AF834-F156-4766-93AB-421ADB241292}.Release|Any CPU.ActiveCfg = Release|Any CPU
		{745AF834-F156-4766-93AB-421ADB241292}.Debug|Any CPU.Build.0 = Debug|Any CPU
		{ACD15310-6046-41BA-AE72-F53471CB7BC6}.Debug|Any CPU.ActiveCfg = Debug|Any CPU
		{ACD15310-6046-41BA-AE72-F53471CB7BC6}.Debug|Any CPU.Build.0 = Debug|Any CPU
		{ACD15310-6046-41BA-AE72-F53471CB7BC6}.Release|Any CPU.ActiveCfg = Release|Any CPU
		{ACD15310-6046-41BA-AE72-F53471CB7BC6}.Debug|Any CPU.Build.0 = Debug|Any CPU
		{D28BCC74-CEE0-4427-8D9D-FD3CAA6310D6}.Debug|Any CPU.ActiveCfg = Debug|Any CPU
		{D28BCC74-CEE0-4427-8D9D-FD3CAA6310D6}.Debug|Any CPU.Build.0 = Debug|Any CPU
		{D28BCC74-CEE0-4427-8D9D-FD3CAA6310D6}.Release|Any CPU.ActiveCfg = Release|Any CPU
		{D28BCC74-CEE0-4427-8D9D-FD3CAA6310D6}.Debug|Any CPU.Build.0 = Debug|Any CPU
		{01FA0028-AD94-4D6B-9A89-3FABF3C9C779}.Debug|Any CPU.ActiveCfg = Debug|Any CPU
		{01FA0028-AD94-4D6B-9A89-3FABF3C9C779}.Debug|Any CPU.Build.0 = Debug|Any CPU
		{01FA0028-AD94-4D6B-9A89-3FABF3C9C779}.Release|Any CPU.ActiveCfg = Release|Any CPU
		{01FA0028-AD94-4D6B-9A89-3FABF3C9C779}.Debug|Any CPU.Build.0 = Debug|Any CPU
		{1863424E-9841-4647-97A2-4CC17A4BC7BA}.Debug|Any CPU.ActiveCfg = Debug|Any CPU
		{1863424E-9841-4647-97A2-4CC17A4BC7BA}.Debug|Any CPU.Build.0 = Debug|Any CPU
		{1863424E-9841-4647-97A2-4CC17A4BC7BA}.Release|Any CPU.ActiveCfg = Release|Any CPU
		{1863424E-9841-4647-97A2-4CC17A4BC7BA}.Debug|Any CPU.Build.0 = Debug|Any CPU
		{2DD6D618-B371-4A82-9C67-D3D8B073782B}.Debug|Any CPU.ActiveCfg = Debug|Any CPU
		{2DD6D618-B371-4A82-9C67-D3D8B073782B}.Debug|Any CPU.Build.0 = Debug|Any CPU
		{2DD6D618-B371-4A82-9C67-D3D8B073782B}.Release|Any CPU.ActiveCfg = Release|Any CPU
		{2DD6D618-B371-4A82-9C67-D3D8B073782B}.Debug|Any CPU.Build.0 = Debug|Any CPU
		{11CC9717-71A4-41E7-B27E-D59A54D221DD}.Debug|Any CPU.ActiveCfg = Debug|Any CPU
		{11CC9717-71A4-41E7-B27E-D59A54D221DD}.Debug|Any CPU.Build.0 = Debug|Any CPU
		{11CC9717-71A4-41E7-B27E-D59A54D221DD}.Release|Any CPU.ActiveCfg = Release|Any CPU
		{11CC9717-71A4-41E7-B27E-D59A54D221DD}.Debug|Any CPU.Build.0 = Debug|Any CPU
		{3A8F1415-88EF-4B9E-8FEF-4296BF953F31}.Debug|Any CPU.ActiveCfg = Debug|Any CPU
		{3A8F1415-88EF-4B9E-8FEF-4296BF953F31}.Debug|Any CPU.Build.0 = Debug|Any CPU
		{3A8F1415-88EF-4B9E-8FEF-4296BF953F31}.Release|Any CPU.ActiveCfg = Release|Any CPU
		{3A8F1415-88EF-4B9E-8FEF-4296BF953F31}.Debug|Any CPU.Build.0 = Debug|Any CPU
		{9ABEB016-FB34-40AB-B469-3B00F0048D27}.Debug|Any CPU.ActiveCfg = Debug|Any CPU
		{9ABEB016-FB34-40AB-B469-3B00F0048D27}.Debug|Any CPU.Build.0 = Debug|Any CPU
		{9ABEB016-FB34-40AB-B469-3B00F0048D27}.Release|Any CPU.ActiveCfg = Release|Any CPU
		{9ABEB016-FB34-40AB-B469-3B00F0048D27}.Debug|Any CPU.Build.0 = Debug|Any CPU
		{25082160-7E27-40C0-BE53-778C977B758C}.Debug|Any CPU.ActiveCfg = Debug|Any CPU
		{25082160-7E27-40C0-BE53-778C977B758C}.Debug|Any CPU.Build.0 = Debug|Any CPU
		{25082160-7E27-40C0-BE53-778C977B758C}.Release|Any CPU.ActiveCfg = Release|Any CPU
		{25082160-7E27-40C0-BE53-778C977B758C}.Debug|Any CPU.Build.0 = Debug|Any CPU
		{F9AACC1C-5613-4F62-AF63-B04098F61192}.Debug|Any CPU.ActiveCfg = Debug|Any CPU
		{F9AACC1C-5613-4F62-AF63-B04098F61192}.Debug|Any CPU.Build.0 = Debug|Any CPU
		{F9AACC1C-5613-4F62-AF63-B04098F61192}.Release|Any CPU.ActiveCfg = Release|Any CPU
		{F9AACC1C-5613-4F62-AF63-B04098F61192}.Debug|Any CPU.Build.0 = Debug|Any CPU
		{78EE7B03-B20A-411C-95E7-D23083E254AF}.Debug|Any CPU.ActiveCfg = Debug|Any CPU
		{78EE7B03-B20A-411C-95E7-D23083E254AF}.Debug|Any CPU.Build.0 = Debug|Any CPU
		{78EE7B03-B20A-411C-95E7-D23083E254AF}.Release|Any CPU.ActiveCfg = Release|Any CPU
		{78EE7B03-B20A-411C-95E7-D23083E254AF}.Debug|Any CPU.Build.0 = Debug|Any CPU
		{254B5A90-DCBB-4013-8BFC-49CF3DFA95AE}.Debug|Any CPU.ActiveCfg = Debug|Any CPU
		{254B5A90-DCBB-4013-8BFC-49CF3DFA95AE}.Debug|Any CPU.Build.0 = Debug|Any CPU
		{254B5A90-DCBB-4013-8BFC-49CF3DFA95AE}.Release|Any CPU.ActiveCfg = Release|Any CPU
		{254B5A90-DCBB-4013-8BFC-49CF3DFA95AE}.Debug|Any CPU.Build.0 = Debug|Any CPU
		{6D25AA30-C3AF-4AE0-B567-0F2653120CDC}.Debug|Any CPU.ActiveCfg = Debug|Any CPU
		{6D25AA30-C3AF-4AE0-B567-0F2653120CDC}.Debug|Any CPU.Build.0 = Debug|Any CPU
		{6D25AA30-C3AF-4AE0-B567-0F2653120CDC}.Release|Any CPU.ActiveCfg = Release|Any CPU
		{6D25AA30-C3AF-4AE0-B567-0F2653120CDC}.Debug|Any CPU.Build.0 = Debug|Any CPU
		{51D5F233-02F2-45F7-B4F2-60D18EF3DEC5}.Debug|Any CPU.ActiveCfg = Debug|Any CPU
		{51D5F233-02F2-45F7-B4F2-60D18EF3DEC5}.Debug|Any CPU.Build.0 = Debug|Any CPU
		{51D5F233-02F2-45F7-B4F2-60D18EF3DEC5}.Release|Any CPU.ActiveCfg = Release|Any CPU
		{51D5F233-02F2-45F7-B4F2-60D18EF3DEC5}.Debug|Any CPU.Build.0 = Debug|Any CPU
		{BA8C8C0B-470A-4D3C-B3DA-9E28599799B5}.Debug|Any CPU.ActiveCfg = Debug|Any CPU
		{BA8C8C0B-470A-4D3C-B3DA-9E28599799B5}.Debug|Any CPU.Build.0 = Debug|Any CPU
		{BA8C8C0B-470A-4D3C-B3DA-9E28599799B5}.Release|Any CPU.ActiveCfg = Release|Any CPU
		{BA8C8C0B-470A-4D3C-B3DA-9E28599799B5}.Debug|Any CPU.Build.0 = Debug|Any CPU
		{525678C4-FDC1-4A5D-9D8A-D7E78309335F}.Debug|Any CPU.ActiveCfg = Debug|Any CPU
		{525678C4-FDC1-4A5D-9D8A-D7E78309335F}.Debug|Any CPU.Build.0 = Debug|Any CPU
		{525678C4-FDC1-4A5D-9D8A-D7E78309335F}.Release|Any CPU.ActiveCfg = Release|Any CPU
		{525678C4-FDC1-4A5D-9D8A-D7E78309335F}.Debug|Any CPU.Build.0 = Debug|Any CPU
		{F85A14D5-64E0-4CFC-88DA-27FE9D0DD664}.Debug|Any CPU.ActiveCfg = Debug|Any CPU
		{F85A14D5-64E0-4CFC-88DA-27FE9D0DD664}.Debug|Any CPU.Build.0 = Debug|Any CPU
		{F85A14D5-64E0-4CFC-88DA-27FE9D0DD664}.Release|Any CPU.ActiveCfg = Release|Any CPU
		{F85A14D5-64E0-4CFC-88DA-27FE9D0DD664}.Debug|Any CPU.Build.0 = Debug|Any CPU
		{C3A270DE-9727-492E-91E2-F56E7E0E0F83}.Debug|Any CPU.ActiveCfg = Debug|Any CPU
		{C3A270DE-9727-492E-91E2-F56E7E0E0F83}.Debug|Any CPU.Build.0 = Debug|Any CPU
		{C3A270DE-9727-492E-91E2-F56E7E0E0F83}.Release|Any CPU.ActiveCfg = Release|Any CPU
		{C3A270DE-9727-492E-91E2-F56E7E0E0F83}.Debug|Any CPU.Build.0 = Debug|Any CPU
		{E45A004F-FBEF-445C-9607-FBC89D6D4590}.Debug|Any CPU.ActiveCfg = Debug|Any CPU
		{E45A004F-FBEF-445C-9607-FBC89D6D4590}.Debug|Any CPU.Build.0 = Debug|Any CPU
		{E45A004F-FBEF-445C-9607-FBC89D6D4590}.Release|Any CPU.ActiveCfg = Release|Any CPU
		{E45A004F-FBEF-445C-9607-FBC89D6D4590}.Debug|Any CPU.Build.0 = Debug|Any CPU
		{C72B898B-B53B-42D5-9F4F-673F84BB485B}.Debug|Any CPU.ActiveCfg = Debug|Any CPU
		{C72B898B-B53B-42D5-9F4F-673F84BB485B}.Debug|Any CPU.Build.0 = Debug|Any CPU
		{C72B898B-B53B-42D5-9F4F-673F84BB485B}.Release|Any CPU.ActiveCfg = Release|Any CPU
		{C72B898B-B53B-42D5-9F4F-673F84BB485B}.Debug|Any CPU.Build.0 = Debug|Any CPU
		{3EF91DC7-12C9-47F3-BB18-AD3D85D1B624}.Debug|Any CPU.ActiveCfg = Debug|Any CPU
		{3EF91DC7-12C9-47F3-BB18-AD3D85D1B624}.Debug|Any CPU.Build.0 = Debug|Any CPU
		{3EF91DC7-12C9-47F3-BB18-AD3D85D1B624}.Release|Any CPU.ActiveCfg = Release|Any CPU
		{3EF91DC7-12C9-47F3-BB18-AD3D85D1B624}.Debug|Any CPU.Build.0 = Debug|Any CPU
		{2CC97C32-9FFA-4DA4-A6C0-83F300404EC3}.Debug|Any CPU.ActiveCfg = Debug|Any CPU
		{2CC97C32-9FFA-4DA4-A6C0-83F300404EC3}.Debug|Any CPU.Build.0 = Debug|Any CPU
		{2CC97C32-9FFA-4DA4-A6C0-83F300404EC3}.Release|Any CPU.ActiveCfg = Release|Any CPU
		{2CC97C32-9FFA-4DA4-A6C0-83F300404EC3}.Debug|Any CPU.Build.0 = Debug|Any CPU
		{950B9CDB-9286-4A1A-8D88-1DF6954A45E3}.Debug|Any CPU.ActiveCfg = Debug|Any CPU
		{950B9CDB-9286-4A1A-8D88-1DF6954A45E3}.Debug|Any CPU.Build.0 = Debug|Any CPU
		{950B9CDB-9286-4A1A-8D88-1DF6954A45E3}.Release|Any CPU.ActiveCfg = Release|Any CPU
		{950B9CDB-9286-4A1A-8D88-1DF6954A45E3}.Debug|Any CPU.Build.0 = Debug|Any CPU
		{397FFA3D-9A4E-4900-9714-65D16A871613}.Debug|Any CPU.ActiveCfg = Debug|Any CPU
		{397FFA3D-9A4E-4900-9714-65D16A871613}.Debug|Any CPU.Build.0 = Debug|Any CPU
		{397FFA3D-9A4E-4900-9714-65D16A871613}.Release|Any CPU.ActiveCfg = Release|Any CPU
		{397FFA3D-9A4E-4900-9714-65D16A871613}.Debug|Any CPU.Build.0 = Debug|Any CPU
		{E5302713-0022-4657-85D8-9620818071DF}.Debug|Any CPU.ActiveCfg = Debug|Any CPU
		{E5302713-0022-4657-85D8-9620818071DF}.Debug|Any CPU.Build.0 = Debug|Any CPU
		{E5302713-0022-4657-85D8-9620818071DF}.Release|Any CPU.ActiveCfg = Release|Any CPU
		{E5302713-0022-4657-85D8-9620818071DF}.Debug|Any CPU.Build.0 = Debug|Any CPU
		{37677547-9CC8-4641-8B4E-20A8771B8964}.Debug|Any CPU.ActiveCfg = Debug|Any CPU
		{37677547-9CC8-4641-8B4E-20A8771B8964}.Debug|Any CPU.Build.0 = Debug|Any CPU
		{37677547-9CC8-4641-8B4E-20A8771B8964}.Release|Any CPU.ActiveCfg = Release|Any CPU
		{37677547-9CC8-4641-8B4E-20A8771B8964}.Debug|Any CPU.Build.0 = Debug|Any CPU
		{70D67203-03A5-417A-A27B-15C447A78C21}.Debug|Any CPU.ActiveCfg = Debug|Any CPU
		{70D67203-03A5-417A-A27B-15C447A78C21}.Debug|Any CPU.Build.0 = Debug|Any CPU
		{70D67203-03A5-417A-A27B-15C447A78C21}.Release|Any CPU.ActiveCfg = Release|Any CPU
		{70D67203-03A5-417A-A27B-15C447A78C21}.Debug|Any CPU.Build.0 = Debug|Any CPU
		{E8422666-0A62-4F54-A2D7-CF499AAEC215}.Debug|Any CPU.ActiveCfg = Debug|Any CPU
		{E8422666-0A62-4F54-A2D7-CF499AAEC215}.Debug|Any CPU.Build.0 = Debug|Any CPU
		{E8422666-0A62-4F54-A2D7-CF499AAEC215}.Release|Any CPU.ActiveCfg = Release|Any CPU
		{E8422666-0A62-4F54-A2D7-CF499AAEC215}.Debug|Any CPU.Build.0 = Debug|Any CPU
		{5A57F496-4A8B-451F-9077-3A92173743A9}.Debug|Any CPU.ActiveCfg = Debug|Any CPU
		{5A57F496-4A8B-451F-9077-3A92173743A9}.Debug|Any CPU.Build.0 = Debug|Any CPU
		{5A57F496-4A8B-451F-9077-3A92173743A9}.Release|Any CPU.ActiveCfg = Release|Any CPU
		{5A57F496-4A8B-451F-9077-3A92173743A9}.Debug|Any CPU.Build.0 = Debug|Any CPU
		{BB3C8690-9AEF-4949-922B-A27C94F1039F}.Debug|Any CPU.ActiveCfg = Debug|Any CPU
		{BB3C8690-9AEF-4949-922B-A27C94F1039F}.Debug|Any CPU.Build.0 = Debug|Any CPU
		{BB3C8690-9AEF-4949-922B-A27C94F1039F}.Release|Any CPU.ActiveCfg = Release|Any CPU
		{BB3C8690-9AEF-4949-922B-A27C94F1039F}.Debug|Any CPU.Build.0 = Debug|Any CPU
		{00062A82-FCEA-4CF7-806A-9D1C335C846C}.Debug|Any CPU.ActiveCfg = Debug|Any CPU
		{00062A82-FCEA-4CF7-806A-9D1C335C846C}.Debug|Any CPU.Build.0 = Debug|Any CPU
		{00062A82-FCEA-4CF7-806A-9D1C335C846C}.Release|Any CPU.ActiveCfg = Release|Any CPU
		{00062A82-FCEA-4CF7-806A-9D1C335C846C}.Debug|Any CPU.Build.0 = Debug|Any CPU
		{960E0564-9487-4C39-9F6A-EF730D96C18E}.Debug|Any CPU.ActiveCfg = Debug|Any CPU
		{960E0564-9487-4C39-9F6A-EF730D96C18E}.Debug|Any CPU.Build.0 = Debug|Any CPU
		{960E0564-9487-4C39-9F6A-EF730D96C18E}.Release|Any CPU.ActiveCfg = Release|Any CPU
		{960E0564-9487-4C39-9F6A-EF730D96C18E}.Debug|Any CPU.Build.0 = Debug|Any CPU
		{E9D59CCD-7122-40BA-93B2-2D2E40B09662}.Debug|Any CPU.ActiveCfg = Debug|Any CPU
		{E9D59CCD-7122-40BA-93B2-2D2E40B09662}.Debug|Any CPU.Build.0 = Debug|Any CPU
		{E9D59CCD-7122-40BA-93B2-2D2E40B09662}.Release|Any CPU.ActiveCfg = Release|Any CPU
		{E9D59CCD-7122-40BA-93B2-2D2E40B09662}.Debug|Any CPU.Build.0 = Debug|Any CPU
		{9B81ECD9-731C-49FF-8417-7900133846B0}.Debug|Any CPU.ActiveCfg = Debug|Any CPU
		{9B81ECD9-731C-49FF-8417-7900133846B0}.Debug|Any CPU.Build.0 = Debug|Any CPU
		{9B81ECD9-731C-49FF-8417-7900133846B0}.Release|Any CPU.ActiveCfg = Release|Any CPU
		{9B81ECD9-731C-49FF-8417-7900133846B0}.Debug|Any CPU.Build.0 = Debug|Any CPU
		{4CCC7A86-294C-4C14-90E2-536DE23FB7B8}.Debug|Any CPU.ActiveCfg = Debug|Any CPU
		{4CCC7A86-294C-4C14-90E2-536DE23FB7B8}.Debug|Any CPU.Build.0 = Debug|Any CPU
		{4CCC7A86-294C-4C14-90E2-536DE23FB7B8}.Release|Any CPU.ActiveCfg = Release|Any CPU
		{4CCC7A86-294C-4C14-90E2-536DE23FB7B8}.Debug|Any CPU.Build.0 = Debug|Any CPU
		{88D3427B-531B-45BF-A336-CEFBEE3DBEB7}.Debug|Any CPU.ActiveCfg = Debug|Any CPU
		{88D3427B-531B-45BF-A336-CEFBEE3DBEB7}.Debug|Any CPU.Build.0 = Debug|Any CPU
		{88D3427B-531B-45BF-A336-CEFBEE3DBEB7}.Release|Any CPU.ActiveCfg = Release|Any CPU
		{88D3427B-531B-45BF-A336-CEFBEE3DBEB7}.Debug|Any CPU.Build.0 = Debug|Any CPU
		{35D692B7-D98F-455F-8AF0-6B65D13E80B7}.Debug|Any CPU.ActiveCfg = Debug|Any CPU
		{35D692B7-D98F-455F-8AF0-6B65D13E80B7}.Debug|Any CPU.Build.0 = Debug|Any CPU
		{35D692B7-D98F-455F-8AF0-6B65D13E80B7}.Release|Any CPU.ActiveCfg = Release|Any CPU
		{35D692B7-D98F-455F-8AF0-6B65D13E80B7}.Debug|Any CPU.Build.0 = Debug|Any CPU
		{3D7F434B-49DF-4E21-8FDD-4F88907F14A3}.Debug|Any CPU.ActiveCfg = Debug|Any CPU
		{3D7F434B-49DF-4E21-8FDD-4F88907F14A3}.Debug|Any CPU.Build.0 = Debug|Any CPU
		{3D7F434B-49DF-4E21-8FDD-4F88907F14A3}.Release|Any CPU.ActiveCfg = Release|Any CPU
		{3D7F434B-49DF-4E21-8FDD-4F88907F14A3}.Debug|Any CPU.Build.0 = Debug|Any CPU
		{43FC15B7-2CC9-41CD-932E-B24EE8DC4A85}.Debug|Any CPU.ActiveCfg = Debug|Any CPU
		{43FC15B7-2CC9-41CD-932E-B24EE8DC4A85}.Debug|Any CPU.Build.0 = Debug|Any CPU
		{43FC15B7-2CC9-41CD-932E-B24EE8DC4A85}.Release|Any CPU.ActiveCfg = Release|Any CPU
		{43FC15B7-2CC9-41CD-932E-B24EE8DC4A85}.Debug|Any CPU.Build.0 = Debug|Any CPU
		{5656D29D-E7FE-4624-8EFB-D3251F683A4F}.Debug|Any CPU.ActiveCfg = Debug|Any CPU
		{5656D29D-E7FE-4624-8EFB-D3251F683A4F}.Debug|Any CPU.Build.0 = Debug|Any CPU
		{5656D29D-E7FE-4624-8EFB-D3251F683A4F}.Release|Any CPU.ActiveCfg = Release|Any CPU
		{5656D29D-E7FE-4624-8EFB-D3251F683A4F}.Debug|Any CPU.Build.0 = Debug|Any CPU
		{FE8476F3-E114-49B6-BF21-0D69AD7A0544}.Debug|Any CPU.ActiveCfg = Debug|Any CPU
		{FE8476F3-E114-49B6-BF21-0D69AD7A0544}.Debug|Any CPU.Build.0 = Debug|Any CPU
		{FE8476F3-E114-49B6-BF21-0D69AD7A0544}.Release|Any CPU.ActiveCfg = Release|Any CPU
		{FE8476F3-E114-49B6-BF21-0D69AD7A0544}.Debug|Any CPU.Build.0 = Debug|Any CPU
		{E10855C7-201C-43C3-940A-A7275FD2B804}.Debug|Any CPU.ActiveCfg = Debug|Any CPU
		{E10855C7-201C-43C3-940A-A7275FD2B804}.Debug|Any CPU.Build.0 = Debug|Any CPU
		{E10855C7-201C-43C3-940A-A7275FD2B804}.Release|Any CPU.ActiveCfg = Release|Any CPU
		{E10855C7-201C-43C3-940A-A7275FD2B804}.Debug|Any CPU.Build.0 = Debug|Any CPU
		{91DDF7E6-AD38-4020-84A3-6A55B245C0ED}.Debug|Any CPU.ActiveCfg = Debug|Any CPU
		{91DDF7E6-AD38-4020-84A3-6A55B245C0ED}.Debug|Any CPU.Build.0 = Debug|Any CPU
		{91DDF7E6-AD38-4020-84A3-6A55B245C0ED}.Release|Any CPU.ActiveCfg = Release|Any CPU
		{91DDF7E6-AD38-4020-84A3-6A55B245C0ED}.Debug|Any CPU.Build.0 = Debug|Any CPU
		{37E0D750-D617-4F48-8F1B-A261A7AEC109}.Debug|Any CPU.ActiveCfg = Debug|Any CPU
		{37E0D750-D617-4F48-8F1B-A261A7AEC109}.Debug|Any CPU.Build.0 = Debug|Any CPU
		{37E0D750-D617-4F48-8F1B-A261A7AEC109}.Release|Any CPU.ActiveCfg = Release|Any CPU
		{37E0D750-D617-4F48-8F1B-A261A7AEC109}.Debug|Any CPU.Build.0 = Debug|Any CPU
		{801A91E0-B9FC-4808-8045-36560D6AF1C3}.Debug|Any CPU.ActiveCfg = Debug|Any CPU
		{801A91E0-B9FC-4808-8045-36560D6AF1C3}.Debug|Any CPU.Build.0 = Debug|Any CPU
		{801A91E0-B9FC-4808-8045-36560D6AF1C3}.Release|Any CPU.ActiveCfg = Release|Any CPU
		{801A91E0-B9FC-4808-8045-36560D6AF1C3}.Debug|Any CPU.Build.0 = Debug|Any CPU
		{D8AAFB54-4C8D-4352-9FFD-EAEA3D77B200}.Debug|Any CPU.ActiveCfg = Debug|Any CPU
		{D8AAFB54-4C8D-4352-9FFD-EAEA3D77B200}.Debug|Any CPU.Build.0 = Debug|Any CPU
		{D8AAFB54-4C8D-4352-9FFD-EAEA3D77B200}.Release|Any CPU.ActiveCfg = Release|Any CPU
		{D8AAFB54-4C8D-4352-9FFD-EAEA3D77B200}.Debug|Any CPU.Build.0 = Debug|Any CPU
		{810AECD3-7A0A-498F-A5D3-D49CC08C7B57}.Debug|Any CPU.ActiveCfg = Debug|Any CPU
		{810AECD3-7A0A-498F-A5D3-D49CC08C7B57}.Debug|Any CPU.Build.0 = Debug|Any CPU
		{810AECD3-7A0A-498F-A5D3-D49CC08C7B57}.Release|Any CPU.ActiveCfg = Release|Any CPU
		{810AECD3-7A0A-498F-A5D3-D49CC08C7B57}.Debug|Any CPU.Build.0 = Debug|Any CPU
		{16BBF06D-C6C3-44C7-840A-E9422A194317}.Debug|Any CPU.ActiveCfg = Debug|Any CPU
		{16BBF06D-C6C3-44C7-840A-E9422A194317}.Debug|Any CPU.Build.0 = Debug|Any CPU
		{16BBF06D-C6C3-44C7-840A-E9422A194317}.Release|Any CPU.ActiveCfg = Release|Any CPU
		{16BBF06D-C6C3-44C7-840A-E9422A194317}.Debug|Any CPU.Build.0 = Debug|Any CPU
		{82D72544-D241-4DF3-9069-CA0F2F0C2618}.Debug|Any CPU.ActiveCfg = Debug|Any CPU
		{82D72544-D241-4DF3-9069-CA0F2F0C2618}.Debug|Any CPU.Build.0 = Debug|Any CPU
		{82D72544-D241-4DF3-9069-CA0F2F0C2618}.Release|Any CPU.ActiveCfg = Release|Any CPU
		{82D72544-D241-4DF3-9069-CA0F2F0C2618}.Debug|Any CPU.Build.0 = Debug|Any CPU
		{04E76035-A7EB-4055-A643-07FA9088F5A4}.Debug|Any CPU.ActiveCfg = Debug|Any CPU
		{04E76035-A7EB-4055-A643-07FA9088F5A4}.Debug|Any CPU.Build.0 = Debug|Any CPU
		{04E76035-A7EB-4055-A643-07FA9088F5A4}.Release|Any CPU.ActiveCfg = Release|Any CPU
		{04E76035-A7EB-4055-A643-07FA9088F5A4}.Debug|Any CPU.Build.0 = Debug|Any CPU
		{E4E691E9-3912-44A7-AA4E-607A9BB4A9FC}.Debug|Any CPU.ActiveCfg = Debug|Any CPU
		{E4E691E9-3912-44A7-AA4E-607A9BB4A9FC}.Debug|Any CPU.Build.0 = Debug|Any CPU
		{E4E691E9-3912-44A7-AA4E-607A9BB4A9FC}.Release|Any CPU.ActiveCfg = Release|Any CPU
		{E4E691E9-3912-44A7-AA4E-607A9BB4A9FC}.Debug|Any CPU.Build.0 = Debug|Any CPU
		{FBAB66F2-C88B-413B-9C49-A8AC835C7BA3}.Debug|Any CPU.ActiveCfg = Debug|Any CPU
		{FBAB66F2-C88B-413B-9C49-A8AC835C7BA3}.Debug|Any CPU.Build.0 = Debug|Any CPU
		{FBAB66F2-C88B-413B-9C49-A8AC835C7BA3}.Release|Any CPU.ActiveCfg = Release|Any CPU
		{FBAB66F2-C88B-413B-9C49-A8AC835C7BA3}.Debug|Any CPU.Build.0 = Debug|Any CPU
		{72874F45-8700-4671-902F-1100F82FA5AB}.Debug|Any CPU.ActiveCfg = Debug|Any CPU
		{72874F45-8700-4671-902F-1100F82FA5AB}.Debug|Any CPU.Build.0 = Debug|Any CPU
		{72874F45-8700-4671-902F-1100F82FA5AB}.Release|Any CPU.ActiveCfg = Release|Any CPU
		{72874F45-8700-4671-902F-1100F82FA5AB}.Debug|Any CPU.Build.0 = Debug|Any CPU
	EndGlobalSection
	GlobalSection(SolutionProperties) = preSolution
		HideSolutionNode = FALSE
	EndGlobalSection
	GlobalSection(NestedProjects) = preSolution
		{6d25aa30-c3af-4ae0-b567-0f2653120cdc} = {2de48dd9-908a-4881-af27-121dff17f3bb}
		{525678c4-fdc1-4a5d-9d8a-d7e78309335f} = {2de48dd9-908a-4881-af27-121dff17f3bb}
		{c72b898b-b53b-42d5-9f4f-673f84bb485b} = {23a5519d-158b-4907-941a-baf58bb490ed}
		{3ef91dc7-12c9-47f3-bb18-ad3d85d1b624} = {23a5519d-158b-4907-941a-baf58bb490ed}
		{2cc97c32-9ffa-4da4-a6c0-83f300404ec3} = {1c9459cf-9218-4c28-8c76-4e10817e5b02}
		{51d5f233-02f2-45f7-b4f2-60d18ef3dec5} = {68fce379-e2ea-4f58-8482-bc69257be2d1}
		{ba8c8c0b-470a-4d3c-b3da-9e28599799b5} = {99c00974-2ea1-452b-a45c-dd23d9d2048b}
		{f85a14d5-64e0-4cfc-88da-27fe9d0dd664} = {99c00974-2ea1-452b-a45c-dd23d9d2048b}
		{c3a270de-9727-492e-91e2-f56e7e0e0f83} = {99c00974-2ea1-452b-a45c-dd23d9d2048b}
		{e45a004f-fbef-445c-9607-fbc89d6d4590} = {4a621eb1-02e5-4558-bbbf-8694ae854c5d}
		{950b9cdb-9286-4a1a-8d88-1df6954a45e3} = {4a621eb1-02e5-4558-bbbf-8694ae854c5d}
		{e5302713-0022-4657-85d8-9620818071df} = {4a621eb1-02e5-4558-bbbf-8694ae854c5d}
		{11cc9717-71a4-41e7-b27e-d59a54d221dd} = {d2ea2239-f0ba-4750-8750-37cd9c231af7}
		{25082160-7e27-40c0-be53-778c977b758c} = {d2ea2239-f0ba-4750-8750-37cd9c231af7}
		{f9aacc1c-5613-4f62-af63-b04098f61192} = {d2ea2239-f0ba-4750-8750-37cd9c231af7}
		{78ee7b03-b20a-411c-95e7-d23083e254af} = {d2ea2239-f0ba-4750-8750-37cd9c231af7}
		{254b5a90-dcbb-4013-8bfc-49cf3dfa95ae} = {d2ea2239-f0ba-4750-8750-37cd9c231af7}
		{960e0564-9487-4c39-9f6a-ef730d96c18e} = {c12033db-cc34-4950-a0fb-4e368a350d23}
		{4ccc7a86-294c-4c14-90e2-536de23fb7b8} = {43fa57bd-a4c3-450b-8aed-ee6c09598d0c}
		{01fa0028-ad94-4d6b-9a89-3fabf3c9c779} = {6d84af1b-527c-4f67-82e9-c9f57a619d0a}
		{e9d59ccd-7122-40ba-93b2-2d2e40b09662} = {6d84af1b-527c-4f67-82e9-c9f57a619d0a}
		{88d3427b-531b-45bf-a336-cefbee3dbeb7} = {6d84af1b-527c-4f67-82e9-c9f57a619d0a}
		{3d7f434b-49df-4e21-8fdd-4f88907f14a3} = {6d84af1b-527c-4f67-82e9-c9f57a619d0a}
		{1863424e-9841-4647-97a2-4cc17a4bc7ba} = {42ef76b9-9968-4c93-bd48-b3c6bd47de35}
		{3a8f1415-88ef-4b9e-8fef-4296bf953f31} = {42ef76b9-9968-4c93-bd48-b3c6bd47de35}
		{9abeb016-fb34-40ab-b469-3b00f0048d27} = {42ef76b9-9968-4c93-bd48-b3c6bd47de35}
		{35d692b7-d98f-455f-8af0-6b65d13e80b7} = {d71dd286-a989-486d-9d9d-66e11e2e8b1f}
		{2dd6d618-b371-4a82-9c67-d3d8b073782b} = {e34b5b15-1121-43e5-8390-81d4790504a3}
		{745af834-f156-4766-93ab-421adb241292} = {6adff0ad-d80c-4703-a692-4997477ebde6}
		{d28bcc74-cee0-4427-8d9d-fd3caa6310d6} = {6adff0ad-d80c-4703-a692-4997477ebde6}
		{37677547-9cc8-4641-8b4e-20a8771b8964} = {6adff0ad-d80c-4703-a692-4997477ebde6}
		{acd15310-6046-41ba-ae72-f53471cb7bc6} = {81b8a46d-eb62-4dd2-8b85-6094b2d5ffc9}
		{70d67203-03a5-417a-a27b-15c447a78c21} = {81b8a46d-eb62-4dd2-8b85-6094b2d5ffc9}

    EndGlobal
EndGlobalSection

