Microsoft Visual Studio Solution File, Format Version 12.00
# Visual Studio 14
VisualStudioVersion = 14.0.25420.1
MinimumVisualStudioVersion = 10.0.40219.1
Project("{2150E333-8FDC-42A3-9474-1A3956D46DE8}") = "UI", "UI", "{38415615-8E30-4DDC-9740-778E288F8815}"
EndProject
Project("{2150E333-8FDC-42A3-9474-1A3956D46DE8}") = "Web", "Web", "{7D3E5E91-68B2-45B3-9F6B-0426151A123D}"
EndProject
Project("{2150E333-8FDC-42A3-9474-1A3956D46DE8}") = "Core", "Core", "{03948AA3-AE68-4BE0-9BFD-9CF639F5A588}"
EndProject
Project("{2150E333-8FDC-42A3-9474-1A3956D46DE8}") = "Frameworks", "Frameworks", "{C95E59E3-394C-4D9B-ACA2-2DB1906674DC}"
EndProject
Project("{2150E333-8FDC-42A3-9474-1A3956D46DE8}") = "MVVMLight", "MVVMLight", "{B6EFA5AD-FD04-45B2-BB7D-AE26B3B90EA2}"
EndProject
Project("{2150E333-8FDC-42A3-9474-1A3956D46DE8}") = "Shared", "Shared", "{54C86A8E-A577-4F7C-ACC6-61AF98387F64}"
EndProject
Project("{2150E333-8FDC-42A3-9474-1A3956D46DE8}") = "Wcf", "Wcf", "{60004011-0EB2-453D-A73C-3109B5A88CE6}"
EndProject
Project("{2150E333-8FDC-42A3-9474-1A3956D46DE8}") = "Core.WP", "Core.WP", "{96D46854-3B82-455D-B058-61CFD28C8494}"
EndProject
Project("{2150E333-8FDC-42A3-9474-1A3956D46DE8}") = "Frameworks.WP", "Frameworks.WP", "{DE7F5E8A-5E9B-4171-9D52-0A7EBDE5C1E8}"
EndProject
Project("{2150E333-8FDC-42A3-9474-1A3956D46DE8}") = "Shared.WP", "Shared.WP", "{5ED0953B-8484-404E-AF42-B4500CB4F715}"
EndProject
Project("{2150E333-8FDC-42A3-9474-1A3956D46DE8}") = "Wcf.WP", "Wcf.WP", "{4942B7C2-9E90-46E8-B781-2B16826E60B2}"
EndProject
Project("{2150E333-8FDC-42A3-9474-1A3956D46DE8}") = "Web.WP", "Web.WP", "{1C050C67-A957-4B97-8721-E20E0BC92282}"
EndProject
Project("{2150E333-8FDC-42A3-9474-1A3956D46DE8}") = "Core.SL", "Core.SL", "{B38A3635-0DA6-49C5-8213-8C9D6996695E}"
EndProject
Project("{2150E333-8FDC-42A3-9474-1A3956D46DE8}") = "Frameworks.SL", "Frameworks.SL", "{6EED405F-6C9B-4810-8210-E500B85FC947}"
EndProject
Project("{2150E333-8FDC-42A3-9474-1A3956D46DE8}") = "Shared.SL", "Shared.SL", "{C42FDD1A-47D3-46F3-82CC-AB7DCE77CDB3}"
EndProject
Project("{2150E333-8FDC-42A3-9474-1A3956D46DE8}") = "Wcf.SL", "Wcf.SL", "{20049A72-7B83-4720-BD45-0676207BB10A}"
EndProject
Project("{2150E333-8FDC-42A3-9474-1A3956D46DE8}") = "Web.SL", "Web.SL", "{EE2D3E58-00E7-4E95-98C2-F4782956DFA2}"
EndProject
Project("{2150E333-8FDC-42A3-9474-1A3956D46DE8}") = "Core.WinRT", "Core.WinRT", "{E01E9B79-80B9-4834-B31A-339A83D056F0}"
EndProject
Project("{2150E333-8FDC-42A3-9474-1A3956D46DE8}") = "Frameworks.WinRT", "Frameworks.WinRT", "{35E03912-2FB1-4386-9280-3C5D65B994B7}"
EndProject
Project("{2150E333-8FDC-42A3-9474-1A3956D46DE8}") = "Shared.WinRT", "Shared.WinRT", "{EEC1BEE3-603F-4766-AD2F-47AAB205958C}"
EndProject
Project("{2150E333-8FDC-42A3-9474-1A3956D46DE8}") = "Wcf.WinRT", "Wcf.WinRT", "{4C020FD5-28C3-44B0-A75C-1DBC4B757CE3}"
EndProject
Project("{2150E333-8FDC-42A3-9474-1A3956D46DE8}") = "Web.WinRT", "Web.WinRT", "{CC3F30C8-E675-44E6-BA16-975E11B0F8CA}"
EndProject

Project("{2150E333-8FDC-42A3-9474-1A3956D46DE8}") = ".nuget", ".nuget", "{C7AFD4E1-D307-437A-A664-00C8BAD46061}"
	ProjectSection(SolutionItems) = preProject
		.nuget\NuGet.Config = .nuget\NuGet.Config
		.nuget\NuGet.exe = .nuget\NuGet.exe
		.nuget\NuGet.targets = .nuget\NuGet.targets
	EndProjectSection
EndProject
Project("{FAE04EC0-301F-11D3-BF4B-00C04F79EFBC}") = "MSBuildExtensionPack.AspNetMvc40ApiController", "MSBuildExtensionPack\UI\Web\AspNetMvc40ApiController\MSBuildExtensionPack.AspNetMvc40ApiController.csproj", "{B136B1C2-48E2-4651-9B39-A97037822583}"
EndProject
Project("{FAE04EC0-301F-11D3-BF4B-00C04F79EFBC}") = "MSBuildExtensionPack.AspNetMvc40Rasor", "MSBuildExtensionPack\UI\Web\AspNetMvc40Rasor\MSBuildExtensionPack.AspNetMvc40Rasor.csproj", "{A2FB44F1-A131-4C4D-9257-A8A825392431}"
EndProject
Project("{FAE04EC0-301F-11D3-BF4B-00C04F79EFBC}") = "MSBuildExtensionPack.AspNetMvc40ViewModel", "MSBuildExtensionPack\UI\Web\AspNetMvc40ViewModel\MSBuildExtensionPack.AspNetMvc40ViewModel.csproj", "{5A5DDD83-CA50-4A8E-9A8D-E1CA02FF6402}"
EndProject
Project("{FAE04EC0-301F-11D3-BF4B-00C04F79EFBC}") = "MSBuildExtensionPack.CommonBLL", "MSBuildExtensionPack\Core\CommonBLL\MSBuildExtensionPack.CommonBLL.csproj", "{EB345C1F-D609-43C1-A97F-7B3B3A5A0352}"
EndProject
Project("{FAE04EC0-301F-11D3-BF4B-00C04F79EFBC}") = "MSBuildExtensionPack.CommonBLLEntities", "MSBuildExtensionPack\Core\CommonBLLEntities\MSBuildExtensionPack.CommonBLLEntities.csproj", "{6A520483-5254-4978-AD53-3147ADDEFFB6}"
EndProject
Project("{FAE04EC0-301F-11D3-BF4B-00C04F79EFBC}") = "MSBuildExtensionPack.CommonBLLIoC", "MSBuildExtensionPack\Core\CommonBLLIoC\MSBuildExtensionPack.CommonBLLIoC.csproj", "{6992A9F3-9832-46FD-8C7F-D2BB5777E7D9}"
EndProject
Project("{FAE04EC0-301F-11D3-BF4B-00C04F79EFBC}") = "MSBuildExtensionPack.DALContracts", "MSBuildExtensionPack\Core\DALContracts\MSBuildExtensionPack.DALContracts.csproj", "{54D13C75-9E50-4ED3-B265-9FC6819EA35E}"
EndProject
Project("{FAE04EC0-301F-11D3-BF4B-00C04F79EFBC}") = "MSBuildExtensionPack.DataSourceEntities", "MSBuildExtensionPack\Core\DataSourceEntities\MSBuildExtensionPack.DataSourceEntities.csproj", "{D0B33CDD-97C7-4D99-A579-8FC566DE7153}"
EndProject
Project("{FAE04EC0-301F-11D3-BF4B-00C04F79EFBC}") = "MSBuildExtensionPack.EntityContracts", "MSBuildExtensionPack\Core\EntityContracts\MSBuildExtensionPack.EntityContracts.csproj", "{D79953A8-FEBC-4B13-9CDA-F7675A233481}"
EndProject
Project("{FAE04EC0-301F-11D3-BF4B-00C04F79EFBC}") = "MSBuildExtensionPack.EntityFrameworkContextV6", "MSBuildExtensionPack\Core\EntityFrameworkContextV6\MSBuildExtensionPack.EntityFrameworkContextV6.csproj", "{66F1C60F-BFF8-4795-9C1D-9A413801E080}"
EndProject
Project("{FAE04EC0-301F-11D3-BF4B-00C04F79EFBC}") = "MSBuildExtensionPack.EntityFrameworkContextV6CodeFirst", "MSBuildExtensionPack\Core\EntityFrameworkContextV6CodeFirst\MSBuildExtensionPack.EntityFrameworkContextV6CodeFirst.csproj", "{41282156-28F5-4BC3-B10E-35EAAC542577}"
EndProject
Project("{FAE04EC0-301F-11D3-BF4B-00C04F79EFBC}") = "MSBuildExtensionPack.EntityFrameworkDALV6", "MSBuildExtensionPack\Core\EntityFrameworkDALV6\MSBuildExtensionPack.EntityFrameworkDALV6.csproj", "{3C52C0A7-6CEF-4693-9EEF-C17FB3B035A6}"
EndProject
Project("{FAE04EC0-301F-11D3-BF4B-00C04F79EFBC}") = "MSBuildExtensionPack.EntityFrameworkDALV6CodeFirst", "MSBuildExtensionPack\Core\EntityFrameworkDALV6CodeFirst\MSBuildExtensionPack.EntityFrameworkDALV6CodeFirst.csproj", "{CA09C384-1354-45EE-BDB3-7A39CBFE6695}"
EndProject
Project("{FAE04EC0-301F-11D3-BF4B-00C04F79EFBC}") = "Framework", "Frameworks\Framework\Framework.csproj", "{6D25AA30-C3AF-4AE0-B567-0F2653120CDC}"
EndProject
Project("{FAE04EC0-301F-11D3-BF4B-00C04F79EFBC}") = "Framework.Charting", "Frameworks\Framework.Charting\Framework.Charting.csproj", "{51D5F233-02F2-45F7-B4F2-60D18EF3DEC5}"
EndProject
Project("{FAE04EC0-301F-11D3-BF4B-00C04F79EFBC}") = "Framework.CommonBLLEntities", "Frameworks\Framework.CommonBLLEntities\Framework.CommonBLLEntities.csproj", "{BA8C8C0B-470A-4D3C-B3DA-9E28599799B5}"
EndProject
Project("{FAE04EC0-301F-11D3-BF4B-00C04F79EFBC}") = "Framework.DAL", "Frameworks\Framework.DAL\Framework.DAL.csproj", "{525678C4-FDC1-4A5D-9D8A-D7E78309335F}"
EndProject
Project("{FAE04EC0-301F-11D3-BF4B-00C04F79EFBC}") = "Framework.DataSourceEntities", "Frameworks\Framework.DataSourceEntities\Framework.DataSourceEntities.csproj", "{F85A14D5-64E0-4CFC-88DA-27FE9D0DD664}"
EndProject
Project("{FAE04EC0-301F-11D3-BF4B-00C04F79EFBC}") = "Framework.EntityContracts", "Frameworks\Framework.EntityContracts\Framework.EntityContracts.csproj", "{C3A270DE-9727-492E-91E2-F56E7E0E0F83}"
EndProject
Project("{FAE04EC0-301F-11D3-BF4B-00C04F79EFBC}") = "Framework.LinqDAL", "Frameworks\Framework.LinqDAL\Framework.LinqDAL.csproj", "{7D1B22F8-06A2-4D09-A3AD-D93A09A01815}"
EndProject
Project("{FAE04EC0-301F-11D3-BF4B-00C04F79EFBC}") = "Framework.Mvc", "Frameworks\Framework.Mvc\Framework.Mvc.csproj", "{E45A004F-FBEF-445C-9607-FBC89D6D4590}"
EndProject
Project("{FAE04EC0-301F-11D3-BF4B-00C04F79EFBC}") = "Framework.Resources", "Frameworks\Framework.Resources\Framework.Resources.csproj", "{C72B898B-B53B-42D5-9F4F-673F84BB485B}"
EndProject
Project("{FAE04EC0-301F-11D3-BF4B-00C04F79EFBC}") = "Framework.Services", "Frameworks\Framework.Services\Framework.Services.csproj", "{3EF91DC7-12C9-47F3-BB18-AD3D85D1B624}"
EndProject
Project("{FAE04EC0-301F-11D3-BF4B-00C04F79EFBC}") = "Framework.ViewModels", "Frameworks\Framework.ViewModels\Framework.ViewModels.csproj", "{2CC97C32-9FFA-4DA4-A6C0-83F300404EC3}"
EndProject
Project("{FAE04EC0-301F-11D3-BF4B-00C04F79EFBC}") = "Framework.Web", "Frameworks\Framework.Web\Framework.Web.csproj", "{950B9CDB-9286-4A1A-8D88-1DF6954A45E3}"
EndProject
Project("{FAE04EC0-301F-11D3-BF4B-00C04F79EFBC}") = "Framework.Xaml", "Frameworks\Framework.Xaml\Framework.Xaml.csproj", "{E5302713-0022-4657-85D8-9620818071DF}"
EndProject
Project("{FAE04EC0-301F-11D3-BF4B-00C04F79EFBC}") = "MSBuildExtensionPack.MVVMLightViewModels", "MSBuildExtensionPack\UI\MVVMLight\Shared\MVVMLightViewModels\MSBuildExtensionPack.MVVMLightViewModels.csproj", "{AEBA199A-084C-4FFC-B215-D080E50C81DF}"
EndProject
Project("{FAE04EC0-301F-11D3-BF4B-00C04F79EFBC}") = "MSBuildExtensionPack.WPF4App", "MSBuildExtensionPack\UI\MVVMLight\WPF4App\MSBuildExtensionPack.WPF4App.csproj", "{8D2D7E8F-8415-424C-AF9C-967113BE5136}"
EndProject
Project("{FAE04EC0-301F-11D3-BF4B-00C04F79EFBC}") = "MSBuildExtensionPack.Resources", "MSBuildExtensionPack\Core\Resources\MSBuildExtensionPack.Resources.csproj", "{42681747-107B-487B-9EA2-CE46754682FD}"
EndProject
Project("{FAE04EC0-301F-11D3-BF4B-00C04F79EFBC}") = "MSBuildExtensionPack.ViewModelData", "MSBuildExtensionPack\Core\ViewModelData\MSBuildExtensionPack.ViewModelData.csproj", "{59622778-B13C-464E-98F7-EA662653AF27}"
EndProject
Project("{FAE04EC0-301F-11D3-BF4B-00C04F79EFBC}") = "MSBuildExtensionPack.VS2012DatabaseProject", "MSBuildExtensionPack\Core\VS2012DatabaseProject\MSBuildExtensionPack.VS2012DatabaseProject.sqlproj", "{D1D12E36-D3E2-40D8-9AE4-91943585E7E5}"
EndProject
Project("{FAE04EC0-301F-11D3-BF4B-00C04F79EFBC}") = "MSBuildExtensionPack.WcfClientBLL", "MSBuildExtensionPack\Wcf\WcfClientBLL\MSBuildExtensionPack.WcfClientBLL.csproj", "{9CCCD6FA-FAE9-40DA-987E-96A53923BA0D}"
EndProject
Project("{FAE04EC0-301F-11D3-BF4B-00C04F79EFBC}") = "MSBuildExtensionPack.WcfContracts", "MSBuildExtensionPack\Core\WcfContracts\MSBuildExtensionPack.WcfContracts.csproj", "{3FF07BEF-FF15-47EE-9BF2-107623976CA5}"
EndProject
Project("{FAE04EC0-301F-11D3-BF4B-00C04F79EFBC}") = "MSBuildExtensionPack.WcfWebApp", "MSBuildExtensionPack\Wcf\WcfWebApp\MSBuildExtensionPack.WcfWebApp.csproj", "{4DF63B10-6071-441E-935A-9A018707353B}"
EndProject
Project("{FAE04EC0-301F-11D3-BF4B-00C04F79EFBC}") = "MSBuildExtensionPack.WebApiClient", "MSBuildExtensionPack\UI\Web\WebApiClient\MSBuildExtensionPack.WebApiClient.csproj", "{C126EA08-56E0-4AA7-85D3-1FE40FED592D}"
EndProject

Global
	GlobalSection(SolutionConfigurationPlatforms) = preSolution
		Debug|Any CPU = Debug|Any CPU
		Release|Any CPU = Release|Any CPU
	EndGlobalSection
	GlobalSection(ProjectConfigurationPlatforms) = postSolution
		{B136B1C2-48E2-4651-9B39-A97037822583}.Debug|Any CPU.ActiveCfg = Debug|Any CPU
		{B136B1C2-48E2-4651-9B39-A97037822583}.Debug|Any CPU.Build.0 = Debug|Any CPU
		{B136B1C2-48E2-4651-9B39-A97037822583}.Release|Any CPU.ActiveCfg = Release|Any CPU
		{B136B1C2-48E2-4651-9B39-A97037822583}.Release|Any CPU.Build.0 = Debug|Any CPU
		{A2FB44F1-A131-4C4D-9257-A8A825392431}.Debug|Any CPU.ActiveCfg = Debug|Any CPU
		{A2FB44F1-A131-4C4D-9257-A8A825392431}.Debug|Any CPU.Build.0 = Debug|Any CPU
		{A2FB44F1-A131-4C4D-9257-A8A825392431}.Release|Any CPU.ActiveCfg = Release|Any CPU
		{A2FB44F1-A131-4C4D-9257-A8A825392431}.Release|Any CPU.Build.0 = Debug|Any CPU
		{5A5DDD83-CA50-4A8E-9A8D-E1CA02FF6402}.Debug|Any CPU.ActiveCfg = Debug|Any CPU
		{5A5DDD83-CA50-4A8E-9A8D-E1CA02FF6402}.Debug|Any CPU.Build.0 = Debug|Any CPU
		{5A5DDD83-CA50-4A8E-9A8D-E1CA02FF6402}.Release|Any CPU.ActiveCfg = Release|Any CPU
		{5A5DDD83-CA50-4A8E-9A8D-E1CA02FF6402}.Release|Any CPU.Build.0 = Debug|Any CPU
		{EB345C1F-D609-43C1-A97F-7B3B3A5A0352}.Debug|Any CPU.ActiveCfg = Debug|Any CPU
		{EB345C1F-D609-43C1-A97F-7B3B3A5A0352}.Debug|Any CPU.Build.0 = Debug|Any CPU
		{EB345C1F-D609-43C1-A97F-7B3B3A5A0352}.Release|Any CPU.ActiveCfg = Release|Any CPU
		{EB345C1F-D609-43C1-A97F-7B3B3A5A0352}.Release|Any CPU.Build.0 = Debug|Any CPU
		{6A520483-5254-4978-AD53-3147ADDEFFB6}.Debug|Any CPU.ActiveCfg = Debug|Any CPU
		{6A520483-5254-4978-AD53-3147ADDEFFB6}.Debug|Any CPU.Build.0 = Debug|Any CPU
		{6A520483-5254-4978-AD53-3147ADDEFFB6}.Release|Any CPU.ActiveCfg = Release|Any CPU
		{6A520483-5254-4978-AD53-3147ADDEFFB6}.Release|Any CPU.Build.0 = Debug|Any CPU
		{6992A9F3-9832-46FD-8C7F-D2BB5777E7D9}.Debug|Any CPU.ActiveCfg = Debug|Any CPU
		{6992A9F3-9832-46FD-8C7F-D2BB5777E7D9}.Debug|Any CPU.Build.0 = Debug|Any CPU
		{6992A9F3-9832-46FD-8C7F-D2BB5777E7D9}.Release|Any CPU.ActiveCfg = Release|Any CPU
		{6992A9F3-9832-46FD-8C7F-D2BB5777E7D9}.Release|Any CPU.Build.0 = Debug|Any CPU
		{54D13C75-9E50-4ED3-B265-9FC6819EA35E}.Debug|Any CPU.ActiveCfg = Debug|Any CPU
		{54D13C75-9E50-4ED3-B265-9FC6819EA35E}.Debug|Any CPU.Build.0 = Debug|Any CPU
		{54D13C75-9E50-4ED3-B265-9FC6819EA35E}.Release|Any CPU.ActiveCfg = Release|Any CPU
		{54D13C75-9E50-4ED3-B265-9FC6819EA35E}.Release|Any CPU.Build.0 = Debug|Any CPU
		{D0B33CDD-97C7-4D99-A579-8FC566DE7153}.Debug|Any CPU.ActiveCfg = Debug|Any CPU
		{D0B33CDD-97C7-4D99-A579-8FC566DE7153}.Debug|Any CPU.Build.0 = Debug|Any CPU
		{D0B33CDD-97C7-4D99-A579-8FC566DE7153}.Release|Any CPU.ActiveCfg = Release|Any CPU
		{D0B33CDD-97C7-4D99-A579-8FC566DE7153}.Release|Any CPU.Build.0 = Debug|Any CPU
		{D79953A8-FEBC-4B13-9CDA-F7675A233481}.Debug|Any CPU.ActiveCfg = Debug|Any CPU
		{D79953A8-FEBC-4B13-9CDA-F7675A233481}.Debug|Any CPU.Build.0 = Debug|Any CPU
		{D79953A8-FEBC-4B13-9CDA-F7675A233481}.Release|Any CPU.ActiveCfg = Release|Any CPU
		{D79953A8-FEBC-4B13-9CDA-F7675A233481}.Release|Any CPU.Build.0 = Debug|Any CPU
		{66F1C60F-BFF8-4795-9C1D-9A413801E080}.Debug|Any CPU.ActiveCfg = Debug|Any CPU
		{66F1C60F-BFF8-4795-9C1D-9A413801E080}.Debug|Any CPU.Build.0 = Debug|Any CPU
		{66F1C60F-BFF8-4795-9C1D-9A413801E080}.Release|Any CPU.ActiveCfg = Release|Any CPU
		{66F1C60F-BFF8-4795-9C1D-9A413801E080}.Release|Any CPU.Build.0 = Debug|Any CPU
		{41282156-28F5-4BC3-B10E-35EAAC542577}.Debug|Any CPU.ActiveCfg = Debug|Any CPU
		{41282156-28F5-4BC3-B10E-35EAAC542577}.Debug|Any CPU.Build.0 = Debug|Any CPU
		{41282156-28F5-4BC3-B10E-35EAAC542577}.Release|Any CPU.ActiveCfg = Release|Any CPU
		{41282156-28F5-4BC3-B10E-35EAAC542577}.Release|Any CPU.Build.0 = Debug|Any CPU
		{3C52C0A7-6CEF-4693-9EEF-C17FB3B035A6}.Debug|Any CPU.ActiveCfg = Debug|Any CPU
		{3C52C0A7-6CEF-4693-9EEF-C17FB3B035A6}.Debug|Any CPU.Build.0 = Debug|Any CPU
		{3C52C0A7-6CEF-4693-9EEF-C17FB3B035A6}.Release|Any CPU.ActiveCfg = Release|Any CPU
		{3C52C0A7-6CEF-4693-9EEF-C17FB3B035A6}.Release|Any CPU.Build.0 = Debug|Any CPU
		{CA09C384-1354-45EE-BDB3-7A39CBFE6695}.Debug|Any CPU.ActiveCfg = Debug|Any CPU
		{CA09C384-1354-45EE-BDB3-7A39CBFE6695}.Debug|Any CPU.Build.0 = Debug|Any CPU
		{CA09C384-1354-45EE-BDB3-7A39CBFE6695}.Release|Any CPU.ActiveCfg = Release|Any CPU
		{CA09C384-1354-45EE-BDB3-7A39CBFE6695}.Release|Any CPU.Build.0 = Debug|Any CPU
		{6D25AA30-C3AF-4AE0-B567-0F2653120CDC}.Debug|Any CPU.ActiveCfg = Debug|Any CPU
		{6D25AA30-C3AF-4AE0-B567-0F2653120CDC}.Debug|Any CPU.Build.0 = Debug|Any CPU
		{6D25AA30-C3AF-4AE0-B567-0F2653120CDC}.Release|Any CPU.ActiveCfg = Release|Any CPU
		{6D25AA30-C3AF-4AE0-B567-0F2653120CDC}.Release|Any CPU.Build.0 = Debug|Any CPU
		{51D5F233-02F2-45F7-B4F2-60D18EF3DEC5}.Debug|Any CPU.ActiveCfg = Debug|Any CPU
		{51D5F233-02F2-45F7-B4F2-60D18EF3DEC5}.Debug|Any CPU.Build.0 = Debug|Any CPU
		{51D5F233-02F2-45F7-B4F2-60D18EF3DEC5}.Release|Any CPU.ActiveCfg = Release|Any CPU
		{51D5F233-02F2-45F7-B4F2-60D18EF3DEC5}.Release|Any CPU.Build.0 = Debug|Any CPU
		{BA8C8C0B-470A-4D3C-B3DA-9E28599799B5}.Debug|Any CPU.ActiveCfg = Debug|Any CPU
		{BA8C8C0B-470A-4D3C-B3DA-9E28599799B5}.Debug|Any CPU.Build.0 = Debug|Any CPU
		{BA8C8C0B-470A-4D3C-B3DA-9E28599799B5}.Release|Any CPU.ActiveCfg = Release|Any CPU
		{BA8C8C0B-470A-4D3C-B3DA-9E28599799B5}.Release|Any CPU.Build.0 = Debug|Any CPU
		{525678C4-FDC1-4A5D-9D8A-D7E78309335F}.Debug|Any CPU.ActiveCfg = Debug|Any CPU
		{525678C4-FDC1-4A5D-9D8A-D7E78309335F}.Debug|Any CPU.Build.0 = Debug|Any CPU
		{525678C4-FDC1-4A5D-9D8A-D7E78309335F}.Release|Any CPU.ActiveCfg = Release|Any CPU
		{525678C4-FDC1-4A5D-9D8A-D7E78309335F}.Release|Any CPU.Build.0 = Debug|Any CPU
		{F85A14D5-64E0-4CFC-88DA-27FE9D0DD664}.Debug|Any CPU.ActiveCfg = Debug|Any CPU
		{F85A14D5-64E0-4CFC-88DA-27FE9D0DD664}.Debug|Any CPU.Build.0 = Debug|Any CPU
		{F85A14D5-64E0-4CFC-88DA-27FE9D0DD664}.Release|Any CPU.ActiveCfg = Release|Any CPU
		{F85A14D5-64E0-4CFC-88DA-27FE9D0DD664}.Release|Any CPU.Build.0 = Debug|Any CPU
		{C3A270DE-9727-492E-91E2-F56E7E0E0F83}.Debug|Any CPU.ActiveCfg = Debug|Any CPU
		{C3A270DE-9727-492E-91E2-F56E7E0E0F83}.Debug|Any CPU.Build.0 = Debug|Any CPU
		{C3A270DE-9727-492E-91E2-F56E7E0E0F83}.Release|Any CPU.ActiveCfg = Release|Any CPU
		{C3A270DE-9727-492E-91E2-F56E7E0E0F83}.Release|Any CPU.Build.0 = Debug|Any CPU
		{7D1B22F8-06A2-4D09-A3AD-D93A09A01815}.Debug|Any CPU.ActiveCfg = Debug|Any CPU
		{7D1B22F8-06A2-4D09-A3AD-D93A09A01815}.Debug|Any CPU.Build.0 = Debug|Any CPU
		{7D1B22F8-06A2-4D09-A3AD-D93A09A01815}.Release|Any CPU.ActiveCfg = Release|Any CPU
		{7D1B22F8-06A2-4D09-A3AD-D93A09A01815}.Release|Any CPU.Build.0 = Debug|Any CPU
		{E45A004F-FBEF-445C-9607-FBC89D6D4590}.Debug|Any CPU.ActiveCfg = Debug|Any CPU
		{E45A004F-FBEF-445C-9607-FBC89D6D4590}.Debug|Any CPU.Build.0 = Debug|Any CPU
		{E45A004F-FBEF-445C-9607-FBC89D6D4590}.Release|Any CPU.ActiveCfg = Release|Any CPU
		{E45A004F-FBEF-445C-9607-FBC89D6D4590}.Release|Any CPU.Build.0 = Debug|Any CPU
		{C72B898B-B53B-42D5-9F4F-673F84BB485B}.Debug|Any CPU.ActiveCfg = Debug|Any CPU
		{C72B898B-B53B-42D5-9F4F-673F84BB485B}.Debug|Any CPU.Build.0 = Debug|Any CPU
		{C72B898B-B53B-42D5-9F4F-673F84BB485B}.Release|Any CPU.ActiveCfg = Release|Any CPU
		{C72B898B-B53B-42D5-9F4F-673F84BB485B}.Release|Any CPU.Build.0 = Debug|Any CPU
		{3EF91DC7-12C9-47F3-BB18-AD3D85D1B624}.Debug|Any CPU.ActiveCfg = Debug|Any CPU
		{3EF91DC7-12C9-47F3-BB18-AD3D85D1B624}.Debug|Any CPU.Build.0 = Debug|Any CPU
		{3EF91DC7-12C9-47F3-BB18-AD3D85D1B624}.Release|Any CPU.ActiveCfg = Release|Any CPU
		{3EF91DC7-12C9-47F3-BB18-AD3D85D1B624}.Release|Any CPU.Build.0 = Debug|Any CPU
		{2CC97C32-9FFA-4DA4-A6C0-83F300404EC3}.Debug|Any CPU.ActiveCfg = Debug|Any CPU
		{2CC97C32-9FFA-4DA4-A6C0-83F300404EC3}.Debug|Any CPU.Build.0 = Debug|Any CPU
		{2CC97C32-9FFA-4DA4-A6C0-83F300404EC3}.Release|Any CPU.ActiveCfg = Release|Any CPU
		{2CC97C32-9FFA-4DA4-A6C0-83F300404EC3}.Release|Any CPU.Build.0 = Debug|Any CPU
		{950B9CDB-9286-4A1A-8D88-1DF6954A45E3}.Debug|Any CPU.ActiveCfg = Debug|Any CPU
		{950B9CDB-9286-4A1A-8D88-1DF6954A45E3}.Debug|Any CPU.Build.0 = Debug|Any CPU
		{950B9CDB-9286-4A1A-8D88-1DF6954A45E3}.Release|Any CPU.ActiveCfg = Release|Any CPU
		{950B9CDB-9286-4A1A-8D88-1DF6954A45E3}.Release|Any CPU.Build.0 = Debug|Any CPU
		{E5302713-0022-4657-85D8-9620818071DF}.Debug|Any CPU.ActiveCfg = Debug|Any CPU
		{E5302713-0022-4657-85D8-9620818071DF}.Debug|Any CPU.Build.0 = Debug|Any CPU
		{E5302713-0022-4657-85D8-9620818071DF}.Release|Any CPU.ActiveCfg = Release|Any CPU
		{E5302713-0022-4657-85D8-9620818071DF}.Release|Any CPU.Build.0 = Debug|Any CPU
		{AEBA199A-084C-4FFC-B215-D080E50C81DF}.Debug|Any CPU.ActiveCfg = Debug|Any CPU
		{AEBA199A-084C-4FFC-B215-D080E50C81DF}.Debug|Any CPU.Build.0 = Debug|Any CPU
		{AEBA199A-084C-4FFC-B215-D080E50C81DF}.Release|Any CPU.ActiveCfg = Release|Any CPU
		{AEBA199A-084C-4FFC-B215-D080E50C81DF}.Release|Any CPU.Build.0 = Debug|Any CPU
		{8D2D7E8F-8415-424C-AF9C-967113BE5136}.Debug|Any CPU.ActiveCfg = Debug|Any CPU
		{8D2D7E8F-8415-424C-AF9C-967113BE5136}.Debug|Any CPU.Build.0 = Debug|Any CPU
		{8D2D7E8F-8415-424C-AF9C-967113BE5136}.Release|Any CPU.ActiveCfg = Release|Any CPU
		{8D2D7E8F-8415-424C-AF9C-967113BE5136}.Release|Any CPU.Build.0 = Debug|Any CPU
		{42681747-107B-487B-9EA2-CE46754682FD}.Debug|Any CPU.ActiveCfg = Debug|Any CPU
		{42681747-107B-487B-9EA2-CE46754682FD}.Debug|Any CPU.Build.0 = Debug|Any CPU
		{42681747-107B-487B-9EA2-CE46754682FD}.Release|Any CPU.ActiveCfg = Release|Any CPU
		{42681747-107B-487B-9EA2-CE46754682FD}.Release|Any CPU.Build.0 = Debug|Any CPU
		{59622778-B13C-464E-98F7-EA662653AF27}.Debug|Any CPU.ActiveCfg = Debug|Any CPU
		{59622778-B13C-464E-98F7-EA662653AF27}.Debug|Any CPU.Build.0 = Debug|Any CPU
		{59622778-B13C-464E-98F7-EA662653AF27}.Release|Any CPU.ActiveCfg = Release|Any CPU
		{59622778-B13C-464E-98F7-EA662653AF27}.Release|Any CPU.Build.0 = Debug|Any CPU
		{D1D12E36-D3E2-40D8-9AE4-91943585E7E5}.Debug|Any CPU.ActiveCfg = Debug|Any CPU
		{D1D12E36-D3E2-40D8-9AE4-91943585E7E5}.Debug|Any CPU.Build.0 = Debug|Any CPU
		{D1D12E36-D3E2-40D8-9AE4-91943585E7E5}.Release|Any CPU.ActiveCfg = Release|Any CPU
		{D1D12E36-D3E2-40D8-9AE4-91943585E7E5}.Release|Any CPU.Build.0 = Debug|Any CPU
		{9CCCD6FA-FAE9-40DA-987E-96A53923BA0D}.Debug|Any CPU.ActiveCfg = Debug|Any CPU
		{9CCCD6FA-FAE9-40DA-987E-96A53923BA0D}.Debug|Any CPU.Build.0 = Debug|Any CPU
		{9CCCD6FA-FAE9-40DA-987E-96A53923BA0D}.Release|Any CPU.ActiveCfg = Release|Any CPU
		{9CCCD6FA-FAE9-40DA-987E-96A53923BA0D}.Release|Any CPU.Build.0 = Debug|Any CPU
		{3FF07BEF-FF15-47EE-9BF2-107623976CA5}.Debug|Any CPU.ActiveCfg = Debug|Any CPU
		{3FF07BEF-FF15-47EE-9BF2-107623976CA5}.Debug|Any CPU.Build.0 = Debug|Any CPU
		{3FF07BEF-FF15-47EE-9BF2-107623976CA5}.Release|Any CPU.ActiveCfg = Release|Any CPU
		{3FF07BEF-FF15-47EE-9BF2-107623976CA5}.Release|Any CPU.Build.0 = Debug|Any CPU
		{4DF63B10-6071-441E-935A-9A018707353B}.Debug|Any CPU.ActiveCfg = Debug|Any CPU
		{4DF63B10-6071-441E-935A-9A018707353B}.Debug|Any CPU.Build.0 = Debug|Any CPU
		{4DF63B10-6071-441E-935A-9A018707353B}.Release|Any CPU.ActiveCfg = Release|Any CPU
		{4DF63B10-6071-441E-935A-9A018707353B}.Release|Any CPU.Build.0 = Debug|Any CPU
		{C126EA08-56E0-4AA7-85D3-1FE40FED592D}.Debug|Any CPU.ActiveCfg = Debug|Any CPU
		{C126EA08-56E0-4AA7-85D3-1FE40FED592D}.Debug|Any CPU.Build.0 = Debug|Any CPU
		{C126EA08-56E0-4AA7-85D3-1FE40FED592D}.Release|Any CPU.ActiveCfg = Release|Any CPU
		{C126EA08-56E0-4AA7-85D3-1FE40FED592D}.Release|Any CPU.Build.0 = Debug|Any CPU
	EndGlobalSection
	GlobalSection(SolutionProperties) = preSolution
		HideSolutionNode = FALSE
	EndGlobalSection
	GlobalSection(NestedProjects) = preSolution
		{7D3E5E91-68B2-45B3-9F6B-0426151A123D} = {38415615-8e30-4ddc-9740-778e288f8815}
		{B6EFA5AD-FD04-45B2-BB7D-AE26B3B90EA2} = {38415615-8e30-4ddc-9740-778e288f8815}
		{54C86A8E-A577-4F7C-ACC6-61AF98387F64} = {b6efa5ad-fd04-45b2-bb7d-ae26b3b90ea2}
		{5ED0953B-8484-404E-AF42-B4500CB4F715} = {b6efa5ad-fd04-45b2-bb7d-ae26b3b90ea2}
		{1C050C67-A957-4B97-8721-E20E0BC92282} = {38415615-8e30-4ddc-9740-778e288f8815}
		{C42FDD1A-47D3-46F3-82CC-AB7DCE77CDB3} = {b6efa5ad-fd04-45b2-bb7d-ae26b3b90ea2}
		{EE2D3E58-00E7-4E95-98C2-F4782956DFA2} = {38415615-8e30-4ddc-9740-778e288f8815}
		{EEC1BEE3-603F-4766-AD2F-47AAB205958C} = {b6efa5ad-fd04-45b2-bb7d-ae26b3b90ea2}
		{CC3F30C8-E675-44E6-BA16-975E11B0F8CA} = {38415615-8e30-4ddc-9740-778e288f8815}
		{B136B1C2-48E2-4651-9B39-A97037822583} = {7D3E5E91-68B2-45B3-9F6B-0426151A123D}
		{A2FB44F1-A131-4C4D-9257-A8A825392431} = {7D3E5E91-68B2-45B3-9F6B-0426151A123D}
		{5A5DDD83-CA50-4A8E-9A8D-E1CA02FF6402} = {7D3E5E91-68B2-45B3-9F6B-0426151A123D}
		{EB345C1F-D609-43C1-A97F-7B3B3A5A0352} = {03948AA3-AE68-4BE0-9BFD-9CF639F5A588}
		{6A520483-5254-4978-AD53-3147ADDEFFB6} = {03948AA3-AE68-4BE0-9BFD-9CF639F5A588}
		{6992A9F3-9832-46FD-8C7F-D2BB5777E7D9} = {03948AA3-AE68-4BE0-9BFD-9CF639F5A588}
		{54D13C75-9E50-4ED3-B265-9FC6819EA35E} = {03948AA3-AE68-4BE0-9BFD-9CF639F5A588}
		{D0B33CDD-97C7-4D99-A579-8FC566DE7153} = {03948AA3-AE68-4BE0-9BFD-9CF639F5A588}
		{D79953A8-FEBC-4B13-9CDA-F7675A233481} = {03948AA3-AE68-4BE0-9BFD-9CF639F5A588}
		{66F1C60F-BFF8-4795-9C1D-9A413801E080} = {03948AA3-AE68-4BE0-9BFD-9CF639F5A588}
		{41282156-28F5-4BC3-B10E-35EAAC542577} = {03948AA3-AE68-4BE0-9BFD-9CF639F5A588}
		{3C52C0A7-6CEF-4693-9EEF-C17FB3B035A6} = {03948AA3-AE68-4BE0-9BFD-9CF639F5A588}
		{CA09C384-1354-45EE-BDB3-7A39CBFE6695} = {03948AA3-AE68-4BE0-9BFD-9CF639F5A588}
		{6D25AA30-C3AF-4AE0-B567-0F2653120CDC} = {C95E59E3-394C-4D9B-ACA2-2DB1906674DC}
		{51D5F233-02F2-45F7-B4F2-60D18EF3DEC5} = {C95E59E3-394C-4D9B-ACA2-2DB1906674DC}
		{BA8C8C0B-470A-4D3C-B3DA-9E28599799B5} = {C95E59E3-394C-4D9B-ACA2-2DB1906674DC}
		{525678C4-FDC1-4A5D-9D8A-D7E78309335F} = {C95E59E3-394C-4D9B-ACA2-2DB1906674DC}
		{F85A14D5-64E0-4CFC-88DA-27FE9D0DD664} = {C95E59E3-394C-4D9B-ACA2-2DB1906674DC}
		{C3A270DE-9727-492E-91E2-F56E7E0E0F83} = {C95E59E3-394C-4D9B-ACA2-2DB1906674DC}
		{7D1B22F8-06A2-4D09-A3AD-D93A09A01815} = {C95E59E3-394C-4D9B-ACA2-2DB1906674DC}
		{E45A004F-FBEF-445C-9607-FBC89D6D4590} = {C95E59E3-394C-4D9B-ACA2-2DB1906674DC}
		{C72B898B-B53B-42D5-9F4F-673F84BB485B} = {C95E59E3-394C-4D9B-ACA2-2DB1906674DC}
		{3EF91DC7-12C9-47F3-BB18-AD3D85D1B624} = {C95E59E3-394C-4D9B-ACA2-2DB1906674DC}
		{2CC97C32-9FFA-4DA4-A6C0-83F300404EC3} = {C95E59E3-394C-4D9B-ACA2-2DB1906674DC}
		{950B9CDB-9286-4A1A-8D88-1DF6954A45E3} = {C95E59E3-394C-4D9B-ACA2-2DB1906674DC}
		{E5302713-0022-4657-85D8-9620818071DF} = {C95E59E3-394C-4D9B-ACA2-2DB1906674DC}
		{5B782535-C8FB-45A4-8959-FB184BA35F89} = {B6EFA5AD-FD04-45B2-BB7D-AE26B3B90EA2}
		{AEBA199A-084C-4FFC-B215-D080E50C81DF} = {54C86A8E-A577-4F7C-ACC6-61AF98387F64}
		{E0083B67-CD2A-4503-A94A-5AF140BF4A72} = {B6EFA5AD-FD04-45B2-BB7D-AE26B3B90EA2}
		{8D2D7E8F-8415-424C-AF9C-967113BE5136} = {B6EFA5AD-FD04-45B2-BB7D-AE26B3B90EA2}
		{42681747-107B-487B-9EA2-CE46754682FD} = {03948AA3-AE68-4BE0-9BFD-9CF639F5A588}
		{59622778-B13C-464E-98F7-EA662653AF27} = {03948AA3-AE68-4BE0-9BFD-9CF639F5A588}
		{D1D12E36-D3E2-40D8-9AE4-91943585E7E5} = {03948AA3-AE68-4BE0-9BFD-9CF639F5A588}
		{9CCCD6FA-FAE9-40DA-987E-96A53923BA0D} = {60004011-0EB2-453D-A73C-3109B5A88CE6}
		{3FF07BEF-FF15-47EE-9BF2-107623976CA5} = {03948AA3-AE68-4BE0-9BFD-9CF639F5A588}
		{4DF63B10-6071-441E-935A-9A018707353B} = {60004011-0EB2-453D-A73C-3109B5A88CE6}
		{C126EA08-56E0-4AA7-85D3-1FE40FED592D} = {7D3E5E91-68B2-45B3-9F6B-0426151A123D}
		{E4F06862-5CCD-4526-A165-CA0981EE272E} = {96D46854-3B82-455D-B058-61CFD28C8494}
		{2CC8AD62-352C-4A19-BB6F-2A222A437B2E} = {96D46854-3B82-455D-B058-61CFD28C8494}
		{E11A2079-B89E-491A-83AD-AA08FB4C80E2} = {96D46854-3B82-455D-B058-61CFD28C8494}
		{F6FFBD00-82E3-4F6E-9529-076CBE1E8341} = {DE7F5E8A-5E9B-4171-9D52-0A7EBDE5C1E8}
		{161B385A-D7C8-4798-B0DC-78BFAEEA1565} = {DE7F5E8A-5E9B-4171-9D52-0A7EBDE5C1E8}
		{708A55C4-276F-4054-9EE4-2DAF95787A2F} = {DE7F5E8A-5E9B-4171-9D52-0A7EBDE5C1E8}
		{1509BB3E-0C7F-4F24-A1A4-0A3C1B8B7895} = {DE7F5E8A-5E9B-4171-9D52-0A7EBDE5C1E8}
		{5CC0E119-1365-4124-A18D-795E34439E3E} = {DE7F5E8A-5E9B-4171-9D52-0A7EBDE5C1E8}
		{4B698FA6-EAD4-4C33-8932-E70B12012362} = {DE7F5E8A-5E9B-4171-9D52-0A7EBDE5C1E8}
		{ED228277-08B6-48A6-A15C-554CF5C0AD1E} = {DE7F5E8A-5E9B-4171-9D52-0A7EBDE5C1E8}
		{2A0EADDF-C8EC-4992-84CD-3B699A0DFCB8} = {DE7F5E8A-5E9B-4171-9D52-0A7EBDE5C1E8}
		{20692FFC-B6AA-48B2-BDB1-447417019772} = {5ED0953B-8484-404E-AF42-B4500CB4F715}
		{39F3F14E-4DCC-42CB-8CBA-FE84726B9683} = {96D46854-3B82-455D-B058-61CFD28C8494}
		{9FFCCCED-8FEF-4C9E-A906-FB79EED79546} = {96D46854-3B82-455D-B058-61CFD28C8494}
		{FB678328-9139-405E-AC9D-2EAD41D04D7C} = {4942B7C2-9E90-46E8-B781-2B16826E60B2}
		{63B010FA-FB07-478F-8DF1-FDE9F829B55E} = {96D46854-3B82-455D-B058-61CFD28C8494}
		{C5C63B40-51E7-4317-8FFA-008A5DEE3AD7} = {1C050C67-A957-4B97-8721-E20E0BC92282}
		{C8CAF584-A2D4-4BA9-969B-815915BF7A9A} = {B38A3635-0DA6-49C5-8213-8C9D6996695E}
		{8EC85868-A062-494D-A913-0DAF3716059F} = {B38A3635-0DA6-49C5-8213-8C9D6996695E}
		{576F8D98-B1FD-476C-B9B3-5FACF0196539} = {B38A3635-0DA6-49C5-8213-8C9D6996695E}
		{0DD33AC6-4E92-4064-BA63-575A5E17CCD1} = {6EED405F-6C9B-4810-8210-E500B85FC947}
		{62B42EEE-8D2E-4E46-8E64-D5FFDB149675} = {6EED405F-6C9B-4810-8210-E500B85FC947}
		{CE8AB5F4-799F-43E7-BD85-D78E33EFEE87} = {6EED405F-6C9B-4810-8210-E500B85FC947}
		{470825CE-2891-420E-B920-2B32A6D9C671} = {6EED405F-6C9B-4810-8210-E500B85FC947}
		{1CFCC473-996D-4B3A-A067-CD9AEB5228CF} = {6EED405F-6C9B-4810-8210-E500B85FC947}
		{79DD4D4A-EE86-42B3-ACA4-A3FF478CEF5B} = {6EED405F-6C9B-4810-8210-E500B85FC947}
		{DA4E702C-DD7A-435A-B55E-DFE1206D4CDB} = {6EED405F-6C9B-4810-8210-E500B85FC947}
		{6D1CEFE4-19FD-45C7-BEE0-81A01F444A6B} = {6EED405F-6C9B-4810-8210-E500B85FC947}
		{C41AB179-4308-428E-9231-3CF75527BFAD} = {C42FDD1A-47D3-46F3-82CC-AB7DCE77CDB3}
		{132B0FDB-8BE6-4028-8CC8-A691110D6B6F} = {B38A3635-0DA6-49C5-8213-8C9D6996695E}
		{E6E09401-A51C-41DA-8450-1B446C34667F} = {B38A3635-0DA6-49C5-8213-8C9D6996695E}
		{9281B69A-DBBE-4013-B51D-5244D9BB4C75} = {20049A72-7B83-4720-BD45-0676207BB10A}
		{F3D1C0F2-1EDF-4191-BB33-912EA0DEC2A1} = {B38A3635-0DA6-49C5-8213-8C9D6996695E}
		{59FBE7B6-830B-4387-8EB6-B1681572D116} = {EE2D3E58-00E7-4E95-98C2-F4782956DFA2}
		{D1A8823B-7F35-4531-96A8-08D0FABEE73B} = {E01E9B79-80B9-4834-B31A-339A83D056F0}
		{6C7D4F9C-B0B2-47FC-8D59-B596D279539F} = {E01E9B79-80B9-4834-B31A-339A83D056F0}
		{87EFB80F-7023-4390-8C54-684719161EF9} = {E01E9B79-80B9-4834-B31A-339A83D056F0}
		{BB02059B-D80F-45EF-8EEE-897A23B81951} = {35E03912-2FB1-4386-9280-3C5D65B994B7}
		{213B8BFA-CB30-427F-8668-12EC6868B3CB} = {35E03912-2FB1-4386-9280-3C5D65B994B7}
		{E0ACC7CA-574C-4522-A9B2-7173C97F0FFA} = {35E03912-2FB1-4386-9280-3C5D65B994B7}
		{D82F0190-3EDD-4145-BA97-AF3296D275F8} = {35E03912-2FB1-4386-9280-3C5D65B994B7}
		{DE61E32C-38D0-46A9-9631-5F979F93AF98} = {35E03912-2FB1-4386-9280-3C5D65B994B7}
		{5848CBB0-9E64-45D7-8F91-AE7CDF2EE3F5} = {35E03912-2FB1-4386-9280-3C5D65B994B7}
		{BE4699C9-F32D-4F88-9D25-6AA09E6D0B2B} = {35E03912-2FB1-4386-9280-3C5D65B994B7}
		{36712ACB-356C-45CC-9437-FEE201F06DC0} = {35E03912-2FB1-4386-9280-3C5D65B994B7}
		{117FA172-AEBC-4038-B8F0-B893CABAFFBD} = {EEC1BEE3-603F-4766-AD2F-47AAB205958C}
		{189FC0EF-6A29-41C4-B216-F40A5720B3BE} = {E01E9B79-80B9-4834-B31A-339A83D056F0}
		{276AB378-BAA1-4181-AF49-A0B9FBF32779} = {E01E9B79-80B9-4834-B31A-339A83D056F0}
		{E85E847D-1208-4450-8A25-BF3529A2701F} = {4C020FD5-28C3-44B0-A75C-1DBC4B757CE3}
		{61516EAE-03EC-409E-A3B0-6FA9086F1000} = {E01E9B79-80B9-4834-B31A-339A83D056F0}
		{16137986-53D3-4CDA-84AA-88944D59EF43} = {CC3F30C8-E675-44E6-BA16-975E11B0F8CA}
    EndGlobalSection
EndGlobal
