Microsoft Visual Studio Solution File, Format Version 12.00
# Visual Studio 14
VisualStudioVersion = 14.0.25420.1
MinimumVisualStudioVersion = 10.0.40219.1
Project("{2150E333-8FDC-42A3-9474-1A3956D46DE8}") = "UI", "UI", "{E3B4F40B-92CF-4D08-AB32-00503E8BDB42}"
EndProject
Project("{2150E333-8FDC-42A3-9474-1A3956D46DE8}") = "Web", "Web", "{CA97E51D-8AFA-44FD-B6C9-177FC929010C}"
EndProject
Project("{2150E333-8FDC-42A3-9474-1A3956D46DE8}") = "Core", "Core", "{AA8C85DC-ECCF-4480-8787-0A2B5D4E5B51}"
EndProject
Project("{2150E333-8FDC-42A3-9474-1A3956D46DE8}") = "Frameworks", "Frameworks", "{2B57D3AB-0A9E-4EC4-8C46-C1195EF138F5}"
EndProject
Project("{2150E333-8FDC-42A3-9474-1A3956D46DE8}") = "MVVMLight", "MVVMLight", "{4E075D88-A873-489C-8B8C-8F6AF65714BC}"
EndProject
Project("{2150E333-8FDC-42A3-9474-1A3956D46DE8}") = "Shared", "Shared", "{CFD76FBF-FB86-4825-A3A2-F8E31805EC6F}"
EndProject
Project("{2150E333-8FDC-42A3-9474-1A3956D46DE8}") = "Wcf", "Wcf", "{992F4980-F540-445C-A924-EDD73CABE82C}"
EndProject
Project("{2150E333-8FDC-42A3-9474-1A3956D46DE8}") = "Web.WP", "Web.WP", "{841CDCD3-93A2-42F3-8DBD-6A18F25DB9B6}"
EndProject
Project("{2150E333-8FDC-42A3-9474-1A3956D46DE8}") = "Core.WP", "Core.WP", "{0D316D3C-B171-48F5-8F06-566E065CB0A9}"
EndProject
Project("{2150E333-8FDC-42A3-9474-1A3956D46DE8}") = "Frameworks.WP", "Frameworks.WP", "{C3939773-59EA-40FE-B85F-36DBE7753283}"
EndProject
Project("{2150E333-8FDC-42A3-9474-1A3956D46DE8}") = "Shared.WP", "Shared.WP", "{B6FF1DE1-2CB8-46C4-AB0D-578BE21EC68D}"
EndProject
Project("{2150E333-8FDC-42A3-9474-1A3956D46DE8}") = "Wcf.WP", "Wcf.WP", "{A63E3DC8-ED2A-4523-BDBA-5EC8A27AB3B6}"
EndProject
Project("{2150E333-8FDC-42A3-9474-1A3956D46DE8}") = "Web.SL", "Web.SL", "{7661D310-414E-4AB7-8EC9-098C7A3D5E1E}"
EndProject
Project("{2150E333-8FDC-42A3-9474-1A3956D46DE8}") = "Core.SL", "Core.SL", "{5FCA51EA-6C25-4F44-8FA3-EC5A95D15B51}"
EndProject
Project("{2150E333-8FDC-42A3-9474-1A3956D46DE8}") = "Frameworks.SL", "Frameworks.SL", "{27DB7090-1CED-4C53-AD9D-84B2060E4DD4}"
EndProject
Project("{2150E333-8FDC-42A3-9474-1A3956D46DE8}") = "Shared.SL", "Shared.SL", "{7094586C-C138-45A3-B22C-D2538BBC4C1F}"
EndProject
Project("{2150E333-8FDC-42A3-9474-1A3956D46DE8}") = "Wcf.SL", "Wcf.SL", "{CD64926D-D5D9-484A-965A-337854188C46}"
EndProject
Project("{2150E333-8FDC-42A3-9474-1A3956D46DE8}") = "Web.WinRT", "Web.WinRT", "{63118015-BBA1-4563-A8F1-13C38DBA1E76}"
EndProject
Project("{2150E333-8FDC-42A3-9474-1A3956D46DE8}") = "Core.WinRT", "Core.WinRT", "{ECB1229A-AACE-4C53-B23E-CA37FA44E2CD}"
EndProject
Project("{2150E333-8FDC-42A3-9474-1A3956D46DE8}") = "Frameworks.WinRT", "Frameworks.WinRT", "{30DC0685-87D4-4839-83F0-0AE12D33161C}"
EndProject
Project("{2150E333-8FDC-42A3-9474-1A3956D46DE8}") = "Shared.WinRT", "Shared.WinRT", "{53D840D4-988D-4712-9813-17B0B9050AA4}"
EndProject
Project("{2150E333-8FDC-42A3-9474-1A3956D46DE8}") = "Wcf.WinRT", "Wcf.WinRT", "{C50920AB-C700-4C6F-A895-230CA8D9435D}"
EndProject

Project("{2150E333-8FDC-42A3-9474-1A3956D46DE8}") = ".nuget", ".nuget", "{C7AFD4E1-D307-437A-A664-00C8BAD46061}"
	ProjectSection(SolutionItems) = preProject
		.nuget\NuGet.Config = .nuget\NuGet.Config
		.nuget\NuGet.exe = .nuget\NuGet.exe
		.nuget\NuGet.targets = .nuget\NuGet.targets
	EndProjectSection
EndProject
Project("{FAE04EC0-301F-11D3-BF4B-00C04F79EFBC}") = "MSBuildExtensionPack.AspNetMvc40ApiController", "MSBuildExtensionPack\UI\Web\AspNetMvc40ApiController\MSBuildExtensionPack.AspNetMvc40ApiController.csproj", "{B136B1C2-48E2-4651-9B39-A97037822583}"
EndProject
Project("{FAE04EC0-301F-11D3-BF4B-00C04F79EFBC}") = "MSBuildExtensionPack.AspNetMvc40Rasor", "MSBuildExtensionPack\UI\Web\AspNetMvc40Rasor\MSBuildExtensionPack.AspNetMvc40Rasor.csproj", "{A2FB44F1-A131-4C4D-9257-A8A825392431}"
EndProject
Project("{FAE04EC0-301F-11D3-BF4B-00C04F79EFBC}") = "MSBuildExtensionPack.AspNetMvc40ViewModel", "MSBuildExtensionPack\UI\Web\AspNetMvc40ViewModel\MSBuildExtensionPack.AspNetMvc40ViewModel.csproj", "{5A5DDD83-CA50-4A8E-9A8D-E1CA02FF6402}"
EndProject
Project("{FAE04EC0-301F-11D3-BF4B-00C04F79EFBC}") = "MSBuildExtensionPack.AspNetMvc40WebApi", "MSBuildExtensionPack\UI\Web\AspNetMvc40WebApi\MSBuildExtensionPack.AspNetMvc40WebApi.csproj", "{7D556455-BAED-4D6A-8250-F7AB2C249385}"
EndProject
Project("{FAE04EC0-301F-11D3-BF4B-00C04F79EFBC}") = "MSBuildExtensionPack.CommonBLL", "MSBuildExtensionPack\Core\CommonBLL\MSBuildExtensionPack.CommonBLL.csproj", "{EB345C1F-D609-43C1-A97F-7B3B3A5A0352}"
EndProject
Project("{FAE04EC0-301F-11D3-BF4B-00C04F79EFBC}") = "MSBuildExtensionPack.CommonBLLEntities", "MSBuildExtensionPack\Core\CommonBLLEntities\MSBuildExtensionPack.CommonBLLEntities.csproj", "{6A520483-5254-4978-AD53-3147ADDEFFB6}"
EndProject
Project("{FAE04EC0-301F-11D3-BF4B-00C04F79EFBC}") = "MSBuildExtensionPack.CommonBLLIoC", "MSBuildExtensionPack\Core\CommonBLLIoC\MSBuildExtensionPack.CommonBLLIoC.csproj", "{6992A9F3-9832-46FD-8C7F-D2BB5777E7D9}"
EndProject
Project("{FAE04EC0-301F-11D3-BF4B-00C04F79EFBC}") = "MSBuildExtensionPack.DALContracts", "MSBuildExtensionPack\Core\DALContracts\MSBuildExtensionPack.DALContracts.csproj", "{54D13C75-9E50-4ED3-B265-9FC6819EA35E}"
EndProject
Project("{FAE04EC0-301F-11D3-BF4B-00C04F79EFBC}") = "MSBuildExtensionPack.DataSourceEntities", "MSBuildExtensionPack\Core\DataSourceEntities\MSBuildExtensionPack.DataSourceEntities.csproj", "{D0B33CDD-97C7-4D99-A579-8FC566DE7153}"
EndProject
Project("{FAE04EC0-301F-11D3-BF4B-00C04F79EFBC}") = "MSBuildExtensionPack.EntityContracts", "MSBuildExtensionPack\Core\EntityContracts\MSBuildExtensionPack.EntityContracts.csproj", "{D79953A8-FEBC-4B13-9CDA-F7675A233481}"
EndProject
Project("{FAE04EC0-301F-11D3-BF4B-00C04F79EFBC}") = "MSBuildExtensionPack.EntityFrameworkContextV6", "MSBuildExtensionPack\Core\EntityFrameworkContextV6\MSBuildExtensionPack.EntityFrameworkContextV6.csproj", "{66F1C60F-BFF8-4795-9C1D-9A413801E080}"
EndProject
Project("{FAE04EC0-301F-11D3-BF4B-00C04F79EFBC}") = "MSBuildExtensionPack.EntityFrameworkContextV6CodeFirst", "MSBuildExtensionPack\Core\EntityFrameworkContextV6CodeFirst\MSBuildExtensionPack.EntityFrameworkContextV6CodeFirst.csproj", "{41282156-28F5-4BC3-B10E-35EAAC542577}"
EndProject
Project("{FAE04EC0-301F-11D3-BF4B-00C04F79EFBC}") = "MSBuildExtensionPack.EntityFrameworkDALV6", "MSBuildExtensionPack\Core\EntityFrameworkDALV6\MSBuildExtensionPack.EntityFrameworkDALV6.csproj", "{3C52C0A7-6CEF-4693-9EEF-C17FB3B035A6}"
EndProject
Project("{FAE04EC0-301F-11D3-BF4B-00C04F79EFBC}") = "MSBuildExtensionPack.EntityFrameworkDALV6CodeFirst", "MSBuildExtensionPack\Core\EntityFrameworkDALV6CodeFirst\MSBuildExtensionPack.EntityFrameworkDALV6CodeFirst.csproj", "{CA09C384-1354-45EE-BDB3-7A39CBFE6695}"
EndProject
Project("{FAE04EC0-301F-11D3-BF4B-00C04F79EFBC}") = "Framework", "Frameworks\Framework\Framework.csproj", "{6D25AA30-C3AF-4AE0-B567-0F2653120CDC}"
EndProject
Project("{FAE04EC0-301F-11D3-BF4B-00C04F79EFBC}") = "Framework.Charting", "Frameworks\Framework.Charting\Framework.Charting.csproj", "{51D5F233-02F2-45F7-B4F2-60D18EF3DEC5}"
EndProject
Project("{FAE04EC0-301F-11D3-BF4B-00C04F79EFBC}") = "Framework.CommonBLLEntities", "Frameworks\Framework.CommonBLLEntities\Framework.CommonBLLEntities.csproj", "{BA8C8C0B-470A-4D3C-B3DA-9E28599799B5}"
EndProject
Project("{FAE04EC0-301F-11D3-BF4B-00C04F79EFBC}") = "Framework.DAL", "Frameworks\Framework.DAL\Framework.DAL.csproj", "{525678C4-FDC1-4A5D-9D8A-D7E78309335F}"
EndProject
Project("{FAE04EC0-301F-11D3-BF4B-00C04F79EFBC}") = "Framework.DataSourceEntities", "Frameworks\Framework.DataSourceEntities\Framework.DataSourceEntities.csproj", "{F85A14D5-64E0-4CFC-88DA-27FE9D0DD664}"
EndProject
Project("{FAE04EC0-301F-11D3-BF4B-00C04F79EFBC}") = "Framework.EntityContracts", "Frameworks\Framework.EntityContracts\Framework.EntityContracts.csproj", "{C3A270DE-9727-492E-91E2-F56E7E0E0F83}"
EndProject
Project("{FAE04EC0-301F-11D3-BF4B-00C04F79EFBC}") = "Framework.LinqDAL", "Frameworks\Framework.LinqDAL\Framework.LinqDAL.csproj", "{7D1B22F8-06A2-4D09-A3AD-D93A09A01815}"
EndProject
Project("{FAE04EC0-301F-11D3-BF4B-00C04F79EFBC}") = "Framework.Mvc", "Frameworks\Framework.Mvc\Framework.Mvc.csproj", "{E45A004F-FBEF-445C-9607-FBC89D6D4590}"
EndProject
Project("{FAE04EC0-301F-11D3-BF4B-00C04F79EFBC}") = "Framework.Resources", "Frameworks\Framework.Resources\Framework.Resources.csproj", "{C72B898B-B53B-42D5-9F4F-673F84BB485B}"
EndProject
Project("{FAE04EC0-301F-11D3-BF4B-00C04F79EFBC}") = "Framework.Services", "Frameworks\Framework.Services\Framework.Services.csproj", "{3EF91DC7-12C9-47F3-BB18-AD3D85D1B624}"
EndProject
Project("{FAE04EC0-301F-11D3-BF4B-00C04F79EFBC}") = "Framework.TokenAuth", "Frameworks\Framework.TokenAuth\Framework.TokenAuth.csproj", "{33C271B9-0A43-408A-8C6A-B1A43ED065A7}"
EndProject
Project("{FAE04EC0-301F-11D3-BF4B-00C04F79EFBC}") = "Framework.ViewModels", "Frameworks\Framework.ViewModels\Framework.ViewModels.csproj", "{2CC97C32-9FFA-4DA4-A6C0-83F300404EC3}"
EndProject
Project("{FAE04EC0-301F-11D3-BF4B-00C04F79EFBC}") = "Framework.WcfClient", "Frameworks\Framework.WcfClient\Framework.WcfClient.csproj", "{3AC70E9C-5E33-44AF-8319-2E4F68DA86CB}"
EndProject
Project("{FAE04EC0-301F-11D3-BF4B-00C04F79EFBC}") = "Framework.Web", "Frameworks\Framework.Web\Framework.Web.csproj", "{950B9CDB-9286-4A1A-8D88-1DF6954A45E3}"
EndProject
Project("{FAE04EC0-301F-11D3-BF4B-00C04F79EFBC}") = "Framework.WebApp", "Frameworks\Framework.WebApp\Framework.WebApp.csproj", "{5937761D-D25B-4C6F-A5E8-FCBFA258BB4A}"
EndProject
Project("{FAE04EC0-301F-11D3-BF4B-00C04F79EFBC}") = "Framework.Xaml", "Frameworks\Framework.Xaml\Framework.Xaml.csproj", "{E5302713-0022-4657-85D8-9620818071DF}"
EndProject
Project("{FAE04EC0-301F-11D3-BF4B-00C04F79EFBC}") = "MSBuildExtensionPack.ViewModels", "MSBuildExtensionPack\UI\MVVMLight\Shared\ViewModels\MSBuildExtensionPack.ViewModels.csproj", "{7C4533B0-F75E-4909-8EDE-5FAC022DD356}"
EndProject
Project("{FAE04EC0-301F-11D3-BF4B-00C04F79EFBC}") = "MSBuildExtensionPack.WinStoreApp", "MSBuildExtensionPack\UI\MVVMLight\WinStoreApp\MSBuildExtensionPack.WinStoreApp.csproj", "{E0083B67-CD2A-4503-A94A-5AF140BF4A72}"
EndProject
Project("{FAE04EC0-301F-11D3-BF4B-00C04F79EFBC}") = "MSBuildExtensionPack.WPF4App", "MSBuildExtensionPack\UI\MVVMLight\WPF4App\MSBuildExtensionPack.WPF4App.csproj", "{8D2D7E8F-8415-424C-AF9C-967113BE5136}"
EndProject
Project("{FAE04EC0-301F-11D3-BF4B-00C04F79EFBC}") = "MSBuildExtensionPack.Resources", "MSBuildExtensionPack\Core\Resources\MSBuildExtensionPack.Resources.csproj", "{42681747-107B-487B-9EA2-CE46754682FD}"
EndProject
Project("{FAE04EC0-301F-11D3-BF4B-00C04F79EFBC}") = "MSBuildExtensionPack.ViewModelData", "MSBuildExtensionPack\Core\ViewModelData\MSBuildExtensionPack.ViewModelData.csproj", "{59622778-B13C-464E-98F7-EA662653AF27}"
EndProject
Project("{FAE04EC0-301F-11D3-BF4B-00C04F79EFBC}") = "MSBuildExtensionPack.VS2012DatabaseProject", "MSBuildExtensionPack\Core\VS2012DatabaseProject\MSBuildExtensionPack.VS2012DatabaseProject.sqlproj", "{D1D12E36-D3E2-40D8-9AE4-91943585E7E5}"
EndProject
Project("{FAE04EC0-301F-11D3-BF4B-00C04F79EFBC}") = "MSBuildExtensionPack.WcfClientBLL", "MSBuildExtensionPack\Wcf\WcfClientBLL\MSBuildExtensionPack.WcfClientBLL.csproj", "{9CCCD6FA-FAE9-40DA-987E-96A53923BA0D}"
EndProject
Project("{FAE04EC0-301F-11D3-BF4B-00C04F79EFBC}") = "MSBuildExtensionPack.WcfContracts", "MSBuildExtensionPack\Core\WcfContracts\MSBuildExtensionPack.WcfContracts.csproj", "{3FF07BEF-FF15-47EE-9BF2-107623976CA5}"
EndProject
Project("{FAE04EC0-301F-11D3-BF4B-00C04F79EFBC}") = "MSBuildExtensionPack.WcfWebApp", "MSBuildExtensionPack\Wcf\WcfWebApp\MSBuildExtensionPack.WcfWebApp.csproj", "{4DF63B10-6071-441E-935A-9A018707353B}"
EndProject
Project("{FAE04EC0-301F-11D3-BF4B-00C04F79EFBC}") = "MSBuildExtensionPack.WebApiClient", "MSBuildExtensionPack\UI\Web\WebApiClient\MSBuildExtensionPack.WebApiClient.csproj", "{C126EA08-56E0-4AA7-85D3-1FE40FED592D}"
EndProject
Project("{FAE04EC0-301F-11D3-BF4B-00C04F79EFBC}") = "MSBuildExtensionPack.AspNetMvc40ApiController.WinRT", "MSBuildExtensionPack\UI\Web.WinRT\AspNetMvc40ApiController.WinRT\MSBuildExtensionPack.AspNetMvc40ApiController.WinRT.csproj", "{6447B72B-D73B-47EC-A08D-EB8D947F6878}"
EndProject
Project("{FAE04EC0-301F-11D3-BF4B-00C04F79EFBC}") = "MSBuildExtensionPack.AspNetMvc40ViewModel.WinRT", "MSBuildExtensionPack\UI\Web.WinRT\AspNetMvc40ViewModel.WinRT\MSBuildExtensionPack.AspNetMvc40ViewModel.WinRT.csproj", "{613ADF25-EFFA-4082-ACA6-98158A242298}"
EndProject
Project("{FAE04EC0-301F-11D3-BF4B-00C04F79EFBC}") = "MSBuildExtensionPack.CommonBLL.WinRT", "MSBuildExtensionPack\Core.WinRT\CommonBLL.WinRT\MSBuildExtensionPack.CommonBLL.WinRT.csproj", "{99D9DD5B-53E0-4698-83FA-5C2DA885AC0F}"
EndProject
Project("{FAE04EC0-301F-11D3-BF4B-00C04F79EFBC}") = "MSBuildExtensionPack.CommonBLLEntities.WinRT", "MSBuildExtensionPack\Core.WinRT\CommonBLLEntities.WinRT\MSBuildExtensionPack.CommonBLLEntities.WinRT.csproj", "{D1A8823B-7F35-4531-96A8-08D0FABEE73B}"
EndProject
Project("{FAE04EC0-301F-11D3-BF4B-00C04F79EFBC}") = "MSBuildExtensionPack.CommonBLLIoC.WinRT", "MSBuildExtensionPack\Core.WinRT\CommonBLLIoC.WinRT\MSBuildExtensionPack.CommonBLLIoC.WinRT.csproj", "{FE18E143-9DCA-4D2C-9810-F53ACCC903D1}"
EndProject
Project("{FAE04EC0-301F-11D3-BF4B-00C04F79EFBC}") = "MSBuildExtensionPack.DataSourceEntities.WinRT", "MSBuildExtensionPack\Core.WinRT\DataSourceEntities.WinRT\MSBuildExtensionPack.DataSourceEntities.WinRT.csproj", "{6C7D4F9C-B0B2-47FC-8D59-B596D279539F}"
EndProject
Project("{FAE04EC0-301F-11D3-BF4B-00C04F79EFBC}") = "MSBuildExtensionPack.EntityContracts.WinRT", "MSBuildExtensionPack\Core.WinRT\EntityContracts.WinRT\MSBuildExtensionPack.EntityContracts.WinRT.csproj", "{87EFB80F-7023-4390-8C54-684719161EF9}"
EndProject
Project("{FAE04EC0-301F-11D3-BF4B-00C04F79EFBC}") = "MSBuildExtensionPack.EntityFrameworkContextV6.WinRT", "MSBuildExtensionPack\Core.WinRT\EntityFrameworkContextV6.WinRT\MSBuildExtensionPack.EntityFrameworkContextV6.WinRT.csproj", "{CFA533A1-4E1B-436F-BAED-F74F588234CC}"
EndProject
Project("{FAE04EC0-301F-11D3-BF4B-00C04F79EFBC}") = "MSBuildExtensionPack.EntityFrameworkContextV6CodeFirst.WinRT", "MSBuildExtensionPack\Core.WinRT\EntityFrameworkContextV6CodeFirst.WinRT\MSBuildExtensionPack.EntityFrameworkContextV6CodeFirst.WinRT.csproj", "{80B37F1E-837B-469F-B05A-6DE029FB4035}"
EndProject
Project("{FAE04EC0-301F-11D3-BF4B-00C04F79EFBC}") = "MSBuildExtensionPack.EntityFrameworkDALV6.WinRT", "MSBuildExtensionPack\Core.WinRT\EntityFrameworkDALV6.WinRT\MSBuildExtensionPack.EntityFrameworkDALV6.WinRT.csproj", "{D19DF781-A55F-4F96-8D1E-DADCD144801E}"
EndProject
Project("{FAE04EC0-301F-11D3-BF4B-00C04F79EFBC}") = "MSBuildExtensionPack.EntityFrameworkDALV6CodeFirst.WinRT", "MSBuildExtensionPack\Core.WinRT\EntityFrameworkDALV6CodeFirst.WinRT\MSBuildExtensionPack.EntityFrameworkDALV6CodeFirst.WinRT.csproj", "{3A543018-F489-4D25-8BBA-D55ABF4CE0F3}"
EndProject
Project("{FAE04EC0-301F-11D3-BF4B-00C04F79EFBC}") = "Framework.WinRT", "Frameworks.WinRT\Framework.WinRT\Framework.WinRT.csproj", "{BB02059B-D80F-45EF-8EEE-897A23B81951}"
EndProject
Project("{FAE04EC0-301F-11D3-BF4B-00C04F79EFBC}") = "Framework.Charting.WinRT", "Frameworks.WinRT\Framework.Charting.WinRT\Framework.Charting.WinRT.csproj", "{D6E0FE90-ABA2-4437-B2B5-48C101861B1E}"
EndProject
Project("{FAE04EC0-301F-11D3-BF4B-00C04F79EFBC}") = "Framework.CommonBLLEntities.WinRT", "Frameworks.WinRT\Framework.CommonBLLEntities.WinRT\Framework.CommonBLLEntities.WinRT.csproj", "{213B8BFA-CB30-427F-8668-12EC6868B3CB}"
EndProject
Project("{FAE04EC0-301F-11D3-BF4B-00C04F79EFBC}") = "Framework.DAL.WinRT", "Frameworks.WinRT\Framework.DAL.WinRT\Framework.DAL.WinRT.csproj", "{E0ACC7CA-574C-4522-A9B2-7173C97F0FFA}"
EndProject
Project("{FAE04EC0-301F-11D3-BF4B-00C04F79EFBC}") = "Framework.DataSourceEntities.WinRT", "Frameworks.WinRT\Framework.DataSourceEntities.WinRT\Framework.DataSourceEntities.WinRT.csproj", "{D82F0190-3EDD-4145-BA97-AF3296D275F8}"
EndProject
Project("{FAE04EC0-301F-11D3-BF4B-00C04F79EFBC}") = "Framework.EntityContracts.WinRT", "Frameworks.WinRT\Framework.EntityContracts.WinRT\Framework.EntityContracts.WinRT.csproj", "{DE61E32C-38D0-46A9-9631-5F979F93AF98}"
EndProject
Project("{FAE04EC0-301F-11D3-BF4B-00C04F79EFBC}") = "Framework.LinqDAL.WinRT", "Frameworks.WinRT\Framework.LinqDAL.WinRT\Framework.LinqDAL.WinRT.csproj", "{FABF64D6-EF22-4986-BDBC-55D0BF07979E}"
EndProject
Project("{FAE04EC0-301F-11D3-BF4B-00C04F79EFBC}") = "Framework.Mvc.WinRT", "Frameworks.WinRT\Framework.Mvc.WinRT\Framework.Mvc.WinRT.csproj", "{C2268A27-905F-43F4-B85D-CBB7E2E297BD}"
EndProject
Project("{FAE04EC0-301F-11D3-BF4B-00C04F79EFBC}") = "Framework.Resources.WinRT", "Frameworks.WinRT\Framework.Resources.WinRT\Framework.Resources.WinRT.csproj", "{5848CBB0-9E64-45D7-8F91-AE7CDF2EE3F5}"
EndProject
Project("{FAE04EC0-301F-11D3-BF4B-00C04F79EFBC}") = "Framework.Services.WinRT", "Frameworks.WinRT\Framework.Services.WinRT\Framework.Services.WinRT.csproj", "{12AC86BB-A7D3-4FD0-B2C1-8DA72FF622AA}"
EndProject
Project("{FAE04EC0-301F-11D3-BF4B-00C04F79EFBC}") = "Framework.TokenAuth.WinRT", "Frameworks.WinRT\Framework.TokenAuth.WinRT\Framework.TokenAuth.WinRT.csproj", "{22D14D84-71B8-46E6-A873-04436E6CCC9F}"
EndProject
Project("{FAE04EC0-301F-11D3-BF4B-00C04F79EFBC}") = "Framework.ViewModels.WinRT", "Frameworks.WinRT\Framework.ViewModels.WinRT\Framework.ViewModels.WinRT.csproj", "{BE4699C9-F32D-4F88-9D25-6AA09E6D0B2B}"
EndProject
Project("{FAE04EC0-301F-11D3-BF4B-00C04F79EFBC}") = "Framework.WcfClient.WinRT", "Frameworks.WinRT\Framework.WcfClient.WinRT\Framework.WcfClient.WinRT.csproj", "{4EFEAF78-B7E0-4516-A8D6-4A055E2B6010}"
EndProject
Project("{FAE04EC0-301F-11D3-BF4B-00C04F79EFBC}") = "Framework.Web.WinRT", "Frameworks.WinRT\Framework.Web.WinRT\Framework.Web.WinRT.csproj", "{76E4C201-DDC1-4F96-A718-598F76B9DA86}"
EndProject
Project("{FAE04EC0-301F-11D3-BF4B-00C04F79EFBC}") = "Framework.Xaml.WinRT", "Frameworks.WinRT\Framework.Xaml.WinRT\Framework.Xaml.WinRT.csproj", "{36712ACB-356C-45CC-9437-FEE201F06DC0}"
EndProject
Project("{FAE04EC0-301F-11D3-BF4B-00C04F79EFBC}") = "MSBuildExtensionPack.ViewModels.WinRT", "MSBuildExtensionPack\UI\MVVMLight\Shared.WinRT\ViewModels.WinRT\MSBuildExtensionPack.ViewModels.WinRT.csproj", "{E8F68E5D-FE18-4B1B-AF2C-D94C8492E0D0}"
EndProject
Project("{FAE04EC0-301F-11D3-BF4B-00C04F79EFBC}") = "MSBuildExtensionPack.Resources.WinRT", "MSBuildExtensionPack\Core.WinRT\Resources.WinRT\MSBuildExtensionPack.Resources.WinRT.csproj", "{189FC0EF-6A29-41C4-B216-F40A5720B3BE}"
EndProject
Project("{FAE04EC0-301F-11D3-BF4B-00C04F79EFBC}") = "MSBuildExtensionPack.ViewModelData.WinRT", "MSBuildExtensionPack\Core.WinRT\ViewModelData.WinRT\MSBuildExtensionPack.ViewModelData.WinRT.csproj", "{276AB378-BAA1-4181-AF49-A0B9FBF32779}"
EndProject
Project("{FAE04EC0-301F-11D3-BF4B-00C04F79EFBC}") = "MSBuildExtensionPack.WcfClientBLL.WinRT", "MSBuildExtensionPack\Wcf.WinRT\WcfClientBLL.WinRT\MSBuildExtensionPack.WcfClientBLL.WinRT.csproj", "{E85E847D-1208-4450-8A25-BF3529A2701F}"
EndProject
Project("{FAE04EC0-301F-11D3-BF4B-00C04F79EFBC}") = "MSBuildExtensionPack.WcfContracts.WinRT", "MSBuildExtensionPack\Core.WinRT\WcfContracts.WinRT\MSBuildExtensionPack.WcfContracts.WinRT.csproj", "{61516EAE-03EC-409E-A3B0-6FA9086F1000}"
EndProject
Project("{FAE04EC0-301F-11D3-BF4B-00C04F79EFBC}") = "MSBuildExtensionPack.WebApiClient.WinRT", "MSBuildExtensionPack\UI\Web.WinRT\WebApiClient.WinRT\MSBuildExtensionPack.WebApiClient.WinRT.csproj", "{16137986-53D3-4CDA-84AA-88944D59EF43}"
EndProject

Global
	GlobalSection(SolutionConfigurationPlatforms) = preSolution
		Debug|Any CPU = Debug|Any CPU
		Release|Any CPU = Release|Any CPU
	EndGlobalSection
	GlobalSection(ProjectConfigurationPlatforms) = postSolution
		{B136B1C2-48E2-4651-9B39-A97037822583}.Debug|Any CPU.ActiveCfg = Debug|Any CPU
		{B136B1C2-48E2-4651-9B39-A97037822583}.Debug|Any CPU.Build.0 = Debug|Any CPU
		{B136B1C2-48E2-4651-9B39-A97037822583}.Release|Any CPU.ActiveCfg = Release|Any CPU
		{B136B1C2-48E2-4651-9B39-A97037822583}.Release|Any CPU.Build.0 = Debug|Any CPU
		{A2FB44F1-A131-4C4D-9257-A8A825392431}.Debug|Any CPU.ActiveCfg = Debug|Any CPU
		{A2FB44F1-A131-4C4D-9257-A8A825392431}.Debug|Any CPU.Build.0 = Debug|Any CPU
		{A2FB44F1-A131-4C4D-9257-A8A825392431}.Release|Any CPU.ActiveCfg = Release|Any CPU
		{A2FB44F1-A131-4C4D-9257-A8A825392431}.Release|Any CPU.Build.0 = Debug|Any CPU
		{5A5DDD83-CA50-4A8E-9A8D-E1CA02FF6402}.Debug|Any CPU.ActiveCfg = Debug|Any CPU
		{5A5DDD83-CA50-4A8E-9A8D-E1CA02FF6402}.Debug|Any CPU.Build.0 = Debug|Any CPU
		{5A5DDD83-CA50-4A8E-9A8D-E1CA02FF6402}.Release|Any CPU.ActiveCfg = Release|Any CPU
		{5A5DDD83-CA50-4A8E-9A8D-E1CA02FF6402}.Release|Any CPU.Build.0 = Debug|Any CPU
		{7D556455-BAED-4D6A-8250-F7AB2C249385}.Debug|Any CPU.ActiveCfg = Debug|Any CPU
		{7D556455-BAED-4D6A-8250-F7AB2C249385}.Debug|Any CPU.Build.0 = Debug|Any CPU
		{7D556455-BAED-4D6A-8250-F7AB2C249385}.Release|Any CPU.ActiveCfg = Release|Any CPU
		{7D556455-BAED-4D6A-8250-F7AB2C249385}.Release|Any CPU.Build.0 = Debug|Any CPU
		{EB345C1F-D609-43C1-A97F-7B3B3A5A0352}.Debug|Any CPU.ActiveCfg = Debug|Any CPU
		{EB345C1F-D609-43C1-A97F-7B3B3A5A0352}.Debug|Any CPU.Build.0 = Debug|Any CPU
		{EB345C1F-D609-43C1-A97F-7B3B3A5A0352}.Release|Any CPU.ActiveCfg = Release|Any CPU
		{EB345C1F-D609-43C1-A97F-7B3B3A5A0352}.Release|Any CPU.Build.0 = Debug|Any CPU
		{6A520483-5254-4978-AD53-3147ADDEFFB6}.Debug|Any CPU.ActiveCfg = Debug|Any CPU
		{6A520483-5254-4978-AD53-3147ADDEFFB6}.Debug|Any CPU.Build.0 = Debug|Any CPU
		{6A520483-5254-4978-AD53-3147ADDEFFB6}.Release|Any CPU.ActiveCfg = Release|Any CPU
		{6A520483-5254-4978-AD53-3147ADDEFFB6}.Release|Any CPU.Build.0 = Debug|Any CPU
		{6992A9F3-9832-46FD-8C7F-D2BB5777E7D9}.Debug|Any CPU.ActiveCfg = Debug|Any CPU
		{6992A9F3-9832-46FD-8C7F-D2BB5777E7D9}.Debug|Any CPU.Build.0 = Debug|Any CPU
		{6992A9F3-9832-46FD-8C7F-D2BB5777E7D9}.Release|Any CPU.ActiveCfg = Release|Any CPU
		{6992A9F3-9832-46FD-8C7F-D2BB5777E7D9}.Release|Any CPU.Build.0 = Debug|Any CPU
		{54D13C75-9E50-4ED3-B265-9FC6819EA35E}.Debug|Any CPU.ActiveCfg = Debug|Any CPU
		{54D13C75-9E50-4ED3-B265-9FC6819EA35E}.Debug|Any CPU.Build.0 = Debug|Any CPU
		{54D13C75-9E50-4ED3-B265-9FC6819EA35E}.Release|Any CPU.ActiveCfg = Release|Any CPU
		{54D13C75-9E50-4ED3-B265-9FC6819EA35E}.Release|Any CPU.Build.0 = Debug|Any CPU
		{D0B33CDD-97C7-4D99-A579-8FC566DE7153}.Debug|Any CPU.ActiveCfg = Debug|Any CPU
		{D0B33CDD-97C7-4D99-A579-8FC566DE7153}.Debug|Any CPU.Build.0 = Debug|Any CPU
		{D0B33CDD-97C7-4D99-A579-8FC566DE7153}.Release|Any CPU.ActiveCfg = Release|Any CPU
		{D0B33CDD-97C7-4D99-A579-8FC566DE7153}.Release|Any CPU.Build.0 = Debug|Any CPU
		{D79953A8-FEBC-4B13-9CDA-F7675A233481}.Debug|Any CPU.ActiveCfg = Debug|Any CPU
		{D79953A8-FEBC-4B13-9CDA-F7675A233481}.Debug|Any CPU.Build.0 = Debug|Any CPU
		{D79953A8-FEBC-4B13-9CDA-F7675A233481}.Release|Any CPU.ActiveCfg = Release|Any CPU
		{D79953A8-FEBC-4B13-9CDA-F7675A233481}.Release|Any CPU.Build.0 = Debug|Any CPU
		{66F1C60F-BFF8-4795-9C1D-9A413801E080}.Debug|Any CPU.ActiveCfg = Debug|Any CPU
		{66F1C60F-BFF8-4795-9C1D-9A413801E080}.Debug|Any CPU.Build.0 = Debug|Any CPU
		{66F1C60F-BFF8-4795-9C1D-9A413801E080}.Release|Any CPU.ActiveCfg = Release|Any CPU
		{66F1C60F-BFF8-4795-9C1D-9A413801E080}.Release|Any CPU.Build.0 = Debug|Any CPU
		{41282156-28F5-4BC3-B10E-35EAAC542577}.Debug|Any CPU.ActiveCfg = Debug|Any CPU
		{41282156-28F5-4BC3-B10E-35EAAC542577}.Debug|Any CPU.Build.0 = Debug|Any CPU
		{41282156-28F5-4BC3-B10E-35EAAC542577}.Release|Any CPU.ActiveCfg = Release|Any CPU
		{41282156-28F5-4BC3-B10E-35EAAC542577}.Release|Any CPU.Build.0 = Debug|Any CPU
		{3C52C0A7-6CEF-4693-9EEF-C17FB3B035A6}.Debug|Any CPU.ActiveCfg = Debug|Any CPU
		{3C52C0A7-6CEF-4693-9EEF-C17FB3B035A6}.Debug|Any CPU.Build.0 = Debug|Any CPU
		{3C52C0A7-6CEF-4693-9EEF-C17FB3B035A6}.Release|Any CPU.ActiveCfg = Release|Any CPU
		{3C52C0A7-6CEF-4693-9EEF-C17FB3B035A6}.Release|Any CPU.Build.0 = Debug|Any CPU
		{CA09C384-1354-45EE-BDB3-7A39CBFE6695}.Debug|Any CPU.ActiveCfg = Debug|Any CPU
		{CA09C384-1354-45EE-BDB3-7A39CBFE6695}.Debug|Any CPU.Build.0 = Debug|Any CPU
		{CA09C384-1354-45EE-BDB3-7A39CBFE6695}.Release|Any CPU.ActiveCfg = Release|Any CPU
		{CA09C384-1354-45EE-BDB3-7A39CBFE6695}.Release|Any CPU.Build.0 = Debug|Any CPU
		{6D25AA30-C3AF-4AE0-B567-0F2653120CDC}.Debug|Any CPU.ActiveCfg = Debug|Any CPU
		{6D25AA30-C3AF-4AE0-B567-0F2653120CDC}.Debug|Any CPU.Build.0 = Debug|Any CPU
		{6D25AA30-C3AF-4AE0-B567-0F2653120CDC}.Release|Any CPU.ActiveCfg = Release|Any CPU
		{6D25AA30-C3AF-4AE0-B567-0F2653120CDC}.Release|Any CPU.Build.0 = Debug|Any CPU
		{51D5F233-02F2-45F7-B4F2-60D18EF3DEC5}.Debug|Any CPU.ActiveCfg = Debug|Any CPU
		{51D5F233-02F2-45F7-B4F2-60D18EF3DEC5}.Debug|Any CPU.Build.0 = Debug|Any CPU
		{51D5F233-02F2-45F7-B4F2-60D18EF3DEC5}.Release|Any CPU.ActiveCfg = Release|Any CPU
		{51D5F233-02F2-45F7-B4F2-60D18EF3DEC5}.Release|Any CPU.Build.0 = Debug|Any CPU
		{BA8C8C0B-470A-4D3C-B3DA-9E28599799B5}.Debug|Any CPU.ActiveCfg = Debug|Any CPU
		{BA8C8C0B-470A-4D3C-B3DA-9E28599799B5}.Debug|Any CPU.Build.0 = Debug|Any CPU
		{BA8C8C0B-470A-4D3C-B3DA-9E28599799B5}.Release|Any CPU.ActiveCfg = Release|Any CPU
		{BA8C8C0B-470A-4D3C-B3DA-9E28599799B5}.Release|Any CPU.Build.0 = Debug|Any CPU
		{525678C4-FDC1-4A5D-9D8A-D7E78309335F}.Debug|Any CPU.ActiveCfg = Debug|Any CPU
		{525678C4-FDC1-4A5D-9D8A-D7E78309335F}.Debug|Any CPU.Build.0 = Debug|Any CPU
		{525678C4-FDC1-4A5D-9D8A-D7E78309335F}.Release|Any CPU.ActiveCfg = Release|Any CPU
		{525678C4-FDC1-4A5D-9D8A-D7E78309335F}.Release|Any CPU.Build.0 = Debug|Any CPU
		{F85A14D5-64E0-4CFC-88DA-27FE9D0DD664}.Debug|Any CPU.ActiveCfg = Debug|Any CPU
		{F85A14D5-64E0-4CFC-88DA-27FE9D0DD664}.Debug|Any CPU.Build.0 = Debug|Any CPU
		{F85A14D5-64E0-4CFC-88DA-27FE9D0DD664}.Release|Any CPU.ActiveCfg = Release|Any CPU
		{F85A14D5-64E0-4CFC-88DA-27FE9D0DD664}.Release|Any CPU.Build.0 = Debug|Any CPU
		{C3A270DE-9727-492E-91E2-F56E7E0E0F83}.Debug|Any CPU.ActiveCfg = Debug|Any CPU
		{C3A270DE-9727-492E-91E2-F56E7E0E0F83}.Debug|Any CPU.Build.0 = Debug|Any CPU
		{C3A270DE-9727-492E-91E2-F56E7E0E0F83}.Release|Any CPU.ActiveCfg = Release|Any CPU
		{C3A270DE-9727-492E-91E2-F56E7E0E0F83}.Release|Any CPU.Build.0 = Debug|Any CPU
		{7D1B22F8-06A2-4D09-A3AD-D93A09A01815}.Debug|Any CPU.ActiveCfg = Debug|Any CPU
		{7D1B22F8-06A2-4D09-A3AD-D93A09A01815}.Debug|Any CPU.Build.0 = Debug|Any CPU
		{7D1B22F8-06A2-4D09-A3AD-D93A09A01815}.Release|Any CPU.ActiveCfg = Release|Any CPU
		{7D1B22F8-06A2-4D09-A3AD-D93A09A01815}.Release|Any CPU.Build.0 = Debug|Any CPU
		{E45A004F-FBEF-445C-9607-FBC89D6D4590}.Debug|Any CPU.ActiveCfg = Debug|Any CPU
		{E45A004F-FBEF-445C-9607-FBC89D6D4590}.Debug|Any CPU.Build.0 = Debug|Any CPU
		{E45A004F-FBEF-445C-9607-FBC89D6D4590}.Release|Any CPU.ActiveCfg = Release|Any CPU
		{E45A004F-FBEF-445C-9607-FBC89D6D4590}.Release|Any CPU.Build.0 = Debug|Any CPU
		{C72B898B-B53B-42D5-9F4F-673F84BB485B}.Debug|Any CPU.ActiveCfg = Debug|Any CPU
		{C72B898B-B53B-42D5-9F4F-673F84BB485B}.Debug|Any CPU.Build.0 = Debug|Any CPU
		{C72B898B-B53B-42D5-9F4F-673F84BB485B}.Release|Any CPU.ActiveCfg = Release|Any CPU
		{C72B898B-B53B-42D5-9F4F-673F84BB485B}.Release|Any CPU.Build.0 = Debug|Any CPU
		{3EF91DC7-12C9-47F3-BB18-AD3D85D1B624}.Debug|Any CPU.ActiveCfg = Debug|Any CPU
		{3EF91DC7-12C9-47F3-BB18-AD3D85D1B624}.Debug|Any CPU.Build.0 = Debug|Any CPU
		{3EF91DC7-12C9-47F3-BB18-AD3D85D1B624}.Release|Any CPU.ActiveCfg = Release|Any CPU
		{3EF91DC7-12C9-47F3-BB18-AD3D85D1B624}.Release|Any CPU.Build.0 = Debug|Any CPU
		{33C271B9-0A43-408A-8C6A-B1A43ED065A7}.Debug|Any CPU.ActiveCfg = Debug|Any CPU
		{33C271B9-0A43-408A-8C6A-B1A43ED065A7}.Debug|Any CPU.Build.0 = Debug|Any CPU
		{33C271B9-0A43-408A-8C6A-B1A43ED065A7}.Release|Any CPU.ActiveCfg = Release|Any CPU
		{33C271B9-0A43-408A-8C6A-B1A43ED065A7}.Release|Any CPU.Build.0 = Debug|Any CPU
		{2CC97C32-9FFA-4DA4-A6C0-83F300404EC3}.Debug|Any CPU.ActiveCfg = Debug|Any CPU
		{2CC97C32-9FFA-4DA4-A6C0-83F300404EC3}.Debug|Any CPU.Build.0 = Debug|Any CPU
		{2CC97C32-9FFA-4DA4-A6C0-83F300404EC3}.Release|Any CPU.ActiveCfg = Release|Any CPU
		{2CC97C32-9FFA-4DA4-A6C0-83F300404EC3}.Release|Any CPU.Build.0 = Debug|Any CPU
		{3AC70E9C-5E33-44AF-8319-2E4F68DA86CB}.Debug|Any CPU.ActiveCfg = Debug|Any CPU
		{3AC70E9C-5E33-44AF-8319-2E4F68DA86CB}.Debug|Any CPU.Build.0 = Debug|Any CPU
		{3AC70E9C-5E33-44AF-8319-2E4F68DA86CB}.Release|Any CPU.ActiveCfg = Release|Any CPU
		{3AC70E9C-5E33-44AF-8319-2E4F68DA86CB}.Release|Any CPU.Build.0 = Debug|Any CPU
		{950B9CDB-9286-4A1A-8D88-1DF6954A45E3}.Debug|Any CPU.ActiveCfg = Debug|Any CPU
		{950B9CDB-9286-4A1A-8D88-1DF6954A45E3}.Debug|Any CPU.Build.0 = Debug|Any CPU
		{950B9CDB-9286-4A1A-8D88-1DF6954A45E3}.Release|Any CPU.ActiveCfg = Release|Any CPU
		{950B9CDB-9286-4A1A-8D88-1DF6954A45E3}.Release|Any CPU.Build.0 = Debug|Any CPU
		{5937761D-D25B-4C6F-A5E8-FCBFA258BB4A}.Debug|Any CPU.ActiveCfg = Debug|Any CPU
		{5937761D-D25B-4C6F-A5E8-FCBFA258BB4A}.Debug|Any CPU.Build.0 = Debug|Any CPU
		{5937761D-D25B-4C6F-A5E8-FCBFA258BB4A}.Release|Any CPU.ActiveCfg = Release|Any CPU
		{5937761D-D25B-4C6F-A5E8-FCBFA258BB4A}.Release|Any CPU.Build.0 = Debug|Any CPU
		{E5302713-0022-4657-85D8-9620818071DF}.Debug|Any CPU.ActiveCfg = Debug|Any CPU
		{E5302713-0022-4657-85D8-9620818071DF}.Debug|Any CPU.Build.0 = Debug|Any CPU
		{E5302713-0022-4657-85D8-9620818071DF}.Release|Any CPU.ActiveCfg = Release|Any CPU
		{E5302713-0022-4657-85D8-9620818071DF}.Release|Any CPU.Build.0 = Debug|Any CPU
		{7C4533B0-F75E-4909-8EDE-5FAC022DD356}.Debug|Any CPU.ActiveCfg = Debug|Any CPU
		{7C4533B0-F75E-4909-8EDE-5FAC022DD356}.Debug|Any CPU.Build.0 = Debug|Any CPU
		{7C4533B0-F75E-4909-8EDE-5FAC022DD356}.Release|Any CPU.ActiveCfg = Release|Any CPU
		{7C4533B0-F75E-4909-8EDE-5FAC022DD356}.Release|Any CPU.Build.0 = Debug|Any CPU
		{E0083B67-CD2A-4503-A94A-5AF140BF4A72}.Debug|Any CPU.ActiveCfg = Debug|Any CPU
		{E0083B67-CD2A-4503-A94A-5AF140BF4A72}.Debug|Any CPU.Build.0 = Debug|Any CPU
		{E0083B67-CD2A-4503-A94A-5AF140BF4A72}.Release|Any CPU.ActiveCfg = Release|Any CPU
		{E0083B67-CD2A-4503-A94A-5AF140BF4A72}.Release|Any CPU.Build.0 = Debug|Any CPU
		{8D2D7E8F-8415-424C-AF9C-967113BE5136}.Debug|Any CPU.ActiveCfg = Debug|Any CPU
		{8D2D7E8F-8415-424C-AF9C-967113BE5136}.Debug|Any CPU.Build.0 = Debug|Any CPU
		{8D2D7E8F-8415-424C-AF9C-967113BE5136}.Release|Any CPU.ActiveCfg = Release|Any CPU
		{8D2D7E8F-8415-424C-AF9C-967113BE5136}.Release|Any CPU.Build.0 = Debug|Any CPU
		{42681747-107B-487B-9EA2-CE46754682FD}.Debug|Any CPU.ActiveCfg = Debug|Any CPU
		{42681747-107B-487B-9EA2-CE46754682FD}.Debug|Any CPU.Build.0 = Debug|Any CPU
		{42681747-107B-487B-9EA2-CE46754682FD}.Release|Any CPU.ActiveCfg = Release|Any CPU
		{42681747-107B-487B-9EA2-CE46754682FD}.Release|Any CPU.Build.0 = Debug|Any CPU
		{59622778-B13C-464E-98F7-EA662653AF27}.Debug|Any CPU.ActiveCfg = Debug|Any CPU
		{59622778-B13C-464E-98F7-EA662653AF27}.Debug|Any CPU.Build.0 = Debug|Any CPU
		{59622778-B13C-464E-98F7-EA662653AF27}.Release|Any CPU.ActiveCfg = Release|Any CPU
		{59622778-B13C-464E-98F7-EA662653AF27}.Release|Any CPU.Build.0 = Debug|Any CPU
		{D1D12E36-D3E2-40D8-9AE4-91943585E7E5}.Debug|Any CPU.ActiveCfg = Debug|Any CPU
		{D1D12E36-D3E2-40D8-9AE4-91943585E7E5}.Debug|Any CPU.Build.0 = Debug|Any CPU
		{D1D12E36-D3E2-40D8-9AE4-91943585E7E5}.Release|Any CPU.ActiveCfg = Release|Any CPU
		{D1D12E36-D3E2-40D8-9AE4-91943585E7E5}.Release|Any CPU.Build.0 = Debug|Any CPU
		{9CCCD6FA-FAE9-40DA-987E-96A53923BA0D}.Debug|Any CPU.ActiveCfg = Debug|Any CPU
		{9CCCD6FA-FAE9-40DA-987E-96A53923BA0D}.Debug|Any CPU.Build.0 = Debug|Any CPU
		{9CCCD6FA-FAE9-40DA-987E-96A53923BA0D}.Release|Any CPU.ActiveCfg = Release|Any CPU
		{9CCCD6FA-FAE9-40DA-987E-96A53923BA0D}.Release|Any CPU.Build.0 = Debug|Any CPU
		{3FF07BEF-FF15-47EE-9BF2-107623976CA5}.Debug|Any CPU.ActiveCfg = Debug|Any CPU
		{3FF07BEF-FF15-47EE-9BF2-107623976CA5}.Debug|Any CPU.Build.0 = Debug|Any CPU
		{3FF07BEF-FF15-47EE-9BF2-107623976CA5}.Release|Any CPU.ActiveCfg = Release|Any CPU
		{3FF07BEF-FF15-47EE-9BF2-107623976CA5}.Release|Any CPU.Build.0 = Debug|Any CPU
		{4DF63B10-6071-441E-935A-9A018707353B}.Debug|Any CPU.ActiveCfg = Debug|Any CPU
		{4DF63B10-6071-441E-935A-9A018707353B}.Debug|Any CPU.Build.0 = Debug|Any CPU
		{4DF63B10-6071-441E-935A-9A018707353B}.Release|Any CPU.ActiveCfg = Release|Any CPU
		{4DF63B10-6071-441E-935A-9A018707353B}.Release|Any CPU.Build.0 = Debug|Any CPU
		{C126EA08-56E0-4AA7-85D3-1FE40FED592D}.Debug|Any CPU.ActiveCfg = Debug|Any CPU
		{C126EA08-56E0-4AA7-85D3-1FE40FED592D}.Debug|Any CPU.Build.0 = Debug|Any CPU
		{C126EA08-56E0-4AA7-85D3-1FE40FED592D}.Release|Any CPU.ActiveCfg = Release|Any CPU
		{C126EA08-56E0-4AA7-85D3-1FE40FED592D}.Release|Any CPU.Build.0 = Debug|Any CPU
		{6447B72B-D73B-47EC-A08D-EB8D947F6878}.Debug|Any CPU.ActiveCfg = Debug|Any CPU
		{6447B72B-D73B-47EC-A08D-EB8D947F6878}.Debug|Any CPU.Build.0 = Debug|Any CPU
		{6447B72B-D73B-47EC-A08D-EB8D947F6878}.Release|Any CPU.ActiveCfg = Release|Any CPU
		{6447B72B-D73B-47EC-A08D-EB8D947F6878}.Release|Any CPU.Build.0 = Debug|Any CPU
		{613ADF25-EFFA-4082-ACA6-98158A242298}.Debug|Any CPU.ActiveCfg = Debug|Any CPU
		{613ADF25-EFFA-4082-ACA6-98158A242298}.Debug|Any CPU.Build.0 = Debug|Any CPU
		{613ADF25-EFFA-4082-ACA6-98158A242298}.Release|Any CPU.ActiveCfg = Release|Any CPU
		{613ADF25-EFFA-4082-ACA6-98158A242298}.Release|Any CPU.Build.0 = Debug|Any CPU
		{99D9DD5B-53E0-4698-83FA-5C2DA885AC0F}.Debug|Any CPU.ActiveCfg = Debug|Any CPU
		{99D9DD5B-53E0-4698-83FA-5C2DA885AC0F}.Debug|Any CPU.Build.0 = Debug|Any CPU
		{99D9DD5B-53E0-4698-83FA-5C2DA885AC0F}.Release|Any CPU.ActiveCfg = Release|Any CPU
		{99D9DD5B-53E0-4698-83FA-5C2DA885AC0F}.Release|Any CPU.Build.0 = Debug|Any CPU
		{D1A8823B-7F35-4531-96A8-08D0FABEE73B}.Debug|Any CPU.ActiveCfg = Debug|Any CPU
		{D1A8823B-7F35-4531-96A8-08D0FABEE73B}.Debug|Any CPU.Build.0 = Debug|Any CPU
		{D1A8823B-7F35-4531-96A8-08D0FABEE73B}.Release|Any CPU.ActiveCfg = Release|Any CPU
		{D1A8823B-7F35-4531-96A8-08D0FABEE73B}.Release|Any CPU.Build.0 = Debug|Any CPU
		{FE18E143-9DCA-4D2C-9810-F53ACCC903D1}.Debug|Any CPU.ActiveCfg = Debug|Any CPU
		{FE18E143-9DCA-4D2C-9810-F53ACCC903D1}.Debug|Any CPU.Build.0 = Debug|Any CPU
		{FE18E143-9DCA-4D2C-9810-F53ACCC903D1}.Release|Any CPU.ActiveCfg = Release|Any CPU
		{FE18E143-9DCA-4D2C-9810-F53ACCC903D1}.Release|Any CPU.Build.0 = Debug|Any CPU
		{6C7D4F9C-B0B2-47FC-8D59-B596D279539F}.Debug|Any CPU.ActiveCfg = Debug|Any CPU
		{6C7D4F9C-B0B2-47FC-8D59-B596D279539F}.Debug|Any CPU.Build.0 = Debug|Any CPU
		{6C7D4F9C-B0B2-47FC-8D59-B596D279539F}.Release|Any CPU.ActiveCfg = Release|Any CPU
		{6C7D4F9C-B0B2-47FC-8D59-B596D279539F}.Release|Any CPU.Build.0 = Debug|Any CPU
		{87EFB80F-7023-4390-8C54-684719161EF9}.Debug|Any CPU.ActiveCfg = Debug|Any CPU
		{87EFB80F-7023-4390-8C54-684719161EF9}.Debug|Any CPU.Build.0 = Debug|Any CPU
		{87EFB80F-7023-4390-8C54-684719161EF9}.Release|Any CPU.ActiveCfg = Release|Any CPU
		{87EFB80F-7023-4390-8C54-684719161EF9}.Release|Any CPU.Build.0 = Debug|Any CPU
		{CFA533A1-4E1B-436F-BAED-F74F588234CC}.Debug|Any CPU.ActiveCfg = Debug|Any CPU
		{CFA533A1-4E1B-436F-BAED-F74F588234CC}.Debug|Any CPU.Build.0 = Debug|Any CPU
		{CFA533A1-4E1B-436F-BAED-F74F588234CC}.Release|Any CPU.ActiveCfg = Release|Any CPU
		{CFA533A1-4E1B-436F-BAED-F74F588234CC}.Release|Any CPU.Build.0 = Debug|Any CPU
		{80B37F1E-837B-469F-B05A-6DE029FB4035}.Debug|Any CPU.ActiveCfg = Debug|Any CPU
		{80B37F1E-837B-469F-B05A-6DE029FB4035}.Debug|Any CPU.Build.0 = Debug|Any CPU
		{80B37F1E-837B-469F-B05A-6DE029FB4035}.Release|Any CPU.ActiveCfg = Release|Any CPU
		{80B37F1E-837B-469F-B05A-6DE029FB4035}.Release|Any CPU.Build.0 = Debug|Any CPU
		{D19DF781-A55F-4F96-8D1E-DADCD144801E}.Debug|Any CPU.ActiveCfg = Debug|Any CPU
		{D19DF781-A55F-4F96-8D1E-DADCD144801E}.Debug|Any CPU.Build.0 = Debug|Any CPU
		{D19DF781-A55F-4F96-8D1E-DADCD144801E}.Release|Any CPU.ActiveCfg = Release|Any CPU
		{D19DF781-A55F-4F96-8D1E-DADCD144801E}.Release|Any CPU.Build.0 = Debug|Any CPU
		{3A543018-F489-4D25-8BBA-D55ABF4CE0F3}.Debug|Any CPU.ActiveCfg = Debug|Any CPU
		{3A543018-F489-4D25-8BBA-D55ABF4CE0F3}.Debug|Any CPU.Build.0 = Debug|Any CPU
		{3A543018-F489-4D25-8BBA-D55ABF4CE0F3}.Release|Any CPU.ActiveCfg = Release|Any CPU
		{3A543018-F489-4D25-8BBA-D55ABF4CE0F3}.Release|Any CPU.Build.0 = Debug|Any CPU
		{BB02059B-D80F-45EF-8EEE-897A23B81951}.Debug|Any CPU.ActiveCfg = Debug|Any CPU
		{BB02059B-D80F-45EF-8EEE-897A23B81951}.Debug|Any CPU.Build.0 = Debug|Any CPU
		{BB02059B-D80F-45EF-8EEE-897A23B81951}.Release|Any CPU.ActiveCfg = Release|Any CPU
		{BB02059B-D80F-45EF-8EEE-897A23B81951}.Release|Any CPU.Build.0 = Debug|Any CPU
		{D6E0FE90-ABA2-4437-B2B5-48C101861B1E}.Debug|Any CPU.ActiveCfg = Debug|Any CPU
		{D6E0FE90-ABA2-4437-B2B5-48C101861B1E}.Debug|Any CPU.Build.0 = Debug|Any CPU
		{D6E0FE90-ABA2-4437-B2B5-48C101861B1E}.Release|Any CPU.ActiveCfg = Release|Any CPU
		{D6E0FE90-ABA2-4437-B2B5-48C101861B1E}.Release|Any CPU.Build.0 = Debug|Any CPU
		{213B8BFA-CB30-427F-8668-12EC6868B3CB}.Debug|Any CPU.ActiveCfg = Debug|Any CPU
		{213B8BFA-CB30-427F-8668-12EC6868B3CB}.Debug|Any CPU.Build.0 = Debug|Any CPU
		{213B8BFA-CB30-427F-8668-12EC6868B3CB}.Release|Any CPU.ActiveCfg = Release|Any CPU
		{213B8BFA-CB30-427F-8668-12EC6868B3CB}.Release|Any CPU.Build.0 = Debug|Any CPU
		{E0ACC7CA-574C-4522-A9B2-7173C97F0FFA}.Debug|Any CPU.ActiveCfg = Debug|Any CPU
		{E0ACC7CA-574C-4522-A9B2-7173C97F0FFA}.Debug|Any CPU.Build.0 = Debug|Any CPU
		{E0ACC7CA-574C-4522-A9B2-7173C97F0FFA}.Release|Any CPU.ActiveCfg = Release|Any CPU
		{E0ACC7CA-574C-4522-A9B2-7173C97F0FFA}.Release|Any CPU.Build.0 = Debug|Any CPU
		{D82F0190-3EDD-4145-BA97-AF3296D275F8}.Debug|Any CPU.ActiveCfg = Debug|Any CPU
		{D82F0190-3EDD-4145-BA97-AF3296D275F8}.Debug|Any CPU.Build.0 = Debug|Any CPU
		{D82F0190-3EDD-4145-BA97-AF3296D275F8}.Release|Any CPU.ActiveCfg = Release|Any CPU
		{D82F0190-3EDD-4145-BA97-AF3296D275F8}.Release|Any CPU.Build.0 = Debug|Any CPU
		{DE61E32C-38D0-46A9-9631-5F979F93AF98}.Debug|Any CPU.ActiveCfg = Debug|Any CPU
		{DE61E32C-38D0-46A9-9631-5F979F93AF98}.Debug|Any CPU.Build.0 = Debug|Any CPU
		{DE61E32C-38D0-46A9-9631-5F979F93AF98}.Release|Any CPU.ActiveCfg = Release|Any CPU
		{DE61E32C-38D0-46A9-9631-5F979F93AF98}.Release|Any CPU.Build.0 = Debug|Any CPU
		{FABF64D6-EF22-4986-BDBC-55D0BF07979E}.Debug|Any CPU.ActiveCfg = Debug|Any CPU
		{FABF64D6-EF22-4986-BDBC-55D0BF07979E}.Debug|Any CPU.Build.0 = Debug|Any CPU
		{FABF64D6-EF22-4986-BDBC-55D0BF07979E}.Release|Any CPU.ActiveCfg = Release|Any CPU
		{FABF64D6-EF22-4986-BDBC-55D0BF07979E}.Release|Any CPU.Build.0 = Debug|Any CPU
		{C2268A27-905F-43F4-B85D-CBB7E2E297BD}.Debug|Any CPU.ActiveCfg = Debug|Any CPU
		{C2268A27-905F-43F4-B85D-CBB7E2E297BD}.Debug|Any CPU.Build.0 = Debug|Any CPU
		{C2268A27-905F-43F4-B85D-CBB7E2E297BD}.Release|Any CPU.ActiveCfg = Release|Any CPU
		{C2268A27-905F-43F4-B85D-CBB7E2E297BD}.Release|Any CPU.Build.0 = Debug|Any CPU
		{5848CBB0-9E64-45D7-8F91-AE7CDF2EE3F5}.Debug|Any CPU.ActiveCfg = Debug|Any CPU
		{5848CBB0-9E64-45D7-8F91-AE7CDF2EE3F5}.Debug|Any CPU.Build.0 = Debug|Any CPU
		{5848CBB0-9E64-45D7-8F91-AE7CDF2EE3F5}.Release|Any CPU.ActiveCfg = Release|Any CPU
		{5848CBB0-9E64-45D7-8F91-AE7CDF2EE3F5}.Release|Any CPU.Build.0 = Debug|Any CPU
		{12AC86BB-A7D3-4FD0-B2C1-8DA72FF622AA}.Debug|Any CPU.ActiveCfg = Debug|Any CPU
		{12AC86BB-A7D3-4FD0-B2C1-8DA72FF622AA}.Debug|Any CPU.Build.0 = Debug|Any CPU
		{12AC86BB-A7D3-4FD0-B2C1-8DA72FF622AA}.Release|Any CPU.ActiveCfg = Release|Any CPU
		{12AC86BB-A7D3-4FD0-B2C1-8DA72FF622AA}.Release|Any CPU.Build.0 = Debug|Any CPU
		{22D14D84-71B8-46E6-A873-04436E6CCC9F}.Debug|Any CPU.ActiveCfg = Debug|Any CPU
		{22D14D84-71B8-46E6-A873-04436E6CCC9F}.Debug|Any CPU.Build.0 = Debug|Any CPU
		{22D14D84-71B8-46E6-A873-04436E6CCC9F}.Release|Any CPU.ActiveCfg = Release|Any CPU
		{22D14D84-71B8-46E6-A873-04436E6CCC9F}.Release|Any CPU.Build.0 = Debug|Any CPU
		{BE4699C9-F32D-4F88-9D25-6AA09E6D0B2B}.Debug|Any CPU.ActiveCfg = Debug|Any CPU
		{BE4699C9-F32D-4F88-9D25-6AA09E6D0B2B}.Debug|Any CPU.Build.0 = Debug|Any CPU
		{BE4699C9-F32D-4F88-9D25-6AA09E6D0B2B}.Release|Any CPU.ActiveCfg = Release|Any CPU
		{BE4699C9-F32D-4F88-9D25-6AA09E6D0B2B}.Release|Any CPU.Build.0 = Debug|Any CPU
		{4EFEAF78-B7E0-4516-A8D6-4A055E2B6010}.Debug|Any CPU.ActiveCfg = Debug|Any CPU
		{4EFEAF78-B7E0-4516-A8D6-4A055E2B6010}.Debug|Any CPU.Build.0 = Debug|Any CPU
		{4EFEAF78-B7E0-4516-A8D6-4A055E2B6010}.Release|Any CPU.ActiveCfg = Release|Any CPU
		{4EFEAF78-B7E0-4516-A8D6-4A055E2B6010}.Release|Any CPU.Build.0 = Debug|Any CPU
		{76E4C201-DDC1-4F96-A718-598F76B9DA86}.Debug|Any CPU.ActiveCfg = Debug|Any CPU
		{76E4C201-DDC1-4F96-A718-598F76B9DA86}.Debug|Any CPU.Build.0 = Debug|Any CPU
		{76E4C201-DDC1-4F96-A718-598F76B9DA86}.Release|Any CPU.ActiveCfg = Release|Any CPU
		{76E4C201-DDC1-4F96-A718-598F76B9DA86}.Release|Any CPU.Build.0 = Debug|Any CPU
		{36712ACB-356C-45CC-9437-FEE201F06DC0}.Debug|Any CPU.ActiveCfg = Debug|Any CPU
		{36712ACB-356C-45CC-9437-FEE201F06DC0}.Debug|Any CPU.Build.0 = Debug|Any CPU
		{36712ACB-356C-45CC-9437-FEE201F06DC0}.Release|Any CPU.ActiveCfg = Release|Any CPU
		{36712ACB-356C-45CC-9437-FEE201F06DC0}.Release|Any CPU.Build.0 = Debug|Any CPU
		{E8F68E5D-FE18-4B1B-AF2C-D94C8492E0D0}.Debug|Any CPU.ActiveCfg = Debug|Any CPU
		{E8F68E5D-FE18-4B1B-AF2C-D94C8492E0D0}.Debug|Any CPU.Build.0 = Debug|Any CPU
		{E8F68E5D-FE18-4B1B-AF2C-D94C8492E0D0}.Release|Any CPU.ActiveCfg = Release|Any CPU
		{E8F68E5D-FE18-4B1B-AF2C-D94C8492E0D0}.Release|Any CPU.Build.0 = Debug|Any CPU
		{189FC0EF-6A29-41C4-B216-F40A5720B3BE}.Debug|Any CPU.ActiveCfg = Debug|Any CPU
		{189FC0EF-6A29-41C4-B216-F40A5720B3BE}.Debug|Any CPU.Build.0 = Debug|Any CPU
		{189FC0EF-6A29-41C4-B216-F40A5720B3BE}.Release|Any CPU.ActiveCfg = Release|Any CPU
		{189FC0EF-6A29-41C4-B216-F40A5720B3BE}.Release|Any CPU.Build.0 = Debug|Any CPU
		{276AB378-BAA1-4181-AF49-A0B9FBF32779}.Debug|Any CPU.ActiveCfg = Debug|Any CPU
		{276AB378-BAA1-4181-AF49-A0B9FBF32779}.Debug|Any CPU.Build.0 = Debug|Any CPU
		{276AB378-BAA1-4181-AF49-A0B9FBF32779}.Release|Any CPU.ActiveCfg = Release|Any CPU
		{276AB378-BAA1-4181-AF49-A0B9FBF32779}.Release|Any CPU.Build.0 = Debug|Any CPU
		{E85E847D-1208-4450-8A25-BF3529A2701F}.Debug|Any CPU.ActiveCfg = Debug|Any CPU
		{E85E847D-1208-4450-8A25-BF3529A2701F}.Debug|Any CPU.Build.0 = Debug|Any CPU
		{E85E847D-1208-4450-8A25-BF3529A2701F}.Release|Any CPU.ActiveCfg = Release|Any CPU
		{E85E847D-1208-4450-8A25-BF3529A2701F}.Release|Any CPU.Build.0 = Debug|Any CPU
		{61516EAE-03EC-409E-A3B0-6FA9086F1000}.Debug|Any CPU.ActiveCfg = Debug|Any CPU
		{61516EAE-03EC-409E-A3B0-6FA9086F1000}.Debug|Any CPU.Build.0 = Debug|Any CPU
		{61516EAE-03EC-409E-A3B0-6FA9086F1000}.Release|Any CPU.ActiveCfg = Release|Any CPU
		{61516EAE-03EC-409E-A3B0-6FA9086F1000}.Release|Any CPU.Build.0 = Debug|Any CPU
		{16137986-53D3-4CDA-84AA-88944D59EF43}.Debug|Any CPU.ActiveCfg = Debug|Any CPU
		{16137986-53D3-4CDA-84AA-88944D59EF43}.Debug|Any CPU.Build.0 = Debug|Any CPU
		{16137986-53D3-4CDA-84AA-88944D59EF43}.Release|Any CPU.ActiveCfg = Release|Any CPU
		{16137986-53D3-4CDA-84AA-88944D59EF43}.Release|Any CPU.Build.0 = Debug|Any CPU
	EndGlobalSection
	GlobalSection(SolutionProperties) = preSolution
		HideSolutionNode = FALSE
	EndGlobalSection
	GlobalSection(NestedProjects) = preSolution
		{CA97E51D-8AFA-44FD-B6C9-177FC929010C} = {e3b4f40b-92cf-4d08-ab32-00503e8bdb42}
		{4E075D88-A873-489C-8B8C-8F6AF65714BC} = {e3b4f40b-92cf-4d08-ab32-00503e8bdb42}
		{CFD76FBF-FB86-4825-A3A2-F8E31805EC6F} = {4e075d88-a873-489c-8b8c-8f6af65714bc}
		{841CDCD3-93A2-42F3-8DBD-6A18F25DB9B6} = {e3b4f40b-92cf-4d08-ab32-00503e8bdb42}
		{B6FF1DE1-2CB8-46C4-AB0D-578BE21EC68D} = {4e075d88-a873-489c-8b8c-8f6af65714bc}
		{7661D310-414E-4AB7-8EC9-098C7A3D5E1E} = {e3b4f40b-92cf-4d08-ab32-00503e8bdb42}
		{7094586C-C138-45A3-B22C-D2538BBC4C1F} = {4e075d88-a873-489c-8b8c-8f6af65714bc}
		{63118015-BBA1-4563-A8F1-13C38DBA1E76} = {e3b4f40b-92cf-4d08-ab32-00503e8bdb42}
		{53D840D4-988D-4712-9813-17B0B9050AA4} = {4e075d88-a873-489c-8b8c-8f6af65714bc}
		{B136B1C2-48E2-4651-9B39-A97037822583} = {CA97E51D-8AFA-44FD-B6C9-177FC929010C}
		{A2FB44F1-A131-4C4D-9257-A8A825392431} = {CA97E51D-8AFA-44FD-B6C9-177FC929010C}
		{5A5DDD83-CA50-4A8E-9A8D-E1CA02FF6402} = {CA97E51D-8AFA-44FD-B6C9-177FC929010C}
		{7D556455-BAED-4D6A-8250-F7AB2C249385} = {CA97E51D-8AFA-44FD-B6C9-177FC929010C}
		{EB345C1F-D609-43C1-A97F-7B3B3A5A0352} = {AA8C85DC-ECCF-4480-8787-0A2B5D4E5B51}
		{6A520483-5254-4978-AD53-3147ADDEFFB6} = {AA8C85DC-ECCF-4480-8787-0A2B5D4E5B51}
		{6992A9F3-9832-46FD-8C7F-D2BB5777E7D9} = {AA8C85DC-ECCF-4480-8787-0A2B5D4E5B51}
		{54D13C75-9E50-4ED3-B265-9FC6819EA35E} = {AA8C85DC-ECCF-4480-8787-0A2B5D4E5B51}
		{D0B33CDD-97C7-4D99-A579-8FC566DE7153} = {AA8C85DC-ECCF-4480-8787-0A2B5D4E5B51}
		{D79953A8-FEBC-4B13-9CDA-F7675A233481} = {AA8C85DC-ECCF-4480-8787-0A2B5D4E5B51}
		{66F1C60F-BFF8-4795-9C1D-9A413801E080} = {AA8C85DC-ECCF-4480-8787-0A2B5D4E5B51}
		{41282156-28F5-4BC3-B10E-35EAAC542577} = {AA8C85DC-ECCF-4480-8787-0A2B5D4E5B51}
		{3C52C0A7-6CEF-4693-9EEF-C17FB3B035A6} = {AA8C85DC-ECCF-4480-8787-0A2B5D4E5B51}
		{CA09C384-1354-45EE-BDB3-7A39CBFE6695} = {AA8C85DC-ECCF-4480-8787-0A2B5D4E5B51}
		{6D25AA30-C3AF-4AE0-B567-0F2653120CDC} = {2B57D3AB-0A9E-4EC4-8C46-C1195EF138F5}
		{51D5F233-02F2-45F7-B4F2-60D18EF3DEC5} = {2B57D3AB-0A9E-4EC4-8C46-C1195EF138F5}
		{BA8C8C0B-470A-4D3C-B3DA-9E28599799B5} = {2B57D3AB-0A9E-4EC4-8C46-C1195EF138F5}
		{525678C4-FDC1-4A5D-9D8A-D7E78309335F} = {2B57D3AB-0A9E-4EC4-8C46-C1195EF138F5}
		{F85A14D5-64E0-4CFC-88DA-27FE9D0DD664} = {2B57D3AB-0A9E-4EC4-8C46-C1195EF138F5}
		{C3A270DE-9727-492E-91E2-F56E7E0E0F83} = {2B57D3AB-0A9E-4EC4-8C46-C1195EF138F5}
		{7D1B22F8-06A2-4D09-A3AD-D93A09A01815} = {2B57D3AB-0A9E-4EC4-8C46-C1195EF138F5}
		{E45A004F-FBEF-445C-9607-FBC89D6D4590} = {2B57D3AB-0A9E-4EC4-8C46-C1195EF138F5}
		{C72B898B-B53B-42D5-9F4F-673F84BB485B} = {2B57D3AB-0A9E-4EC4-8C46-C1195EF138F5}
		{3EF91DC7-12C9-47F3-BB18-AD3D85D1B624} = {2B57D3AB-0A9E-4EC4-8C46-C1195EF138F5}
		{33C271B9-0A43-408A-8C6A-B1A43ED065A7} = {2B57D3AB-0A9E-4EC4-8C46-C1195EF138F5}
		{2CC97C32-9FFA-4DA4-A6C0-83F300404EC3} = {2B57D3AB-0A9E-4EC4-8C46-C1195EF138F5}
		{3AC70E9C-5E33-44AF-8319-2E4F68DA86CB} = {2B57D3AB-0A9E-4EC4-8C46-C1195EF138F5}
		{950B9CDB-9286-4A1A-8D88-1DF6954A45E3} = {2B57D3AB-0A9E-4EC4-8C46-C1195EF138F5}
		{5937761D-D25B-4C6F-A5E8-FCBFA258BB4A} = {2B57D3AB-0A9E-4EC4-8C46-C1195EF138F5}
		{E5302713-0022-4657-85D8-9620818071DF} = {2B57D3AB-0A9E-4EC4-8C46-C1195EF138F5}
		{5B782535-C8FB-45A4-8959-FB184BA35F89} = {4E075D88-A873-489C-8B8C-8F6AF65714BC}
		{7C4533B0-F75E-4909-8EDE-5FAC022DD356} = {CFD76FBF-FB86-4825-A3A2-F8E31805EC6F}
		{E0083B67-CD2A-4503-A94A-5AF140BF4A72} = {4E075D88-A873-489C-8B8C-8F6AF65714BC}
		{8D2D7E8F-8415-424C-AF9C-967113BE5136} = {4E075D88-A873-489C-8B8C-8F6AF65714BC}
		{42681747-107B-487B-9EA2-CE46754682FD} = {AA8C85DC-ECCF-4480-8787-0A2B5D4E5B51}
		{59622778-B13C-464E-98F7-EA662653AF27} = {AA8C85DC-ECCF-4480-8787-0A2B5D4E5B51}
		{D1D12E36-D3E2-40D8-9AE4-91943585E7E5} = {AA8C85DC-ECCF-4480-8787-0A2B5D4E5B51}
		{9CCCD6FA-FAE9-40DA-987E-96A53923BA0D} = {992F4980-F540-445C-A924-EDD73CABE82C}
		{3FF07BEF-FF15-47EE-9BF2-107623976CA5} = {AA8C85DC-ECCF-4480-8787-0A2B5D4E5B51}
		{4DF63B10-6071-441E-935A-9A018707353B} = {992F4980-F540-445C-A924-EDD73CABE82C}
		{C126EA08-56E0-4AA7-85D3-1FE40FED592D} = {CA97E51D-8AFA-44FD-B6C9-177FC929010C}
		{EF497173-7743-4384-B292-EA81762D2176} = {841CDCD3-93A2-42F3-8DBD-6A18F25DB9B6}
		{F354253E-0937-472E-8EC6-34EC40FF4843} = {841CDCD3-93A2-42F3-8DBD-6A18F25DB9B6}
		{405432C9-1CC8-4431-B688-58012D7DF0CC} = {0D316D3C-B171-48F5-8F06-566E065CB0A9}
		{E4F06862-5CCD-4526-A165-CA0981EE272E} = {0D316D3C-B171-48F5-8F06-566E065CB0A9}
		{02E6DE70-C94E-4B3B-B84F-CA49EAC11CC7} = {0D316D3C-B171-48F5-8F06-566E065CB0A9}
		{2CC8AD62-352C-4A19-BB6F-2A222A437B2E} = {0D316D3C-B171-48F5-8F06-566E065CB0A9}
		{E11A2079-B89E-491A-83AD-AA08FB4C80E2} = {0D316D3C-B171-48F5-8F06-566E065CB0A9}
		{08D69BDB-B36F-4BC5-8762-A4588220921C} = {0D316D3C-B171-48F5-8F06-566E065CB0A9}
		{20BC9864-4B26-4C4F-98A4-1B3273CF7A4D} = {0D316D3C-B171-48F5-8F06-566E065CB0A9}
		{028D134F-31D2-4236-96D7-6A5E485D4645} = {0D316D3C-B171-48F5-8F06-566E065CB0A9}
		{FFF26F79-E658-426D-BDE7-375D6938F3D0} = {0D316D3C-B171-48F5-8F06-566E065CB0A9}
		{F6FFBD00-82E3-4F6E-9529-076CBE1E8341} = {C3939773-59EA-40FE-B85F-36DBE7753283}
		{EA75BC85-77E9-49AE-AEAC-D4676D4F4FAF} = {C3939773-59EA-40FE-B85F-36DBE7753283}
		{161B385A-D7C8-4798-B0DC-78BFAEEA1565} = {C3939773-59EA-40FE-B85F-36DBE7753283}
		{708A55C4-276F-4054-9EE4-2DAF95787A2F} = {C3939773-59EA-40FE-B85F-36DBE7753283}
		{1509BB3E-0C7F-4F24-A1A4-0A3C1B8B7895} = {C3939773-59EA-40FE-B85F-36DBE7753283}
		{5CC0E119-1365-4124-A18D-795E34439E3E} = {C3939773-59EA-40FE-B85F-36DBE7753283}
		{3692974E-C928-4C01-9DDE-E471B13F931A} = {C3939773-59EA-40FE-B85F-36DBE7753283}
		{BC4532C8-4C2D-44D5-AC3F-B53C9C868ADA} = {C3939773-59EA-40FE-B85F-36DBE7753283}
		{4B698FA6-EAD4-4C33-8932-E70B12012362} = {C3939773-59EA-40FE-B85F-36DBE7753283}
		{108EAA81-0D48-4AB3-92C1-B1EC636EF4D9} = {C3939773-59EA-40FE-B85F-36DBE7753283}
		{BD2E87B3-2474-46B0-A593-C60C77760720} = {C3939773-59EA-40FE-B85F-36DBE7753283}
		{ED228277-08B6-48A6-A15C-554CF5C0AD1E} = {C3939773-59EA-40FE-B85F-36DBE7753283}
		{9D29B4FA-652D-4FCC-A612-0A6F5A14657B} = {C3939773-59EA-40FE-B85F-36DBE7753283}
		{F3025E73-C718-40A2-8270-1E992CB93212} = {C3939773-59EA-40FE-B85F-36DBE7753283}
		{2A0EADDF-C8EC-4992-84CD-3B699A0DFCB8} = {C3939773-59EA-40FE-B85F-36DBE7753283}
		{48CD0A93-2377-490C-A00B-5064814CBF00} = {B6FF1DE1-2CB8-46C4-AB0D-578BE21EC68D}
		{39F3F14E-4DCC-42CB-8CBA-FE84726B9683} = {0D316D3C-B171-48F5-8F06-566E065CB0A9}
		{9FFCCCED-8FEF-4C9E-A906-FB79EED79546} = {0D316D3C-B171-48F5-8F06-566E065CB0A9}
		{FB678328-9139-405E-AC9D-2EAD41D04D7C} = {A63E3DC8-ED2A-4523-BDBA-5EC8A27AB3B6}
		{63B010FA-FB07-478F-8DF1-FDE9F829B55E} = {0D316D3C-B171-48F5-8F06-566E065CB0A9}
		{C5C63B40-51E7-4317-8FFA-008A5DEE3AD7} = {841CDCD3-93A2-42F3-8DBD-6A18F25DB9B6}
		{282BC0BF-A613-4067-B4BB-33E102DF7ED3} = {7661D310-414E-4AB7-8EC9-098C7A3D5E1E}
		{C874C3A6-2471-4F27-9DF1-B31986E2DDDD} = {7661D310-414E-4AB7-8EC9-098C7A3D5E1E}
		{0656E35F-1275-4F3A-A584-FEDA83A8EE0F} = {5FCA51EA-6C25-4F44-8FA3-EC5A95D15B51}
		{C8CAF584-A2D4-4BA9-969B-815915BF7A9A} = {5FCA51EA-6C25-4F44-8FA3-EC5A95D15B51}
		{EA1C06A1-FF7E-43F7-9515-7A6BC9BC3CCE} = {5FCA51EA-6C25-4F44-8FA3-EC5A95D15B51}
		{8EC85868-A062-494D-A913-0DAF3716059F} = {5FCA51EA-6C25-4F44-8FA3-EC5A95D15B51}
		{576F8D98-B1FD-476C-B9B3-5FACF0196539} = {5FCA51EA-6C25-4F44-8FA3-EC5A95D15B51}
		{5DDEF023-16D6-42B5-AF18-87C6275FDEBC} = {5FCA51EA-6C25-4F44-8FA3-EC5A95D15B51}
		{93E2352A-B24E-470F-A00C-39CFA97ACAE4} = {5FCA51EA-6C25-4F44-8FA3-EC5A95D15B51}
		{0A6E9BDA-FF48-4295-B911-49B22184B26A} = {5FCA51EA-6C25-4F44-8FA3-EC5A95D15B51}
		{D24C62DF-6F2B-462E-BD71-B6FFDFB810A5} = {5FCA51EA-6C25-4F44-8FA3-EC5A95D15B51}
		{0DD33AC6-4E92-4064-BA63-575A5E17CCD1} = {27DB7090-1CED-4C53-AD9D-84B2060E4DD4}
		{6DFFA39D-AE3A-4438-9089-CAA5AB7787DE} = {27DB7090-1CED-4C53-AD9D-84B2060E4DD4}
		{62B42EEE-8D2E-4E46-8E64-D5FFDB149675} = {27DB7090-1CED-4C53-AD9D-84B2060E4DD4}
		{CE8AB5F4-799F-43E7-BD85-D78E33EFEE87} = {27DB7090-1CED-4C53-AD9D-84B2060E4DD4}
		{470825CE-2891-420E-B920-2B32A6D9C671} = {27DB7090-1CED-4C53-AD9D-84B2060E4DD4}
		{1CFCC473-996D-4B3A-A067-CD9AEB5228CF} = {27DB7090-1CED-4C53-AD9D-84B2060E4DD4}
		{3705DA01-9EAF-42D9-B122-C3F8D04195E4} = {27DB7090-1CED-4C53-AD9D-84B2060E4DD4}
		{95C629C9-1CF0-45A5-A841-2D9A71901FA1} = {27DB7090-1CED-4C53-AD9D-84B2060E4DD4}
		{79DD4D4A-EE86-42B3-ACA4-A3FF478CEF5B} = {27DB7090-1CED-4C53-AD9D-84B2060E4DD4}
		{B34AAC66-BBB7-4A1C-A6CB-E37156363FB8} = {27DB7090-1CED-4C53-AD9D-84B2060E4DD4}
		{7C92E231-2221-43CE-91C8-83181B7CEA41} = {27DB7090-1CED-4C53-AD9D-84B2060E4DD4}
		{DA4E702C-DD7A-435A-B55E-DFE1206D4CDB} = {27DB7090-1CED-4C53-AD9D-84B2060E4DD4}
		{3B2B1C5F-8E65-4985-AC14-2973E07C6A56} = {27DB7090-1CED-4C53-AD9D-84B2060E4DD4}
		{84D7DCB0-D0EF-4751-ADBB-1F65CCE483A2} = {27DB7090-1CED-4C53-AD9D-84B2060E4DD4}
		{6D1CEFE4-19FD-45C7-BEE0-81A01F444A6B} = {27DB7090-1CED-4C53-AD9D-84B2060E4DD4}
		{15F69EEC-2E09-4FF7-8EE1-D7C80804524C} = {7094586C-C138-45A3-B22C-D2538BBC4C1F}
		{132B0FDB-8BE6-4028-8CC8-A691110D6B6F} = {5FCA51EA-6C25-4F44-8FA3-EC5A95D15B51}
		{E6E09401-A51C-41DA-8450-1B446C34667F} = {5FCA51EA-6C25-4F44-8FA3-EC5A95D15B51}
		{9281B69A-DBBE-4013-B51D-5244D9BB4C75} = {CD64926D-D5D9-484A-965A-337854188C46}
		{F3D1C0F2-1EDF-4191-BB33-912EA0DEC2A1} = {5FCA51EA-6C25-4F44-8FA3-EC5A95D15B51}
		{59FBE7B6-830B-4387-8EB6-B1681572D116} = {7661D310-414E-4AB7-8EC9-098C7A3D5E1E}
		{6447B72B-D73B-47EC-A08D-EB8D947F6878} = {63118015-BBA1-4563-A8F1-13C38DBA1E76}
		{613ADF25-EFFA-4082-ACA6-98158A242298} = {63118015-BBA1-4563-A8F1-13C38DBA1E76}
		{99D9DD5B-53E0-4698-83FA-5C2DA885AC0F} = {ECB1229A-AACE-4C53-B23E-CA37FA44E2CD}
		{D1A8823B-7F35-4531-96A8-08D0FABEE73B} = {ECB1229A-AACE-4C53-B23E-CA37FA44E2CD}
		{FE18E143-9DCA-4D2C-9810-F53ACCC903D1} = {ECB1229A-AACE-4C53-B23E-CA37FA44E2CD}
		{6C7D4F9C-B0B2-47FC-8D59-B596D279539F} = {ECB1229A-AACE-4C53-B23E-CA37FA44E2CD}
		{87EFB80F-7023-4390-8C54-684719161EF9} = {ECB1229A-AACE-4C53-B23E-CA37FA44E2CD}
		{CFA533A1-4E1B-436F-BAED-F74F588234CC} = {ECB1229A-AACE-4C53-B23E-CA37FA44E2CD}
		{80B37F1E-837B-469F-B05A-6DE029FB4035} = {ECB1229A-AACE-4C53-B23E-CA37FA44E2CD}
		{D19DF781-A55F-4F96-8D1E-DADCD144801E} = {ECB1229A-AACE-4C53-B23E-CA37FA44E2CD}
		{3A543018-F489-4D25-8BBA-D55ABF4CE0F3} = {ECB1229A-AACE-4C53-B23E-CA37FA44E2CD}
		{BB02059B-D80F-45EF-8EEE-897A23B81951} = {30DC0685-87D4-4839-83F0-0AE12D33161C}
		{D6E0FE90-ABA2-4437-B2B5-48C101861B1E} = {30DC0685-87D4-4839-83F0-0AE12D33161C}
		{213B8BFA-CB30-427F-8668-12EC6868B3CB} = {30DC0685-87D4-4839-83F0-0AE12D33161C}
		{E0ACC7CA-574C-4522-A9B2-7173C97F0FFA} = {30DC0685-87D4-4839-83F0-0AE12D33161C}
		{D82F0190-3EDD-4145-BA97-AF3296D275F8} = {30DC0685-87D4-4839-83F0-0AE12D33161C}
		{DE61E32C-38D0-46A9-9631-5F979F93AF98} = {30DC0685-87D4-4839-83F0-0AE12D33161C}
		{FABF64D6-EF22-4986-BDBC-55D0BF07979E} = {30DC0685-87D4-4839-83F0-0AE12D33161C}
		{C2268A27-905F-43F4-B85D-CBB7E2E297BD} = {30DC0685-87D4-4839-83F0-0AE12D33161C}
		{5848CBB0-9E64-45D7-8F91-AE7CDF2EE3F5} = {30DC0685-87D4-4839-83F0-0AE12D33161C}
		{12AC86BB-A7D3-4FD0-B2C1-8DA72FF622AA} = {30DC0685-87D4-4839-83F0-0AE12D33161C}
		{22D14D84-71B8-46E6-A873-04436E6CCC9F} = {30DC0685-87D4-4839-83F0-0AE12D33161C}
		{BE4699C9-F32D-4F88-9D25-6AA09E6D0B2B} = {30DC0685-87D4-4839-83F0-0AE12D33161C}
		{4EFEAF78-B7E0-4516-A8D6-4A055E2B6010} = {30DC0685-87D4-4839-83F0-0AE12D33161C}
		{76E4C201-DDC1-4F96-A718-598F76B9DA86} = {30DC0685-87D4-4839-83F0-0AE12D33161C}
		{36712ACB-356C-45CC-9437-FEE201F06DC0} = {30DC0685-87D4-4839-83F0-0AE12D33161C}
		{E8F68E5D-FE18-4B1B-AF2C-D94C8492E0D0} = {53D840D4-988D-4712-9813-17B0B9050AA4}
		{189FC0EF-6A29-41C4-B216-F40A5720B3BE} = {ECB1229A-AACE-4C53-B23E-CA37FA44E2CD}
		{276AB378-BAA1-4181-AF49-A0B9FBF32779} = {ECB1229A-AACE-4C53-B23E-CA37FA44E2CD}
		{E85E847D-1208-4450-8A25-BF3529A2701F} = {C50920AB-C700-4C6F-A895-230CA8D9435D}
		{61516EAE-03EC-409E-A3B0-6FA9086F1000} = {ECB1229A-AACE-4C53-B23E-CA37FA44E2CD}
		{16137986-53D3-4CDA-84AA-88944D59EF43} = {63118015-BBA1-4563-A8F1-13C38DBA1E76}
    EndGlobalSection
EndGlobal
